
Microsoft Visual Studio Solution File, Format Version 12.00
# Visual Studio 2013
VisualStudioVersion = 12.0.30723.0
MinimumVisualStudioVersion = 10.0.40219.1
Project("{FAE04EC0-301F-11D3-BF4B-00C04F79EFBC}") = "ThreeDeeRotationDemo", "ThreeDeeRotationDemo\ThreeDeeRotationDemo\ThreeDeeRotationDemo.csproj", "{FA2A381D-745D-43D2-936A-1815D39505F3}"
EndProject
Project("{FAE04EC0-301F-11D3-BF4B-00C04F79EFBC}") = "ThreeDeeRotationDemo.iOS", "ThreeDeeRotationDemo\ThreeDeeRotationDemo.iOS\ThreeDeeRotationDemo.iOS.csproj", "{D96B4A33-0ECB-4A15-A84F-B7945B6B80CF}"
EndProject
Project("{FAE04EC0-301F-11D3-BF4B-00C04F79EFBC}") = "ThreeDeeRotationDemo.Droid", "ThreeDeeRotationDemo\ThreeDeeRotationDemo.Droid\ThreeDeeRotationDemo.Droid.csproj", "{9FBA0B27-F475-4C23-A75E-3374B06DB01C}"
EndProject
Project("{FAE04EC0-301F-11D3-BF4B-00C04F79EFBC}") = "ThreeDeeRotationDemo.WinPhone", "ThreeDeeRotationDemo\ThreeDeeRotationDemo.WinPhone\ThreeDeeRotationDemo.WinPhone.csproj", "{EF85EE8C-52E9-4E50-BFD9-9C4FC9344DDF}"
EndProject
Project("{FAE04EC0-301F-11D3-BF4B-00C04F79EFBC}") = "ThreeDeeRotationDemo.WinApp", "ThreeDeeRotationDemo\ThreeDeeRotationDemo.WinApp\ThreeDeeRotationDemo.WinApp.csproj", "{2EC7B67B-828E-49AA-8F15-23EBC6BAE456}"
EndProject
Project("{FAE04EC0-301F-11D3-BF4B-00C04F79EFBC}") = "ThreeDeeRotationDemo.WinPhone81", "ThreeDeeRotationDemo\ThreeDeeRotationDemo.WinPhone81\ThreeDeeRotationDemo.WinPhone81.csproj", "{9D8BD62C-32BA-431F-8C2E-A46E8AD07BE6}"
EndProject
Global
	GlobalSection(SolutionConfigurationPlatforms) = preSolution
		Ad-Hoc|Any CPU = Ad-Hoc|Any CPU
		Ad-Hoc|ARM = Ad-Hoc|ARM
		Ad-Hoc|iPhone = Ad-Hoc|iPhone
		Ad-Hoc|iPhoneSimulator = Ad-Hoc|iPhoneSimulator
		Ad-Hoc|Mixed Platforms = Ad-Hoc|Mixed Platforms
		Ad-Hoc|x64 = Ad-Hoc|x64
		Ad-Hoc|x86 = Ad-Hoc|x86
		AppStore|Any CPU = AppStore|Any CPU
		AppStore|ARM = AppStore|ARM
		AppStore|iPhone = AppStore|iPhone
		AppStore|iPhoneSimulator = AppStore|iPhoneSimulator
		AppStore|Mixed Platforms = AppStore|Mixed Platforms
		AppStore|x64 = AppStore|x64
		AppStore|x86 = AppStore|x86
		Debug|Any CPU = Debug|Any CPU
		Debug|ARM = Debug|ARM
		Debug|iPhone = Debug|iPhone
		Debug|iPhoneSimulator = Debug|iPhoneSimulator
		Debug|Mixed Platforms = Debug|Mixed Platforms
		Debug|x64 = Debug|x64
		Debug|x86 = Debug|x86
		Release|Any CPU = Release|Any CPU
		Release|ARM = Release|ARM
		Release|iPhone = Release|iPhone
		Release|iPhoneSimulator = Release|iPhoneSimulator
		Release|Mixed Platforms = Release|Mixed Platforms
		Release|x64 = Release|x64
		Release|x86 = Release|x86
	EndGlobalSection
	GlobalSection(ProjectConfigurationPlatforms) = postSolution
		{FA2A381D-745D-43D2-936A-1815D39505F3}.Ad-Hoc|Any CPU.ActiveCfg = Release|Any CPU
		{FA2A381D-745D-43D2-936A-1815D39505F3}.Ad-Hoc|Any CPU.Build.0 = Release|Any CPU
		{FA2A381D-745D-43D2-936A-1815D39505F3}.Ad-Hoc|ARM.ActiveCfg = Release|Any CPU
		{FA2A381D-745D-43D2-936A-1815D39505F3}.Ad-Hoc|iPhone.ActiveCfg = Release|Any CPU
		{FA2A381D-745D-43D2-936A-1815D39505F3}.Ad-Hoc|iPhoneSimulator.ActiveCfg = Release|Any CPU
		{FA2A381D-745D-43D2-936A-1815D39505F3}.Ad-Hoc|Mixed Platforms.ActiveCfg = Release|Any CPU
		{FA2A381D-745D-43D2-936A-1815D39505F3}.Ad-Hoc|Mixed Platforms.Build.0 = Release|Any CPU
		{FA2A381D-745D-43D2-936A-1815D39505F3}.Ad-Hoc|x64.ActiveCfg = Debug|Any CPU
		{FA2A381D-745D-43D2-936A-1815D39505F3}.Ad-Hoc|x86.ActiveCfg = Release|Any CPU
		{FA2A381D-745D-43D2-936A-1815D39505F3}.AppStore|Any CPU.ActiveCfg = Release|Any CPU
		{FA2A381D-745D-43D2-936A-1815D39505F3}.AppStore|Any CPU.Build.0 = Release|Any CPU
		{FA2A381D-745D-43D2-936A-1815D39505F3}.AppStore|ARM.ActiveCfg = Release|Any CPU
		{FA2A381D-745D-43D2-936A-1815D39505F3}.AppStore|iPhone.ActiveCfg = Release|Any CPU
		{FA2A381D-745D-43D2-936A-1815D39505F3}.AppStore|iPhoneSimulator.ActiveCfg = Release|Any CPU
		{FA2A381D-745D-43D2-936A-1815D39505F3}.AppStore|Mixed Platforms.ActiveCfg = Release|Any CPU
		{FA2A381D-745D-43D2-936A-1815D39505F3}.AppStore|Mixed Platforms.Build.0 = Release|Any CPU
		{FA2A381D-745D-43D2-936A-1815D39505F3}.AppStore|x64.ActiveCfg = Debug|Any CPU
		{FA2A381D-745D-43D2-936A-1815D39505F3}.AppStore|x86.ActiveCfg = Release|Any CPU
		{FA2A381D-745D-43D2-936A-1815D39505F3}.Debug|Any CPU.ActiveCfg = Debug|Any CPU
		{FA2A381D-745D-43D2-936A-1815D39505F3}.Debug|Any CPU.Build.0 = Debug|Any CPU
		{FA2A381D-745D-43D2-936A-1815D39505F3}.Debug|ARM.ActiveCfg = Debug|Any CPU
		{FA2A381D-745D-43D2-936A-1815D39505F3}.Debug|iPhone.ActiveCfg = Debug|Any CPU
		{FA2A381D-745D-43D2-936A-1815D39505F3}.Debug|iPhone.Build.0 = Debug|Any CPU
		{FA2A381D-745D-43D2-936A-1815D39505F3}.Debug|iPhoneSimulator.ActiveCfg = Debug|Any CPU
		{FA2A381D-745D-43D2-936A-1815D39505F3}.Debug|iPhoneSimulator.Build.0 = Debug|Any CPU
		{FA2A381D-745D-43D2-936A-1815D39505F3}.Debug|Mixed Platforms.ActiveCfg = Debug|Any CPU
		{FA2A381D-745D-43D2-936A-1815D39505F3}.Debug|Mixed Platforms.Build.0 = Debug|Any CPU
		{FA2A381D-745D-43D2-936A-1815D39505F3}.Debug|x64.ActiveCfg = Debug|Any CPU
		{FA2A381D-745D-43D2-936A-1815D39505F3}.Debug|x86.ActiveCfg = Debug|Any CPU
		{FA2A381D-745D-43D2-936A-1815D39505F3}.Release|Any CPU.ActiveCfg = Release|Any CPU
		{FA2A381D-745D-43D2-936A-1815D39505F3}.Release|Any CPU.Build.0 = Release|Any CPU
		{FA2A381D-745D-43D2-936A-1815D39505F3}.Release|ARM.ActiveCfg = Release|Any CPU
		{FA2A381D-745D-43D2-936A-1815D39505F3}.Release|iPhone.ActiveCfg = Release|Any CPU
		{FA2A381D-745D-43D2-936A-1815D39505F3}.Release|iPhone.Build.0 = Release|Any CPU
		{FA2A381D-745D-43D2-936A-1815D39505F3}.Release|iPhoneSimulator.ActiveCfg = Release|Any CPU
		{FA2A381D-745D-43D2-936A-1815D39505F3}.Release|iPhoneSimulator.Build.0 = Release|Any CPU
		{FA2A381D-745D-43D2-936A-1815D39505F3}.Release|Mixed Platforms.ActiveCfg = Release|Any CPU
		{FA2A381D-745D-43D2-936A-1815D39505F3}.Release|Mixed Platforms.Build.0 = Release|Any CPU
		{FA2A381D-745D-43D2-936A-1815D39505F3}.Release|x64.ActiveCfg = Release|Any CPU
		{FA2A381D-745D-43D2-936A-1815D39505F3}.Release|x86.ActiveCfg = Release|Any CPU
		{D96B4A33-0ECB-4A15-A84F-B7945B6B80CF}.Ad-Hoc|Any CPU.ActiveCfg = Ad-Hoc|iPhone
		{D96B4A33-0ECB-4A15-A84F-B7945B6B80CF}.Ad-Hoc|ARM.ActiveCfg = Ad-Hoc|iPhone
		{D96B4A33-0ECB-4A15-A84F-B7945B6B80CF}.Ad-Hoc|iPhone.ActiveCfg = Ad-Hoc|iPhone
		{D96B4A33-0ECB-4A15-A84F-B7945B6B80CF}.Ad-Hoc|iPhone.Build.0 = Ad-Hoc|iPhone
		{D96B4A33-0ECB-4A15-A84F-B7945B6B80CF}.Ad-Hoc|iPhoneSimulator.ActiveCfg = Ad-Hoc|iPhoneSimulator
		{D96B4A33-0ECB-4A15-A84F-B7945B6B80CF}.Ad-Hoc|iPhoneSimulator.Build.0 = Ad-Hoc|iPhoneSimulator
		{D96B4A33-0ECB-4A15-A84F-B7945B6B80CF}.Ad-Hoc|Mixed Platforms.ActiveCfg = Ad-Hoc|iPhone
		{D96B4A33-0ECB-4A15-A84F-B7945B6B80CF}.Ad-Hoc|Mixed Platforms.Build.0 = Ad-Hoc|iPhone
		{D96B4A33-0ECB-4A15-A84F-B7945B6B80CF}.Ad-Hoc|x64.ActiveCfg = Ad-Hoc|iPhoneSimulator
		{D96B4A33-0ECB-4A15-A84F-B7945B6B80CF}.Ad-Hoc|x86.ActiveCfg = Ad-Hoc|iPhone
		{D96B4A33-0ECB-4A15-A84F-B7945B6B80CF}.AppStore|Any CPU.ActiveCfg = AppStore|iPhone
		{D96B4A33-0ECB-4A15-A84F-B7945B6B80CF}.AppStore|ARM.ActiveCfg = AppStore|iPhone
		{D96B4A33-0ECB-4A15-A84F-B7945B6B80CF}.AppStore|iPhone.ActiveCfg = AppStore|iPhone
		{D96B4A33-0ECB-4A15-A84F-B7945B6B80CF}.AppStore|iPhone.Build.0 = AppStore|iPhone
		{D96B4A33-0ECB-4A15-A84F-B7945B6B80CF}.AppStore|iPhoneSimulator.ActiveCfg = AppStore|iPhoneSimulator
		{D96B4A33-0ECB-4A15-A84F-B7945B6B80CF}.AppStore|iPhoneSimulator.Build.0 = AppStore|iPhoneSimulator
		{D96B4A33-0ECB-4A15-A84F-B7945B6B80CF}.AppStore|Mixed Platforms.ActiveCfg = AppStore|iPhone
		{D96B4A33-0ECB-4A15-A84F-B7945B6B80CF}.AppStore|Mixed Platforms.Build.0 = AppStore|iPhone
		{D96B4A33-0ECB-4A15-A84F-B7945B6B80CF}.AppStore|x64.ActiveCfg = AppStore|iPhoneSimulator
		{D96B4A33-0ECB-4A15-A84F-B7945B6B80CF}.AppStore|x86.ActiveCfg = AppStore|iPhone
		{D96B4A33-0ECB-4A15-A84F-B7945B6B80CF}.Debug|Any CPU.ActiveCfg = Debug|iPhone
		{D96B4A33-0ECB-4A15-A84F-B7945B6B80CF}.Debug|ARM.ActiveCfg = Debug|iPhone
		{D96B4A33-0ECB-4A15-A84F-B7945B6B80CF}.Debug|iPhone.ActiveCfg = Debug|iPhone
		{D96B4A33-0ECB-4A15-A84F-B7945B6B80CF}.Debug|iPhone.Build.0 = Debug|iPhone
		{D96B4A33-0ECB-4A15-A84F-B7945B6B80CF}.Debug|iPhoneSimulator.ActiveCfg = Debug|iPhoneSimulator
		{D96B4A33-0ECB-4A15-A84F-B7945B6B80CF}.Debug|iPhoneSimulator.Build.0 = Debug|iPhoneSimulator
		{D96B4A33-0ECB-4A15-A84F-B7945B6B80CF}.Debug|Mixed Platforms.ActiveCfg = Debug|iPhone
		{D96B4A33-0ECB-4A15-A84F-B7945B6B80CF}.Debug|Mixed Platforms.Build.0 = Debug|iPhone
		{D96B4A33-0ECB-4A15-A84F-B7945B6B80CF}.Debug|x64.ActiveCfg = Debug|iPhoneSimulator
		{D96B4A33-0ECB-4A15-A84F-B7945B6B80CF}.Debug|x86.ActiveCfg = Debug|iPhone
		{D96B4A33-0ECB-4A15-A84F-B7945B6B80CF}.Release|Any CPU.ActiveCfg = Release|iPhone
		{D96B4A33-0ECB-4A15-A84F-B7945B6B80CF}.Release|ARM.ActiveCfg = Release|iPhone
		{D96B4A33-0ECB-4A15-A84F-B7945B6B80CF}.Release|iPhone.ActiveCfg = Release|iPhone
		{D96B4A33-0ECB-4A15-A84F-B7945B6B80CF}.Release|iPhone.Build.0 = Release|iPhone
		{D96B4A33-0ECB-4A15-A84F-B7945B6B80CF}.Release|iPhoneSimulator.ActiveCfg = Release|iPhoneSimulator
		{D96B4A33-0ECB-4A15-A84F-B7945B6B80CF}.Release|iPhoneSimulator.Build.0 = Release|iPhoneSimulator
		{D96B4A33-0ECB-4A15-A84F-B7945B6B80CF}.Release|Mixed Platforms.ActiveCfg = Release|iPhone
		{D96B4A33-0ECB-4A15-A84F-B7945B6B80CF}.Release|Mixed Platforms.Build.0 = Release|iPhone
		{D96B4A33-0ECB-4A15-A84F-B7945B6B80CF}.Release|x64.ActiveCfg = Release|iPhoneSimulator
		{D96B4A33-0ECB-4A15-A84F-B7945B6B80CF}.Release|x86.ActiveCfg = Release|iPhone
		{9FBA0B27-F475-4C23-A75E-3374B06DB01C}.Ad-Hoc|Any CPU.ActiveCfg = Release|Any CPU
		{9FBA0B27-F475-4C23-A75E-3374B06DB01C}.Ad-Hoc|Any CPU.Build.0 = Release|Any CPU
		{9FBA0B27-F475-4C23-A75E-3374B06DB01C}.Ad-Hoc|Any CPU.Deploy.0 = Release|Any CPU
		{9FBA0B27-F475-4C23-A75E-3374B06DB01C}.Ad-Hoc|ARM.ActiveCfg = Release|Any CPU
		{9FBA0B27-F475-4C23-A75E-3374B06DB01C}.Ad-Hoc|iPhone.ActiveCfg = Release|Any CPU
		{9FBA0B27-F475-4C23-A75E-3374B06DB01C}.Ad-Hoc|iPhoneSimulator.ActiveCfg = Release|Any CPU
		{9FBA0B27-F475-4C23-A75E-3374B06DB01C}.Ad-Hoc|Mixed Platforms.ActiveCfg = Release|Any CPU
		{9FBA0B27-F475-4C23-A75E-3374B06DB01C}.Ad-Hoc|Mixed Platforms.Build.0 = Release|Any CPU
		{9FBA0B27-F475-4C23-A75E-3374B06DB01C}.Ad-Hoc|Mixed Platforms.Deploy.0 = Release|Any CPU
		{9FBA0B27-F475-4C23-A75E-3374B06DB01C}.Ad-Hoc|x64.ActiveCfg = Debug|Any CPU
		{9FBA0B27-F475-4C23-A75E-3374B06DB01C}.Ad-Hoc|x86.ActiveCfg = Release|Any CPU
		{9FBA0B27-F475-4C23-A75E-3374B06DB01C}.AppStore|Any CPU.ActiveCfg = Release|Any CPU
		{9FBA0B27-F475-4C23-A75E-3374B06DB01C}.AppStore|Any CPU.Build.0 = Release|Any CPU
		{9FBA0B27-F475-4C23-A75E-3374B06DB01C}.AppStore|Any CPU.Deploy.0 = Release|Any CPU
		{9FBA0B27-F475-4C23-A75E-3374B06DB01C}.AppStore|ARM.ActiveCfg = Release|Any CPU
		{9FBA0B27-F475-4C23-A75E-3374B06DB01C}.AppStore|iPhone.ActiveCfg = Release|Any CPU
		{9FBA0B27-F475-4C23-A75E-3374B06DB01C}.AppStore|iPhoneSimulator.ActiveCfg = Release|Any CPU
		{9FBA0B27-F475-4C23-A75E-3374B06DB01C}.AppStore|Mixed Platforms.ActiveCfg = Release|Any CPU
		{9FBA0B27-F475-4C23-A75E-3374B06DB01C}.AppStore|Mixed Platforms.Build.0 = Release|Any CPU
		{9FBA0B27-F475-4C23-A75E-3374B06DB01C}.AppStore|Mixed Platforms.Deploy.0 = Release|Any CPU
		{9FBA0B27-F475-4C23-A75E-3374B06DB01C}.AppStore|x64.ActiveCfg = Debug|Any CPU
		{9FBA0B27-F475-4C23-A75E-3374B06DB01C}.AppStore|x86.ActiveCfg = Release|Any CPU
		{9FBA0B27-F475-4C23-A75E-3374B06DB01C}.Debug|Any CPU.ActiveCfg = Debug|Any CPU
		{9FBA0B27-F475-4C23-A75E-3374B06DB01C}.Debug|Any CPU.Build.0 = Debug|Any CPU
		{9FBA0B27-F475-4C23-A75E-3374B06DB01C}.Debug|Any CPU.Deploy.0 = Debug|Any CPU
		{9FBA0B27-F475-4C23-A75E-3374B06DB01C}.Debug|ARM.ActiveCfg = Debug|Any CPU
		{9FBA0B27-F475-4C23-A75E-3374B06DB01C}.Debug|iPhone.ActiveCfg = Debug|Any CPU
		{9FBA0B27-F475-4C23-A75E-3374B06DB01C}.Debug|iPhoneSimulator.ActiveCfg = Debug|Any CPU
		{9FBA0B27-F475-4C23-A75E-3374B06DB01C}.Debug|Mixed Platforms.ActiveCfg = Debug|Any CPU
		{9FBA0B27-F475-4C23-A75E-3374B06DB01C}.Debug|Mixed Platforms.Build.0 = Debug|Any CPU
		{9FBA0B27-F475-4C23-A75E-3374B06DB01C}.Debug|Mixed Platforms.Deploy.0 = Debug|Any CPU
		{9FBA0B27-F475-4C23-A75E-3374B06DB01C}.Debug|x64.ActiveCfg = Debug|Any CPU
		{9FBA0B27-F475-4C23-A75E-3374B06DB01C}.Debug|x86.ActiveCfg = Debug|Any CPU
		{9FBA0B27-F475-4C23-A75E-3374B06DB01C}.Release|Any CPU.ActiveCfg = Release|Any CPU
		{9FBA0B27-F475-4C23-A75E-3374B06DB01C}.Release|Any CPU.Build.0 = Release|Any CPU
		{9FBA0B27-F475-4C23-A75E-3374B06DB01C}.Release|Any CPU.Deploy.0 = Release|Any CPU
		{9FBA0B27-F475-4C23-A75E-3374B06DB01C}.Release|ARM.ActiveCfg = Release|Any CPU
		{9FBA0B27-F475-4C23-A75E-3374B06DB01C}.Release|iPhone.ActiveCfg = Release|Any CPU
		{9FBA0B27-F475-4C23-A75E-3374B06DB01C}.Release|iPhoneSimulator.ActiveCfg = Release|Any CPU
		{9FBA0B27-F475-4C23-A75E-3374B06DB01C}.Release|Mixed Platforms.ActiveCfg = Release|Any CPU
		{9FBA0B27-F475-4C23-A75E-3374B06DB01C}.Release|Mixed Platforms.Build.0 = Release|Any CPU
		{9FBA0B27-F475-4C23-A75E-3374B06DB01C}.Release|Mixed Platforms.Deploy.0 = Release|Any CPU
		{9FBA0B27-F475-4C23-A75E-3374B06DB01C}.Release|x64.ActiveCfg = Release|Any CPU
		{9FBA0B27-F475-4C23-A75E-3374B06DB01C}.Release|x86.ActiveCfg = Release|Any CPU
		{EF85EE8C-52E9-4E50-BFD9-9C4FC9344DDF}.Ad-Hoc|Any CPU.ActiveCfg = Release|Any CPU
		{EF85EE8C-52E9-4E50-BFD9-9C4FC9344DDF}.Ad-Hoc|Any CPU.Build.0 = Release|Any CPU
		{EF85EE8C-52E9-4E50-BFD9-9C4FC9344DDF}.Ad-Hoc|Any CPU.Deploy.0 = Release|Any CPU
		{EF85EE8C-52E9-4E50-BFD9-9C4FC9344DDF}.Ad-Hoc|ARM.ActiveCfg = Release|ARM
		{EF85EE8C-52E9-4E50-BFD9-9C4FC9344DDF}.Ad-Hoc|ARM.Build.0 = Release|ARM
		{EF85EE8C-52E9-4E50-BFD9-9C4FC9344DDF}.Ad-Hoc|ARM.Deploy.0 = Release|ARM
		{EF85EE8C-52E9-4E50-BFD9-9C4FC9344DDF}.Ad-Hoc|iPhone.ActiveCfg = Release|Any CPU
		{EF85EE8C-52E9-4E50-BFD9-9C4FC9344DDF}.Ad-Hoc|iPhoneSimulator.ActiveCfg = Release|Any CPU
		{EF85EE8C-52E9-4E50-BFD9-9C4FC9344DDF}.Ad-Hoc|Mixed Platforms.ActiveCfg = Release|x86
		{EF85EE8C-52E9-4E50-BFD9-9C4FC9344DDF}.Ad-Hoc|Mixed Platforms.Build.0 = Release|x86
		{EF85EE8C-52E9-4E50-BFD9-9C4FC9344DDF}.Ad-Hoc|Mixed Platforms.Deploy.0 = Release|x86
		{EF85EE8C-52E9-4E50-BFD9-9C4FC9344DDF}.Ad-Hoc|x64.ActiveCfg = Debug|Any CPU
		{EF85EE8C-52E9-4E50-BFD9-9C4FC9344DDF}.Ad-Hoc|x86.ActiveCfg = Release|x86
		{EF85EE8C-52E9-4E50-BFD9-9C4FC9344DDF}.Ad-Hoc|x86.Build.0 = Release|x86
		{EF85EE8C-52E9-4E50-BFD9-9C4FC9344DDF}.Ad-Hoc|x86.Deploy.0 = Release|x86
		{EF85EE8C-52E9-4E50-BFD9-9C4FC9344DDF}.AppStore|Any CPU.ActiveCfg = Release|Any CPU
		{EF85EE8C-52E9-4E50-BFD9-9C4FC9344DDF}.AppStore|Any CPU.Build.0 = Release|Any CPU
		{EF85EE8C-52E9-4E50-BFD9-9C4FC9344DDF}.AppStore|Any CPU.Deploy.0 = Release|Any CPU
		{EF85EE8C-52E9-4E50-BFD9-9C4FC9344DDF}.AppStore|ARM.ActiveCfg = Release|ARM
		{EF85EE8C-52E9-4E50-BFD9-9C4FC9344DDF}.AppStore|ARM.Build.0 = Release|ARM
		{EF85EE8C-52E9-4E50-BFD9-9C4FC9344DDF}.AppStore|ARM.Deploy.0 = Release|ARM
		{EF85EE8C-52E9-4E50-BFD9-9C4FC9344DDF}.AppStore|iPhone.ActiveCfg = Release|Any CPU
		{EF85EE8C-52E9-4E50-BFD9-9C4FC9344DDF}.AppStore|iPhoneSimulator.ActiveCfg = Release|Any CPU
		{EF85EE8C-52E9-4E50-BFD9-9C4FC9344DDF}.AppStore|Mixed Platforms.ActiveCfg = Release|x86
		{EF85EE8C-52E9-4E50-BFD9-9C4FC9344DDF}.AppStore|Mixed Platforms.Build.0 = Release|x86
		{EF85EE8C-52E9-4E50-BFD9-9C4FC9344DDF}.AppStore|Mixed Platforms.Deploy.0 = Release|x86
		{EF85EE8C-52E9-4E50-BFD9-9C4FC9344DDF}.AppStore|x64.ActiveCfg = Debug|Any CPU
		{EF85EE8C-52E9-4E50-BFD9-9C4FC9344DDF}.AppStore|x86.ActiveCfg = Release|x86
		{EF85EE8C-52E9-4E50-BFD9-9C4FC9344DDF}.AppStore|x86.Build.0 = Release|x86
		{EF85EE8C-52E9-4E50-BFD9-9C4FC9344DDF}.AppStore|x86.Deploy.0 = Release|x86
		{EF85EE8C-52E9-4E50-BFD9-9C4FC9344DDF}.Debug|Any CPU.ActiveCfg = Debug|Any CPU
		{EF85EE8C-52E9-4E50-BFD9-9C4FC9344DDF}.Debug|Any CPU.Build.0 = Debug|Any CPU
		{EF85EE8C-52E9-4E50-BFD9-9C4FC9344DDF}.Debug|Any CPU.Deploy.0 = Debug|Any CPU
		{EF85EE8C-52E9-4E50-BFD9-9C4FC9344DDF}.Debug|ARM.ActiveCfg = Debug|ARM
		{EF85EE8C-52E9-4E50-BFD9-9C4FC9344DDF}.Debug|ARM.Build.0 = Debug|ARM
		{EF85EE8C-52E9-4E50-BFD9-9C4FC9344DDF}.Debug|ARM.Deploy.0 = Debug|ARM
		{EF85EE8C-52E9-4E50-BFD9-9C4FC9344DDF}.Debug|iPhone.ActiveCfg = Debug|Any CPU
		{EF85EE8C-52E9-4E50-BFD9-9C4FC9344DDF}.Debug|iPhoneSimulator.ActiveCfg = Debug|Any CPU
		{EF85EE8C-52E9-4E50-BFD9-9C4FC9344DDF}.Debug|Mixed Platforms.ActiveCfg = Debug|x86
		{EF85EE8C-52E9-4E50-BFD9-9C4FC9344DDF}.Debug|Mixed Platforms.Build.0 = Debug|x86
		{EF85EE8C-52E9-4E50-BFD9-9C4FC9344DDF}.Debug|Mixed Platforms.Deploy.0 = Debug|x86
		{EF85EE8C-52E9-4E50-BFD9-9C4FC9344DDF}.Debug|x64.ActiveCfg = Debug|Any CPU
		{EF85EE8C-52E9-4E50-BFD9-9C4FC9344DDF}.Debug|x86.ActiveCfg = Debug|x86
		{EF85EE8C-52E9-4E50-BFD9-9C4FC9344DDF}.Debug|x86.Build.0 = Debug|x86
		{EF85EE8C-52E9-4E50-BFD9-9C4FC9344DDF}.Debug|x86.Deploy.0 = Debug|x86
		{EF85EE8C-52E9-4E50-BFD9-9C4FC9344DDF}.Release|Any CPU.ActiveCfg = Release|Any CPU
		{EF85EE8C-52E9-4E50-BFD9-9C4FC9344DDF}.Release|Any CPU.Build.0 = Release|Any CPU
		{EF85EE8C-52E9-4E50-BFD9-9C4FC9344DDF}.Release|Any CPU.Deploy.0 = Release|Any CPU
		{EF85EE8C-52E9-4E50-BFD9-9C4FC9344DDF}.Release|ARM.ActiveCfg = Release|ARM
		{EF85EE8C-52E9-4E50-BFD9-9C4FC9344DDF}.Release|ARM.Build.0 = Release|ARM
		{EF85EE8C-52E9-4E50-BFD9-9C4FC9344DDF}.Release|ARM.Deploy.0 = Release|ARM
		{EF85EE8C-52E9-4E50-BFD9-9C4FC9344DDF}.Release|iPhone.ActiveCfg = Release|Any CPU
		{EF85EE8C-52E9-4E50-BFD9-9C4FC9344DDF}.Release|iPhoneSimulator.ActiveCfg = Release|Any CPU
		{EF85EE8C-52E9-4E50-BFD9-9C4FC9344DDF}.Release|Mixed Platforms.ActiveCfg = Release|x86
		{EF85EE8C-52E9-4E50-BFD9-9C4FC9344DDF}.Release|Mixed Platforms.Build.0 = Release|x86
		{EF85EE8C-52E9-4E50-BFD9-9C4FC9344DDF}.Release|Mixed Platforms.Deploy.0 = Release|x86
		{EF85EE8C-52E9-4E50-BFD9-9C4FC9344DDF}.Release|x64.ActiveCfg = Release|Any CPU
		{EF85EE8C-52E9-4E50-BFD9-9C4FC9344DDF}.Release|x86.ActiveCfg = Release|x86
		{EF85EE8C-52E9-4E50-BFD9-9C4FC9344DDF}.Release|x86.Build.0 = Release|x86
		{EF85EE8C-52E9-4E50-BFD9-9C4FC9344DDF}.Release|x86.Deploy.0 = Release|x86
		{2EC7B67B-828E-49AA-8F15-23EBC6BAE456}.Ad-Hoc|Any CPU.ActiveCfg = Release|Any CPU
		{2EC7B67B-828E-49AA-8F15-23EBC6BAE456}.Ad-Hoc|Any CPU.Build.0 = Release|Any CPU
		{2EC7B67B-828E-49AA-8F15-23EBC6BAE456}.Ad-Hoc|Any CPU.Deploy.0 = Release|Any CPU
		{2EC7B67B-828E-49AA-8F15-23EBC6BAE456}.Ad-Hoc|ARM.ActiveCfg = Release|ARM
		{2EC7B67B-828E-49AA-8F15-23EBC6BAE456}.Ad-Hoc|ARM.Build.0 = Release|ARM
		{2EC7B67B-828E-49AA-8F15-23EBC6BAE456}.Ad-Hoc|ARM.Deploy.0 = Release|ARM
		{2EC7B67B-828E-49AA-8F15-23EBC6BAE456}.Ad-Hoc|iPhone.ActiveCfg = Release|Any CPU
		{2EC7B67B-828E-49AA-8F15-23EBC6BAE456}.Ad-Hoc|iPhoneSimulator.ActiveCfg = Release|Any CPU
		{2EC7B67B-828E-49AA-8F15-23EBC6BAE456}.Ad-Hoc|Mixed Platforms.ActiveCfg = Release|x86
		{2EC7B67B-828E-49AA-8F15-23EBC6BAE456}.Ad-Hoc|Mixed Platforms.Build.0 = Release|x86
		{2EC7B67B-828E-49AA-8F15-23EBC6BAE456}.Ad-Hoc|Mixed Platforms.Deploy.0 = Release|x86
		{2EC7B67B-828E-49AA-8F15-23EBC6BAE456}.Ad-Hoc|x64.ActiveCfg = Release|x64
		{2EC7B67B-828E-49AA-8F15-23EBC6BAE456}.Ad-Hoc|x64.Build.0 = Release|x64
		{2EC7B67B-828E-49AA-8F15-23EBC6BAE456}.Ad-Hoc|x64.Deploy.0 = Release|x64
		{2EC7B67B-828E-49AA-8F15-23EBC6BAE456}.Ad-Hoc|x86.ActiveCfg = Release|x86
		{2EC7B67B-828E-49AA-8F15-23EBC6BAE456}.Ad-Hoc|x86.Build.0 = Release|x86
		{2EC7B67B-828E-49AA-8F15-23EBC6BAE456}.Ad-Hoc|x86.Deploy.0 = Release|x86
		{2EC7B67B-828E-49AA-8F15-23EBC6BAE456}.AppStore|Any CPU.ActiveCfg = Release|Any CPU
		{2EC7B67B-828E-49AA-8F15-23EBC6BAE456}.AppStore|Any CPU.Build.0 = Release|Any CPU
		{2EC7B67B-828E-49AA-8F15-23EBC6BAE456}.AppStore|Any CPU.Deploy.0 = Release|Any CPU
		{2EC7B67B-828E-49AA-8F15-23EBC6BAE456}.AppStore|ARM.ActiveCfg = Release|ARM
		{2EC7B67B-828E-49AA-8F15-23EBC6BAE456}.AppStore|ARM.Build.0 = Release|ARM
		{2EC7B67B-828E-49AA-8F15-23EBC6BAE456}.AppStore|ARM.Deploy.0 = Release|ARM
		{2EC7B67B-828E-49AA-8F15-23EBC6BAE456}.AppStore|iPhone.ActiveCfg = Release|Any CPU
		{2EC7B67B-828E-49AA-8F15-23EBC6BAE456}.AppStore|iPhoneSimulator.ActiveCfg = Release|Any CPU
		{2EC7B67B-828E-49AA-8F15-23EBC6BAE456}.AppStore|Mixed Platforms.ActiveCfg = Release|x86
		{2EC7B67B-828E-49AA-8F15-23EBC6BAE456}.AppStore|Mixed Platforms.Build.0 = Release|x86
		{2EC7B67B-828E-49AA-8F15-23EBC6BAE456}.AppStore|Mixed Platforms.Deploy.0 = Release|x86
		{2EC7B67B-828E-49AA-8F15-23EBC6BAE456}.AppStore|x64.ActiveCfg = Release|x64
		{2EC7B67B-828E-49AA-8F15-23EBC6BAE456}.AppStore|x64.Build.0 = Release|x64
		{2EC7B67B-828E-49AA-8F15-23EBC6BAE456}.AppStore|x64.Deploy.0 = Release|x64
		{2EC7B67B-828E-49AA-8F15-23EBC6BAE456}.AppStore|x86.ActiveCfg = Release|x86
		{2EC7B67B-828E-49AA-8F15-23EBC6BAE456}.AppStore|x86.Build.0 = Release|x86
		{2EC7B67B-828E-49AA-8F15-23EBC6BAE456}.AppStore|x86.Deploy.0 = Release|x86
		{2EC7B67B-828E-49AA-8F15-23EBC6BAE456}.Debug|Any CPU.ActiveCfg = Debug|Any CPU
		{2EC7B67B-828E-49AA-8F15-23EBC6BAE456}.Debug|Any CPU.Build.0 = Debug|Any CPU
		{2EC7B67B-828E-49AA-8F15-23EBC6BAE456}.Debug|Any CPU.Deploy.0 = Debug|Any CPU
		{2EC7B67B-828E-49AA-8F15-23EBC6BAE456}.Debug|ARM.ActiveCfg = Debug|ARM
		{2EC7B67B-828E-49AA-8F15-23EBC6BAE456}.Debug|ARM.Build.0 = Debug|ARM
		{2EC7B67B-828E-49AA-8F15-23EBC6BAE456}.Debug|ARM.Deploy.0 = Debug|ARM
		{2EC7B67B-828E-49AA-8F15-23EBC6BAE456}.Debug|iPhone.ActiveCfg = Debug|Any CPU
		{2EC7B67B-828E-49AA-8F15-23EBC6BAE456}.Debug|iPhoneSimulator.ActiveCfg = Debug|Any CPU
		{2EC7B67B-828E-49AA-8F15-23EBC6BAE456}.Debug|Mixed Platforms.ActiveCfg = Debug|x86
		{2EC7B67B-828E-49AA-8F15-23EBC6BAE456}.Debug|Mixed Platforms.Build.0 = Debug|x86
		{2EC7B67B-828E-49AA-8F15-23EBC6BAE456}.Debug|Mixed Platforms.Deploy.0 = Debug|x86
		{2EC7B67B-828E-49AA-8F15-23EBC6BAE456}.Debug|x64.ActiveCfg = Debug|x64
		{2EC7B67B-828E-49AA-8F15-23EBC6BAE456}.Debug|x64.Build.0 = Debug|x64
		{2EC7B67B-828E-49AA-8F15-23EBC6BAE456}.Debug|x64.Deploy.0 = Debug|x64
		{2EC7B67B-828E-49AA-8F15-23EBC6BAE456}.Debug|x86.ActiveCfg = Debug|x86
		{2EC7B67B-828E-49AA-8F15-23EBC6BAE456}.Debug|x86.Build.0 = Debug|x86
		{2EC7B67B-828E-49AA-8F15-23EBC6BAE456}.Debug|x86.Deploy.0 = Debug|x86
		{2EC7B67B-828E-49AA-8F15-23EBC6BAE456}.Release|Any CPU.ActiveCfg = Release|Any CPU
		{2EC7B67B-828E-49AA-8F15-23EBC6BAE456}.Release|Any CPU.Build.0 = Release|Any CPU
		{2EC7B67B-828E-49AA-8F15-23EBC6BAE456}.Release|Any CPU.Deploy.0 = Release|Any CPU
		{2EC7B67B-828E-49AA-8F15-23EBC6BAE456}.Release|ARM.ActiveCfg = Release|ARM
		{2EC7B67B-828E-49AA-8F15-23EBC6BAE456}.Release|ARM.Build.0 = Release|ARM
		{2EC7B67B-828E-49AA-8F15-23EBC6BAE456}.Release|ARM.Deploy.0 = Release|ARM
		{2EC7B67B-828E-49AA-8F15-23EBC6BAE456}.Release|iPhone.ActiveCfg = Release|Any CPU
		{2EC7B67B-828E-49AA-8F15-23EBC6BAE456}.Release|iPhoneSimulator.ActiveCfg = Release|Any CPU
		{2EC7B67B-828E-49AA-8F15-23EBC6BAE456}.Release|Mixed Platforms.ActiveCfg = Release|x86
		{2EC7B67B-828E-49AA-8F15-23EBC6BAE456}.Release|Mixed Platforms.Build.0 = Release|x86
		{2EC7B67B-828E-49AA-8F15-23EBC6BAE456}.Release|Mixed Platforms.Deploy.0 = Release|x86
		{2EC7B67B-828E-49AA-8F15-23EBC6BAE456}.Release|x64.ActiveCfg = Release|x64
		{2EC7B67B-828E-49AA-8F15-23EBC6BAE456}.Release|x64.Build.0 = Release|x64
		{2EC7B67B-828E-49AA-8F15-23EBC6BAE456}.Release|x64.Deploy.0 = Release|x64
		{2EC7B67B-828E-49AA-8F15-23EBC6BAE456}.Release|x86.ActiveCfg = Release|x86
		{2EC7B67B-828E-49AA-8F15-23EBC6BAE456}.Release|x86.Build.0 = Release|x86
		{2EC7B67B-828E-49AA-8F15-23EBC6BAE456}.Release|x86.Deploy.0 = Release|x86
		{9D8BD62C-32BA-431F-8C2E-A46E8AD07BE6}.Ad-Hoc|Any CPU.ActiveCfg = Release|Any CPU
		{9D8BD62C-32BA-431F-8C2E-A46E8AD07BE6}.Ad-Hoc|Any CPU.Build.0 = Release|Any CPU
		{9D8BD62C-32BA-431F-8C2E-A46E8AD07BE6}.Ad-Hoc|Any CPU.Deploy.0 = Release|Any CPU
		{9D8BD62C-32BA-431F-8C2E-A46E8AD07BE6}.Ad-Hoc|ARM.ActiveCfg = Release|ARM
		{9D8BD62C-32BA-431F-8C2E-A46E8AD07BE6}.Ad-Hoc|ARM.Build.0 = Release|ARM
		{9D8BD62C-32BA-431F-8C2E-A46E8AD07BE6}.Ad-Hoc|ARM.Deploy.0 = Release|ARM
		{9D8BD62C-32BA-431F-8C2E-A46E8AD07BE6}.Ad-Hoc|iPhone.ActiveCfg = Release|Any CPU
		{9D8BD62C-32BA-431F-8C2E-A46E8AD07BE6}.Ad-Hoc|iPhoneSimulator.ActiveCfg = Release|Any CPU
		{9D8BD62C-32BA-431F-8C2E-A46E8AD07BE6}.Ad-Hoc|Mixed Platforms.ActiveCfg = Release|x86
		{9D8BD62C-32BA-431F-8C2E-A46E8AD07BE6}.Ad-Hoc|Mixed Platforms.Build.0 = Release|x86
		{9D8BD62C-32BA-431F-8C2E-A46E8AD07BE6}.Ad-Hoc|Mixed Platforms.Deploy.0 = Release|x86
		{9D8BD62C-32BA-431F-8C2E-A46E8AD07BE6}.Ad-Hoc|x64.ActiveCfg = Release|Any CPU
		{9D8BD62C-32BA-431F-8C2E-A46E8AD07BE6}.Ad-Hoc|x86.ActiveCfg = Release|x86
		{9D8BD62C-32BA-431F-8C2E-A46E8AD07BE6}.Ad-Hoc|x86.Build.0 = Release|x86
		{9D8BD62C-32BA-431F-8C2E-A46E8AD07BE6}.Ad-Hoc|x86.Deploy.0 = Release|x86
		{9D8BD62C-32BA-431F-8C2E-A46E8AD07BE6}.AppStore|Any CPU.ActiveCfg = Release|Any CPU
		{9D8BD62C-32BA-431F-8C2E-A46E8AD07BE6}.AppStore|Any CPU.Build.0 = Release|Any CPU
		{9D8BD62C-32BA-431F-8C2E-A46E8AD07BE6}.AppStore|Any CPU.Deploy.0 = Release|Any CPU
		{9D8BD62C-32BA-431F-8C2E-A46E8AD07BE6}.AppStore|ARM.ActiveCfg = Release|ARM
		{9D8BD62C-32BA-431F-8C2E-A46E8AD07BE6}.AppStore|ARM.Build.0 = Release|ARM
		{9D8BD62C-32BA-431F-8C2E-A46E8AD07BE6}.AppStore|ARM.Deploy.0 = Release|ARM
		{9D8BD62C-32BA-431F-8C2E-A46E8AD07BE6}.AppStore|iPhone.ActiveCfg = Release|Any CPU
		{9D8BD62C-32BA-431F-8C2E-A46E8AD07BE6}.AppStore|iPhoneSimulator.ActiveCfg = Release|Any CPU
		{9D8BD62C-32BA-431F-8C2E-A46E8AD07BE6}.AppStore|Mixed Platforms.ActiveCfg = Release|x86
		{9D8BD62C-32BA-431F-8C2E-A46E8AD07BE6}.AppStore|Mixed Platforms.Build.0 = Release|x86
		{9D8BD62C-32BA-431F-8C2E-A46E8AD07BE6}.AppStore|Mixed Platforms.Deploy.0 = Release|x86
		{9D8BD62C-32BA-431F-8C2E-A46E8AD07BE6}.AppStore|x64.ActiveCfg = Release|Any CPU
		{9D8BD62C-32BA-431F-8C2E-A46E8AD07BE6}.AppStore|x86.ActiveCfg = Release|x86
		{9D8BD62C-32BA-431F-8C2E-A46E8AD07BE6}.AppStore|x86.Build.0 = Release|x86
		{9D8BD62C-32BA-431F-8C2E-A46E8AD07BE6}.AppStore|x86.Deploy.0 = Release|x86
		{9D8BD62C-32BA-431F-8C2E-A46E8AD07BE6}.Debug|Any CPU.ActiveCfg = Debug|Any CPU
		{9D8BD62C-32BA-431F-8C2E-A46E8AD07BE6}.Debug|Any CPU.Build.0 = Debug|Any CPU
		{9D8BD62C-32BA-431F-8C2E-A46E8AD07BE6}.Debug|Any CPU.Deploy.0 = Debug|Any CPU
		{9D8BD62C-32BA-431F-8C2E-A46E8AD07BE6}.Debug|ARM.ActiveCfg = Debug|ARM
		{9D8BD62C-32BA-431F-8C2E-A46E8AD07BE6}.Debug|ARM.Build.0 = Debug|ARM
		{9D8BD62C-32BA-431F-8C2E-A46E8AD07BE6}.Debug|ARM.Deploy.0 = Debug|ARM
		{9D8BD62C-32BA-431F-8C2E-A46E8AD07BE6}.Debug|iPhone.ActiveCfg = Debug|Any CPU
		{9D8BD62C-32BA-431F-8C2E-A46E8AD07BE6}.Debug|iPhoneSimulator.ActiveCfg = Debug|Any CPU
		{9D8BD62C-32BA-431F-8C2E-A46E8AD07BE6}.Debug|Mixed Platforms.ActiveCfg = Debug|x86
		{9D8BD62C-32BA-431F-8C2E-A46E8AD07BE6}.Debug|Mixed Platforms.Build.0 = Debug|x86
		{9D8BD62C-32BA-431F-8C2E-A46E8AD07BE6}.Debug|Mixed Platforms.Deploy.0 = Debug|x86
		{9D8BD62C-32BA-431F-8C2E-A46E8AD07BE6}.Debug|x64.ActiveCfg = Debug|Any CPU
		{9D8BD62C-32BA-431F-8C2E-A46E8AD07BE6}.Debug|x86.ActiveCfg = Debug|x86
		{9D8BD62C-32BA-431F-8C2E-A46E8AD07BE6}.Debug|x86.Build.0 = Debug|x86
		{9D8BD62C-32BA-431F-8C2E-A46E8AD07BE6}.Debug|x86.Deploy.0 = Debug|x86
		{9D8BD62C-32BA-431F-8C2E-A46E8AD07BE6}.Release|Any CPU.ActiveCfg = Release|Any CPU
		{9D8BD62C-32BA-431F-8C2E-A46E8AD07BE6}.Release|Any CPU.Build.0 = Release|Any CPU
		{9D8BD62C-32BA-431F-8C2E-A46E8AD07BE6}.Release|Any CPU.Deploy.0 = Release|Any CPU
		{9D8BD62C-32BA-431F-8C2E-A46E8AD07BE6}.Release|ARM.ActiveCfg = Release|ARM
		{9D8BD62C-32BA-431F-8C2E-A46E8AD07BE6}.Release|ARM.Build.0 = Release|ARM
		{9D8BD62C-32BA-431F-8C2E-A46E8AD07BE6}.Release|ARM.Deploy.0 = Release|ARM
		{9D8BD62C-32BA-431F-8C2E-A46E8AD07BE6}.Release|iPhone.ActiveCfg = Release|Any CPU
		{9D8BD62C-32BA-431F-8C2E-A46E8AD07BE6}.Release|iPhoneSimulator.ActiveCfg = Release|Any CPU
		{9D8BD62C-32BA-431F-8C2E-A46E8AD07BE6}.Release|Mixed Platforms.ActiveCfg = Release|x86
		{9D8BD62C-32BA-431F-8C2E-A46E8AD07BE6}.Release|Mixed Platforms.Build.0 = Release|x86
		{9D8BD62C-32BA-431F-8C2E-A46E8AD07BE6}.Release|Mixed Platforms.Deploy.0 = Release|x86
		{9D8BD62C-32BA-431F-8C2E-A46E8AD07BE6}.Release|x64.ActiveCfg = Release|Any CPU
		{9D8BD62C-32BA-431F-8C2E-A46E8AD07BE6}.Release|x86.ActiveCfg = Release|x86
		{9D8BD62C-32BA-431F-8C2E-A46E8AD07BE6}.Release|x86.Build.0 = Release|x86
		{9D8BD62C-32BA-431F-8C2E-A46E8AD07BE6}.Release|x86.Deploy.0 = Release|x86
	EndGlobalSection
	GlobalSection(SolutionProperties) = preSolution
		HideSolutionNode = FALSE
	EndGlobalSection
EndGlobal
