
Microsoft Visual Studio Solution File, Format Version 12.00
# Visual Studio 2013
VisualStudioVersion = 12.0.31101.0
MinimumVisualStudioVersion = 10.0.40219.1
Project("{FAE04EC0-301F-11D3-BF4B-00C04F79EFBC}") = "StyledTriggers", "StyledTriggers\StyledTriggers\StyledTriggers.csproj", "{E7C1A89C-80EB-4AD6-A36A-5636AD469C62}"
EndProject
Project("{FAE04EC0-301F-11D3-BF4B-00C04F79EFBC}") = "StyledTriggers.iOS", "StyledTriggers\StyledTriggers.iOS\StyledTriggers.iOS.csproj", "{F64CA6F1-7A7D-48AA-B9C8-5963AA180041}"
EndProject
Project("{FAE04EC0-301F-11D3-BF4B-00C04F79EFBC}") = "StyledTriggers.Droid", "StyledTriggers\StyledTriggers.Droid\StyledTriggers.Droid.csproj", "{31FB795F-9DBC-4ABE-862D-98CDFBD7E007}"
EndProject
Project("{FAE04EC0-301F-11D3-BF4B-00C04F79EFBC}") = "StyledTriggers.WinPhone", "StyledTriggers\StyledTriggers.WinPhone\StyledTriggers.WinPhone.csproj", "{52324086-6DEC-4828-A52C-62ABE210A05B}"
EndProject
Project("{FAE04EC0-301F-11D3-BF4B-00C04F79EFBC}") = "StyledTriggers.WinApp", "StyledTriggers\StyledTriggers.WinApp\StyledTriggers.WinApp.csproj", "{427E0AC7-D74D-4E15-A2D1-1E4469528C81}"
EndProject
Project("{FAE04EC0-301F-11D3-BF4B-00C04F79EFBC}") = "StyledTriggers.WinPhone81", "StyledTriggers\StyledTriggers.WinPhone81\StyledTriggers.WinPhone81.csproj", "{AE29725C-55B9-46C6-9DF7-6840869C5F3B}"
EndProject
Global
	GlobalSection(SolutionConfigurationPlatforms) = preSolution
		Ad-Hoc|Any CPU = Ad-Hoc|Any CPU
		Ad-Hoc|ARM = Ad-Hoc|ARM
		Ad-Hoc|iPhone = Ad-Hoc|iPhone
		Ad-Hoc|iPhoneSimulator = Ad-Hoc|iPhoneSimulator
		Ad-Hoc|Mixed Platforms = Ad-Hoc|Mixed Platforms
		Ad-Hoc|x64 = Ad-Hoc|x64
		Ad-Hoc|x86 = Ad-Hoc|x86
		AppStore|Any CPU = AppStore|Any CPU
		AppStore|ARM = AppStore|ARM
		AppStore|iPhone = AppStore|iPhone
		AppStore|iPhoneSimulator = AppStore|iPhoneSimulator
		AppStore|Mixed Platforms = AppStore|Mixed Platforms
		AppStore|x64 = AppStore|x64
		AppStore|x86 = AppStore|x86
		Debug|Any CPU = Debug|Any CPU
		Debug|ARM = Debug|ARM
		Debug|iPhone = Debug|iPhone
		Debug|iPhoneSimulator = Debug|iPhoneSimulator
		Debug|Mixed Platforms = Debug|Mixed Platforms
		Debug|x64 = Debug|x64
		Debug|x86 = Debug|x86
		Release|Any CPU = Release|Any CPU
		Release|ARM = Release|ARM
		Release|iPhone = Release|iPhone
		Release|iPhoneSimulator = Release|iPhoneSimulator
		Release|Mixed Platforms = Release|Mixed Platforms
		Release|x64 = Release|x64
		Release|x86 = Release|x86
	EndGlobalSection
	GlobalSection(ProjectConfigurationPlatforms) = postSolution
		{E7C1A89C-80EB-4AD6-A36A-5636AD469C62}.Ad-Hoc|Any CPU.ActiveCfg = Release|Any CPU
		{E7C1A89C-80EB-4AD6-A36A-5636AD469C62}.Ad-Hoc|Any CPU.Build.0 = Release|Any CPU
		{E7C1A89C-80EB-4AD6-A36A-5636AD469C62}.Ad-Hoc|ARM.ActiveCfg = Release|Any CPU
		{E7C1A89C-80EB-4AD6-A36A-5636AD469C62}.Ad-Hoc|iPhone.ActiveCfg = Release|Any CPU
		{E7C1A89C-80EB-4AD6-A36A-5636AD469C62}.Ad-Hoc|iPhoneSimulator.ActiveCfg = Release|Any CPU
		{E7C1A89C-80EB-4AD6-A36A-5636AD469C62}.Ad-Hoc|Mixed Platforms.ActiveCfg = Release|Any CPU
		{E7C1A89C-80EB-4AD6-A36A-5636AD469C62}.Ad-Hoc|Mixed Platforms.Build.0 = Release|Any CPU
		{E7C1A89C-80EB-4AD6-A36A-5636AD469C62}.Ad-Hoc|x64.ActiveCfg = Release|Any CPU
		{E7C1A89C-80EB-4AD6-A36A-5636AD469C62}.Ad-Hoc|x86.ActiveCfg = Release|Any CPU
		{E7C1A89C-80EB-4AD6-A36A-5636AD469C62}.AppStore|Any CPU.ActiveCfg = Release|Any CPU
		{E7C1A89C-80EB-4AD6-A36A-5636AD469C62}.AppStore|Any CPU.Build.0 = Release|Any CPU
		{E7C1A89C-80EB-4AD6-A36A-5636AD469C62}.AppStore|ARM.ActiveCfg = Release|Any CPU
		{E7C1A89C-80EB-4AD6-A36A-5636AD469C62}.AppStore|iPhone.ActiveCfg = Release|Any CPU
		{E7C1A89C-80EB-4AD6-A36A-5636AD469C62}.AppStore|iPhoneSimulator.ActiveCfg = Release|Any CPU
		{E7C1A89C-80EB-4AD6-A36A-5636AD469C62}.AppStore|Mixed Platforms.ActiveCfg = Release|Any CPU
		{E7C1A89C-80EB-4AD6-A36A-5636AD469C62}.AppStore|Mixed Platforms.Build.0 = Release|Any CPU
		{E7C1A89C-80EB-4AD6-A36A-5636AD469C62}.AppStore|x64.ActiveCfg = Release|Any CPU
		{E7C1A89C-80EB-4AD6-A36A-5636AD469C62}.AppStore|x86.ActiveCfg = Release|Any CPU
		{E7C1A89C-80EB-4AD6-A36A-5636AD469C62}.Debug|Any CPU.ActiveCfg = Debug|Any CPU
		{E7C1A89C-80EB-4AD6-A36A-5636AD469C62}.Debug|Any CPU.Build.0 = Debug|Any CPU
		{E7C1A89C-80EB-4AD6-A36A-5636AD469C62}.Debug|ARM.ActiveCfg = Debug|Any CPU
		{E7C1A89C-80EB-4AD6-A36A-5636AD469C62}.Debug|iPhone.ActiveCfg = Debug|Any CPU
		{E7C1A89C-80EB-4AD6-A36A-5636AD469C62}.Debug|iPhone.Build.0 = Debug|Any CPU
		{E7C1A89C-80EB-4AD6-A36A-5636AD469C62}.Debug|iPhoneSimulator.ActiveCfg = Debug|Any CPU
		{E7C1A89C-80EB-4AD6-A36A-5636AD469C62}.Debug|iPhoneSimulator.Build.0 = Debug|Any CPU
		{E7C1A89C-80EB-4AD6-A36A-5636AD469C62}.Debug|Mixed Platforms.ActiveCfg = Debug|Any CPU
		{E7C1A89C-80EB-4AD6-A36A-5636AD469C62}.Debug|Mixed Platforms.Build.0 = Debug|Any CPU
		{E7C1A89C-80EB-4AD6-A36A-5636AD469C62}.Debug|x64.ActiveCfg = Debug|Any CPU
		{E7C1A89C-80EB-4AD6-A36A-5636AD469C62}.Debug|x86.ActiveCfg = Debug|Any CPU
		{E7C1A89C-80EB-4AD6-A36A-5636AD469C62}.Release|Any CPU.ActiveCfg = Release|Any CPU
		{E7C1A89C-80EB-4AD6-A36A-5636AD469C62}.Release|Any CPU.Build.0 = Release|Any CPU
		{E7C1A89C-80EB-4AD6-A36A-5636AD469C62}.Release|ARM.ActiveCfg = Release|Any CPU
		{E7C1A89C-80EB-4AD6-A36A-5636AD469C62}.Release|iPhone.ActiveCfg = Release|Any CPU
		{E7C1A89C-80EB-4AD6-A36A-5636AD469C62}.Release|iPhone.Build.0 = Release|Any CPU
		{E7C1A89C-80EB-4AD6-A36A-5636AD469C62}.Release|iPhoneSimulator.ActiveCfg = Release|Any CPU
		{E7C1A89C-80EB-4AD6-A36A-5636AD469C62}.Release|iPhoneSimulator.Build.0 = Release|Any CPU
		{E7C1A89C-80EB-4AD6-A36A-5636AD469C62}.Release|Mixed Platforms.ActiveCfg = Release|Any CPU
		{E7C1A89C-80EB-4AD6-A36A-5636AD469C62}.Release|Mixed Platforms.Build.0 = Release|Any CPU
		{E7C1A89C-80EB-4AD6-A36A-5636AD469C62}.Release|x64.ActiveCfg = Release|Any CPU
		{E7C1A89C-80EB-4AD6-A36A-5636AD469C62}.Release|x86.ActiveCfg = Release|Any CPU
		{F64CA6F1-7A7D-48AA-B9C8-5963AA180041}.Ad-Hoc|Any CPU.ActiveCfg = Ad-Hoc|iPhone
		{F64CA6F1-7A7D-48AA-B9C8-5963AA180041}.Ad-Hoc|ARM.ActiveCfg = Ad-Hoc|iPhone
		{F64CA6F1-7A7D-48AA-B9C8-5963AA180041}.Ad-Hoc|iPhone.ActiveCfg = Ad-Hoc|iPhone
		{F64CA6F1-7A7D-48AA-B9C8-5963AA180041}.Ad-Hoc|iPhone.Build.0 = Ad-Hoc|iPhone
		{F64CA6F1-7A7D-48AA-B9C8-5963AA180041}.Ad-Hoc|iPhoneSimulator.ActiveCfg = Ad-Hoc|iPhoneSimulator
		{F64CA6F1-7A7D-48AA-B9C8-5963AA180041}.Ad-Hoc|iPhoneSimulator.Build.0 = Ad-Hoc|iPhoneSimulator
		{F64CA6F1-7A7D-48AA-B9C8-5963AA180041}.Ad-Hoc|Mixed Platforms.ActiveCfg = Ad-Hoc|iPhone
		{F64CA6F1-7A7D-48AA-B9C8-5963AA180041}.Ad-Hoc|Mixed Platforms.Build.0 = Ad-Hoc|iPhone
		{F64CA6F1-7A7D-48AA-B9C8-5963AA180041}.Ad-Hoc|x64.ActiveCfg = Ad-Hoc|iPhone
		{F64CA6F1-7A7D-48AA-B9C8-5963AA180041}.Ad-Hoc|x86.ActiveCfg = Ad-Hoc|iPhone
		{F64CA6F1-7A7D-48AA-B9C8-5963AA180041}.AppStore|Any CPU.ActiveCfg = AppStore|iPhone
		{F64CA6F1-7A7D-48AA-B9C8-5963AA180041}.AppStore|ARM.ActiveCfg = AppStore|iPhone
		{F64CA6F1-7A7D-48AA-B9C8-5963AA180041}.AppStore|iPhone.ActiveCfg = AppStore|iPhone
		{F64CA6F1-7A7D-48AA-B9C8-5963AA180041}.AppStore|iPhone.Build.0 = AppStore|iPhone
		{F64CA6F1-7A7D-48AA-B9C8-5963AA180041}.AppStore|iPhoneSimulator.ActiveCfg = AppStore|iPhoneSimulator
		{F64CA6F1-7A7D-48AA-B9C8-5963AA180041}.AppStore|iPhoneSimulator.Build.0 = AppStore|iPhoneSimulator
		{F64CA6F1-7A7D-48AA-B9C8-5963AA180041}.AppStore|Mixed Platforms.ActiveCfg = AppStore|iPhone
		{F64CA6F1-7A7D-48AA-B9C8-5963AA180041}.AppStore|Mixed Platforms.Build.0 = AppStore|iPhone
		{F64CA6F1-7A7D-48AA-B9C8-5963AA180041}.AppStore|x64.ActiveCfg = AppStore|iPhone
		{F64CA6F1-7A7D-48AA-B9C8-5963AA180041}.AppStore|x86.ActiveCfg = AppStore|iPhone
		{F64CA6F1-7A7D-48AA-B9C8-5963AA180041}.Debug|Any CPU.ActiveCfg = Debug|iPhone
		{F64CA6F1-7A7D-48AA-B9C8-5963AA180041}.Debug|ARM.ActiveCfg = Debug|iPhone
		{F64CA6F1-7A7D-48AA-B9C8-5963AA180041}.Debug|iPhone.ActiveCfg = Debug|iPhone
		{F64CA6F1-7A7D-48AA-B9C8-5963AA180041}.Debug|iPhone.Build.0 = Debug|iPhone
		{F64CA6F1-7A7D-48AA-B9C8-5963AA180041}.Debug|iPhoneSimulator.ActiveCfg = Debug|iPhoneSimulator
		{F64CA6F1-7A7D-48AA-B9C8-5963AA180041}.Debug|iPhoneSimulator.Build.0 = Debug|iPhoneSimulator
		{F64CA6F1-7A7D-48AA-B9C8-5963AA180041}.Debug|Mixed Platforms.ActiveCfg = Debug|iPhone
		{F64CA6F1-7A7D-48AA-B9C8-5963AA180041}.Debug|Mixed Platforms.Build.0 = Debug|iPhone
		{F64CA6F1-7A7D-48AA-B9C8-5963AA180041}.Debug|x64.ActiveCfg = Debug|iPhone
		{F64CA6F1-7A7D-48AA-B9C8-5963AA180041}.Debug|x86.ActiveCfg = Debug|iPhone
		{F64CA6F1-7A7D-48AA-B9C8-5963AA180041}.Release|Any CPU.ActiveCfg = Release|iPhone
		{F64CA6F1-7A7D-48AA-B9C8-5963AA180041}.Release|ARM.ActiveCfg = Release|iPhone
		{F64CA6F1-7A7D-48AA-B9C8-5963AA180041}.Release|iPhone.ActiveCfg = Release|iPhone
		{F64CA6F1-7A7D-48AA-B9C8-5963AA180041}.Release|iPhone.Build.0 = Release|iPhone
		{F64CA6F1-7A7D-48AA-B9C8-5963AA180041}.Release|iPhoneSimulator.ActiveCfg = Release|iPhoneSimulator
		{F64CA6F1-7A7D-48AA-B9C8-5963AA180041}.Release|iPhoneSimulator.Build.0 = Release|iPhoneSimulator
		{F64CA6F1-7A7D-48AA-B9C8-5963AA180041}.Release|Mixed Platforms.ActiveCfg = Release|iPhone
		{F64CA6F1-7A7D-48AA-B9C8-5963AA180041}.Release|Mixed Platforms.Build.0 = Release|iPhone
		{F64CA6F1-7A7D-48AA-B9C8-5963AA180041}.Release|x64.ActiveCfg = Release|iPhone
		{F64CA6F1-7A7D-48AA-B9C8-5963AA180041}.Release|x86.ActiveCfg = Release|iPhone
		{31FB795F-9DBC-4ABE-862D-98CDFBD7E007}.Ad-Hoc|Any CPU.ActiveCfg = Release|Any CPU
		{31FB795F-9DBC-4ABE-862D-98CDFBD7E007}.Ad-Hoc|Any CPU.Build.0 = Release|Any CPU
		{31FB795F-9DBC-4ABE-862D-98CDFBD7E007}.Ad-Hoc|Any CPU.Deploy.0 = Release|Any CPU
		{31FB795F-9DBC-4ABE-862D-98CDFBD7E007}.Ad-Hoc|ARM.ActiveCfg = Release|Any CPU
		{31FB795F-9DBC-4ABE-862D-98CDFBD7E007}.Ad-Hoc|iPhone.ActiveCfg = Release|Any CPU
		{31FB795F-9DBC-4ABE-862D-98CDFBD7E007}.Ad-Hoc|iPhoneSimulator.ActiveCfg = Release|Any CPU
		{31FB795F-9DBC-4ABE-862D-98CDFBD7E007}.Ad-Hoc|Mixed Platforms.ActiveCfg = Release|Any CPU
		{31FB795F-9DBC-4ABE-862D-98CDFBD7E007}.Ad-Hoc|Mixed Platforms.Build.0 = Release|Any CPU
		{31FB795F-9DBC-4ABE-862D-98CDFBD7E007}.Ad-Hoc|Mixed Platforms.Deploy.0 = Release|Any CPU
		{31FB795F-9DBC-4ABE-862D-98CDFBD7E007}.Ad-Hoc|x64.ActiveCfg = Release|Any CPU
		{31FB795F-9DBC-4ABE-862D-98CDFBD7E007}.Ad-Hoc|x86.ActiveCfg = Release|Any CPU
		{31FB795F-9DBC-4ABE-862D-98CDFBD7E007}.AppStore|Any CPU.ActiveCfg = Release|Any CPU
		{31FB795F-9DBC-4ABE-862D-98CDFBD7E007}.AppStore|Any CPU.Build.0 = Release|Any CPU
		{31FB795F-9DBC-4ABE-862D-98CDFBD7E007}.AppStore|Any CPU.Deploy.0 = Release|Any CPU
		{31FB795F-9DBC-4ABE-862D-98CDFBD7E007}.AppStore|ARM.ActiveCfg = Release|Any CPU
		{31FB795F-9DBC-4ABE-862D-98CDFBD7E007}.AppStore|iPhone.ActiveCfg = Release|Any CPU
		{31FB795F-9DBC-4ABE-862D-98CDFBD7E007}.AppStore|iPhoneSimulator.ActiveCfg = Release|Any CPU
		{31FB795F-9DBC-4ABE-862D-98CDFBD7E007}.AppStore|Mixed Platforms.ActiveCfg = Release|Any CPU
		{31FB795F-9DBC-4ABE-862D-98CDFBD7E007}.AppStore|Mixed Platforms.Build.0 = Release|Any CPU
		{31FB795F-9DBC-4ABE-862D-98CDFBD7E007}.AppStore|Mixed Platforms.Deploy.0 = Release|Any CPU
		{31FB795F-9DBC-4ABE-862D-98CDFBD7E007}.AppStore|x64.ActiveCfg = Release|Any CPU
		{31FB795F-9DBC-4ABE-862D-98CDFBD7E007}.AppStore|x86.ActiveCfg = Release|Any CPU
		{31FB795F-9DBC-4ABE-862D-98CDFBD7E007}.Debug|Any CPU.ActiveCfg = Debug|Any CPU
		{31FB795F-9DBC-4ABE-862D-98CDFBD7E007}.Debug|Any CPU.Build.0 = Debug|Any CPU
		{31FB795F-9DBC-4ABE-862D-98CDFBD7E007}.Debug|Any CPU.Deploy.0 = Debug|Any CPU
		{31FB795F-9DBC-4ABE-862D-98CDFBD7E007}.Debug|ARM.ActiveCfg = Debug|Any CPU
		{31FB795F-9DBC-4ABE-862D-98CDFBD7E007}.Debug|iPhone.ActiveCfg = Debug|Any CPU
		{31FB795F-9DBC-4ABE-862D-98CDFBD7E007}.Debug|iPhoneSimulator.ActiveCfg = Debug|Any CPU
		{31FB795F-9DBC-4ABE-862D-98CDFBD7E007}.Debug|Mixed Platforms.ActiveCfg = Debug|Any CPU
		{31FB795F-9DBC-4ABE-862D-98CDFBD7E007}.Debug|Mixed Platforms.Build.0 = Debug|Any CPU
		{31FB795F-9DBC-4ABE-862D-98CDFBD7E007}.Debug|Mixed Platforms.Deploy.0 = Debug|Any CPU
		{31FB795F-9DBC-4ABE-862D-98CDFBD7E007}.Debug|x64.ActiveCfg = Debug|Any CPU
		{31FB795F-9DBC-4ABE-862D-98CDFBD7E007}.Debug|x86.ActiveCfg = Debug|Any CPU
		{31FB795F-9DBC-4ABE-862D-98CDFBD7E007}.Release|Any CPU.ActiveCfg = Release|Any CPU
		{31FB795F-9DBC-4ABE-862D-98CDFBD7E007}.Release|Any CPU.Build.0 = Release|Any CPU
		{31FB795F-9DBC-4ABE-862D-98CDFBD7E007}.Release|Any CPU.Deploy.0 = Release|Any CPU
		{31FB795F-9DBC-4ABE-862D-98CDFBD7E007}.Release|ARM.ActiveCfg = Release|Any CPU
		{31FB795F-9DBC-4ABE-862D-98CDFBD7E007}.Release|iPhone.ActiveCfg = Release|Any CPU
		{31FB795F-9DBC-4ABE-862D-98CDFBD7E007}.Release|iPhoneSimulator.ActiveCfg = Release|Any CPU
		{31FB795F-9DBC-4ABE-862D-98CDFBD7E007}.Release|Mixed Platforms.ActiveCfg = Release|Any CPU
		{31FB795F-9DBC-4ABE-862D-98CDFBD7E007}.Release|Mixed Platforms.Build.0 = Release|Any CPU
		{31FB795F-9DBC-4ABE-862D-98CDFBD7E007}.Release|Mixed Platforms.Deploy.0 = Release|Any CPU
		{31FB795F-9DBC-4ABE-862D-98CDFBD7E007}.Release|x64.ActiveCfg = Release|Any CPU
		{31FB795F-9DBC-4ABE-862D-98CDFBD7E007}.Release|x86.ActiveCfg = Release|Any CPU
		{52324086-6DEC-4828-A52C-62ABE210A05B}.Ad-Hoc|Any CPU.ActiveCfg = Release|Any CPU
		{52324086-6DEC-4828-A52C-62ABE210A05B}.Ad-Hoc|Any CPU.Build.0 = Release|Any CPU
		{52324086-6DEC-4828-A52C-62ABE210A05B}.Ad-Hoc|Any CPU.Deploy.0 = Release|Any CPU
		{52324086-6DEC-4828-A52C-62ABE210A05B}.Ad-Hoc|ARM.ActiveCfg = Release|ARM
		{52324086-6DEC-4828-A52C-62ABE210A05B}.Ad-Hoc|ARM.Build.0 = Release|ARM
		{52324086-6DEC-4828-A52C-62ABE210A05B}.Ad-Hoc|ARM.Deploy.0 = Release|ARM
		{52324086-6DEC-4828-A52C-62ABE210A05B}.Ad-Hoc|iPhone.ActiveCfg = Release|Any CPU
		{52324086-6DEC-4828-A52C-62ABE210A05B}.Ad-Hoc|iPhoneSimulator.ActiveCfg = Release|Any CPU
		{52324086-6DEC-4828-A52C-62ABE210A05B}.Ad-Hoc|Mixed Platforms.ActiveCfg = Release|x86
		{52324086-6DEC-4828-A52C-62ABE210A05B}.Ad-Hoc|Mixed Platforms.Build.0 = Release|x86
		{52324086-6DEC-4828-A52C-62ABE210A05B}.Ad-Hoc|Mixed Platforms.Deploy.0 = Release|x86
		{52324086-6DEC-4828-A52C-62ABE210A05B}.Ad-Hoc|x64.ActiveCfg = Release|Any CPU
		{52324086-6DEC-4828-A52C-62ABE210A05B}.Ad-Hoc|x86.ActiveCfg = Release|x86
		{52324086-6DEC-4828-A52C-62ABE210A05B}.Ad-Hoc|x86.Build.0 = Release|x86
		{52324086-6DEC-4828-A52C-62ABE210A05B}.Ad-Hoc|x86.Deploy.0 = Release|x86
		{52324086-6DEC-4828-A52C-62ABE210A05B}.AppStore|Any CPU.ActiveCfg = Release|Any CPU
		{52324086-6DEC-4828-A52C-62ABE210A05B}.AppStore|Any CPU.Build.0 = Release|Any CPU
		{52324086-6DEC-4828-A52C-62ABE210A05B}.AppStore|Any CPU.Deploy.0 = Release|Any CPU
		{52324086-6DEC-4828-A52C-62ABE210A05B}.AppStore|ARM.ActiveCfg = Release|ARM
		{52324086-6DEC-4828-A52C-62ABE210A05B}.AppStore|ARM.Build.0 = Release|ARM
		{52324086-6DEC-4828-A52C-62ABE210A05B}.AppStore|ARM.Deploy.0 = Release|ARM
		{52324086-6DEC-4828-A52C-62ABE210A05B}.AppStore|iPhone.ActiveCfg = Release|Any CPU
		{52324086-6DEC-4828-A52C-62ABE210A05B}.AppStore|iPhoneSimulator.ActiveCfg = Release|Any CPU
		{52324086-6DEC-4828-A52C-62ABE210A05B}.AppStore|Mixed Platforms.ActiveCfg = Release|x86
		{52324086-6DEC-4828-A52C-62ABE210A05B}.AppStore|Mixed Platforms.Build.0 = Release|x86
		{52324086-6DEC-4828-A52C-62ABE210A05B}.AppStore|Mixed Platforms.Deploy.0 = Release|x86
		{52324086-6DEC-4828-A52C-62ABE210A05B}.AppStore|x64.ActiveCfg = Release|Any CPU
		{52324086-6DEC-4828-A52C-62ABE210A05B}.AppStore|x86.ActiveCfg = Release|x86
		{52324086-6DEC-4828-A52C-62ABE210A05B}.AppStore|x86.Build.0 = Release|x86
		{52324086-6DEC-4828-A52C-62ABE210A05B}.AppStore|x86.Deploy.0 = Release|x86
		{52324086-6DEC-4828-A52C-62ABE210A05B}.Debug|Any CPU.ActiveCfg = Debug|Any CPU
		{52324086-6DEC-4828-A52C-62ABE210A05B}.Debug|Any CPU.Build.0 = Debug|Any CPU
		{52324086-6DEC-4828-A52C-62ABE210A05B}.Debug|Any CPU.Deploy.0 = Debug|Any CPU
		{52324086-6DEC-4828-A52C-62ABE210A05B}.Debug|ARM.ActiveCfg = Debug|ARM
		{52324086-6DEC-4828-A52C-62ABE210A05B}.Debug|ARM.Build.0 = Debug|ARM
		{52324086-6DEC-4828-A52C-62ABE210A05B}.Debug|ARM.Deploy.0 = Debug|ARM
		{52324086-6DEC-4828-A52C-62ABE210A05B}.Debug|iPhone.ActiveCfg = Debug|Any CPU
		{52324086-6DEC-4828-A52C-62ABE210A05B}.Debug|iPhoneSimulator.ActiveCfg = Debug|Any CPU
		{52324086-6DEC-4828-A52C-62ABE210A05B}.Debug|Mixed Platforms.ActiveCfg = Debug|x86
		{52324086-6DEC-4828-A52C-62ABE210A05B}.Debug|Mixed Platforms.Build.0 = Debug|x86
		{52324086-6DEC-4828-A52C-62ABE210A05B}.Debug|Mixed Platforms.Deploy.0 = Debug|x86
		{52324086-6DEC-4828-A52C-62ABE210A05B}.Debug|x64.ActiveCfg = Debug|Any CPU
		{52324086-6DEC-4828-A52C-62ABE210A05B}.Debug|x86.ActiveCfg = Debug|x86
		{52324086-6DEC-4828-A52C-62ABE210A05B}.Debug|x86.Build.0 = Debug|x86
		{52324086-6DEC-4828-A52C-62ABE210A05B}.Debug|x86.Deploy.0 = Debug|x86
		{52324086-6DEC-4828-A52C-62ABE210A05B}.Release|Any CPU.ActiveCfg = Release|Any CPU
		{52324086-6DEC-4828-A52C-62ABE210A05B}.Release|Any CPU.Build.0 = Release|Any CPU
		{52324086-6DEC-4828-A52C-62ABE210A05B}.Release|Any CPU.Deploy.0 = Release|Any CPU
		{52324086-6DEC-4828-A52C-62ABE210A05B}.Release|ARM.ActiveCfg = Release|ARM
		{52324086-6DEC-4828-A52C-62ABE210A05B}.Release|ARM.Build.0 = Release|ARM
		{52324086-6DEC-4828-A52C-62ABE210A05B}.Release|ARM.Deploy.0 = Release|ARM
		{52324086-6DEC-4828-A52C-62ABE210A05B}.Release|iPhone.ActiveCfg = Release|Any CPU
		{52324086-6DEC-4828-A52C-62ABE210A05B}.Release|iPhoneSimulator.ActiveCfg = Release|Any CPU
		{52324086-6DEC-4828-A52C-62ABE210A05B}.Release|Mixed Platforms.ActiveCfg = Release|x86
		{52324086-6DEC-4828-A52C-62ABE210A05B}.Release|Mixed Platforms.Build.0 = Release|x86
		{52324086-6DEC-4828-A52C-62ABE210A05B}.Release|Mixed Platforms.Deploy.0 = Release|x86
		{52324086-6DEC-4828-A52C-62ABE210A05B}.Release|x64.ActiveCfg = Release|Any CPU
		{52324086-6DEC-4828-A52C-62ABE210A05B}.Release|x86.ActiveCfg = Release|x86
		{52324086-6DEC-4828-A52C-62ABE210A05B}.Release|x86.Build.0 = Release|x86
		{52324086-6DEC-4828-A52C-62ABE210A05B}.Release|x86.Deploy.0 = Release|x86
		{427E0AC7-D74D-4E15-A2D1-1E4469528C81}.Ad-Hoc|Any CPU.ActiveCfg = Release|Any CPU
		{427E0AC7-D74D-4E15-A2D1-1E4469528C81}.Ad-Hoc|Any CPU.Build.0 = Release|Any CPU
		{427E0AC7-D74D-4E15-A2D1-1E4469528C81}.Ad-Hoc|Any CPU.Deploy.0 = Release|Any CPU
		{427E0AC7-D74D-4E15-A2D1-1E4469528C81}.Ad-Hoc|ARM.ActiveCfg = Release|ARM
		{427E0AC7-D74D-4E15-A2D1-1E4469528C81}.Ad-Hoc|ARM.Build.0 = Release|ARM
		{427E0AC7-D74D-4E15-A2D1-1E4469528C81}.Ad-Hoc|ARM.Deploy.0 = Release|ARM
		{427E0AC7-D74D-4E15-A2D1-1E4469528C81}.Ad-Hoc|iPhone.ActiveCfg = Release|Any CPU
		{427E0AC7-D74D-4E15-A2D1-1E4469528C81}.Ad-Hoc|iPhoneSimulator.ActiveCfg = Release|Any CPU
		{427E0AC7-D74D-4E15-A2D1-1E4469528C81}.Ad-Hoc|Mixed Platforms.ActiveCfg = Release|x86
		{427E0AC7-D74D-4E15-A2D1-1E4469528C81}.Ad-Hoc|Mixed Platforms.Build.0 = Release|x86
		{427E0AC7-D74D-4E15-A2D1-1E4469528C81}.Ad-Hoc|Mixed Platforms.Deploy.0 = Release|x86
		{427E0AC7-D74D-4E15-A2D1-1E4469528C81}.Ad-Hoc|x64.ActiveCfg = Release|x64
		{427E0AC7-D74D-4E15-A2D1-1E4469528C81}.Ad-Hoc|x64.Build.0 = Release|x64
		{427E0AC7-D74D-4E15-A2D1-1E4469528C81}.Ad-Hoc|x64.Deploy.0 = Release|x64
		{427E0AC7-D74D-4E15-A2D1-1E4469528C81}.Ad-Hoc|x86.ActiveCfg = Release|x86
		{427E0AC7-D74D-4E15-A2D1-1E4469528C81}.Ad-Hoc|x86.Build.0 = Release|x86
		{427E0AC7-D74D-4E15-A2D1-1E4469528C81}.Ad-Hoc|x86.Deploy.0 = Release|x86
		{427E0AC7-D74D-4E15-A2D1-1E4469528C81}.AppStore|Any CPU.ActiveCfg = Release|Any CPU
		{427E0AC7-D74D-4E15-A2D1-1E4469528C81}.AppStore|Any CPU.Build.0 = Release|Any CPU
		{427E0AC7-D74D-4E15-A2D1-1E4469528C81}.AppStore|Any CPU.Deploy.0 = Release|Any CPU
		{427E0AC7-D74D-4E15-A2D1-1E4469528C81}.AppStore|ARM.ActiveCfg = Release|ARM
		{427E0AC7-D74D-4E15-A2D1-1E4469528C81}.AppStore|ARM.Build.0 = Release|ARM
		{427E0AC7-D74D-4E15-A2D1-1E4469528C81}.AppStore|ARM.Deploy.0 = Release|ARM
		{427E0AC7-D74D-4E15-A2D1-1E4469528C81}.AppStore|iPhone.ActiveCfg = Release|Any CPU
		{427E0AC7-D74D-4E15-A2D1-1E4469528C81}.AppStore|iPhoneSimulator.ActiveCfg = Release|Any CPU
		{427E0AC7-D74D-4E15-A2D1-1E4469528C81}.AppStore|Mixed Platforms.ActiveCfg = Release|x86
		{427E0AC7-D74D-4E15-A2D1-1E4469528C81}.AppStore|Mixed Platforms.Build.0 = Release|x86
		{427E0AC7-D74D-4E15-A2D1-1E4469528C81}.AppStore|Mixed Platforms.Deploy.0 = Release|x86
		{427E0AC7-D74D-4E15-A2D1-1E4469528C81}.AppStore|x64.ActiveCfg = Release|x64
		{427E0AC7-D74D-4E15-A2D1-1E4469528C81}.AppStore|x64.Build.0 = Release|x64
		{427E0AC7-D74D-4E15-A2D1-1E4469528C81}.AppStore|x64.Deploy.0 = Release|x64
		{427E0AC7-D74D-4E15-A2D1-1E4469528C81}.AppStore|x86.ActiveCfg = Release|x86
		{427E0AC7-D74D-4E15-A2D1-1E4469528C81}.AppStore|x86.Build.0 = Release|x86
		{427E0AC7-D74D-4E15-A2D1-1E4469528C81}.AppStore|x86.Deploy.0 = Release|x86
		{427E0AC7-D74D-4E15-A2D1-1E4469528C81}.Debug|Any CPU.ActiveCfg = Debug|Any CPU
		{427E0AC7-D74D-4E15-A2D1-1E4469528C81}.Debug|Any CPU.Build.0 = Debug|Any CPU
		{427E0AC7-D74D-4E15-A2D1-1E4469528C81}.Debug|Any CPU.Deploy.0 = Debug|Any CPU
		{427E0AC7-D74D-4E15-A2D1-1E4469528C81}.Debug|ARM.ActiveCfg = Debug|ARM
		{427E0AC7-D74D-4E15-A2D1-1E4469528C81}.Debug|ARM.Build.0 = Debug|ARM
		{427E0AC7-D74D-4E15-A2D1-1E4469528C81}.Debug|ARM.Deploy.0 = Debug|ARM
		{427E0AC7-D74D-4E15-A2D1-1E4469528C81}.Debug|iPhone.ActiveCfg = Debug|Any CPU
		{427E0AC7-D74D-4E15-A2D1-1E4469528C81}.Debug|iPhoneSimulator.ActiveCfg = Debug|Any CPU
		{427E0AC7-D74D-4E15-A2D1-1E4469528C81}.Debug|Mixed Platforms.ActiveCfg = Debug|x86
		{427E0AC7-D74D-4E15-A2D1-1E4469528C81}.Debug|Mixed Platforms.Build.0 = Debug|x86
		{427E0AC7-D74D-4E15-A2D1-1E4469528C81}.Debug|Mixed Platforms.Deploy.0 = Debug|x86
		{427E0AC7-D74D-4E15-A2D1-1E4469528C81}.Debug|x64.ActiveCfg = Debug|x64
		{427E0AC7-D74D-4E15-A2D1-1E4469528C81}.Debug|x64.Build.0 = Debug|x64
		{427E0AC7-D74D-4E15-A2D1-1E4469528C81}.Debug|x64.Deploy.0 = Debug|x64
		{427E0AC7-D74D-4E15-A2D1-1E4469528C81}.Debug|x86.ActiveCfg = Debug|x86
		{427E0AC7-D74D-4E15-A2D1-1E4469528C81}.Debug|x86.Build.0 = Debug|x86
		{427E0AC7-D74D-4E15-A2D1-1E4469528C81}.Debug|x86.Deploy.0 = Debug|x86
		{427E0AC7-D74D-4E15-A2D1-1E4469528C81}.Release|Any CPU.ActiveCfg = Release|Any CPU
		{427E0AC7-D74D-4E15-A2D1-1E4469528C81}.Release|Any CPU.Build.0 = Release|Any CPU
		{427E0AC7-D74D-4E15-A2D1-1E4469528C81}.Release|Any CPU.Deploy.0 = Release|Any CPU
		{427E0AC7-D74D-4E15-A2D1-1E4469528C81}.Release|ARM.ActiveCfg = Release|ARM
		{427E0AC7-D74D-4E15-A2D1-1E4469528C81}.Release|ARM.Build.0 = Release|ARM
		{427E0AC7-D74D-4E15-A2D1-1E4469528C81}.Release|ARM.Deploy.0 = Release|ARM
		{427E0AC7-D74D-4E15-A2D1-1E4469528C81}.Release|iPhone.ActiveCfg = Release|Any CPU
		{427E0AC7-D74D-4E15-A2D1-1E4469528C81}.Release|iPhoneSimulator.ActiveCfg = Release|Any CPU
		{427E0AC7-D74D-4E15-A2D1-1E4469528C81}.Release|Mixed Platforms.ActiveCfg = Release|x86
		{427E0AC7-D74D-4E15-A2D1-1E4469528C81}.Release|Mixed Platforms.Build.0 = Release|x86
		{427E0AC7-D74D-4E15-A2D1-1E4469528C81}.Release|Mixed Platforms.Deploy.0 = Release|x86
		{427E0AC7-D74D-4E15-A2D1-1E4469528C81}.Release|x64.ActiveCfg = Release|x64
		{427E0AC7-D74D-4E15-A2D1-1E4469528C81}.Release|x64.Build.0 = Release|x64
		{427E0AC7-D74D-4E15-A2D1-1E4469528C81}.Release|x64.Deploy.0 = Release|x64
		{427E0AC7-D74D-4E15-A2D1-1E4469528C81}.Release|x86.ActiveCfg = Release|x86
		{427E0AC7-D74D-4E15-A2D1-1E4469528C81}.Release|x86.Build.0 = Release|x86
		{427E0AC7-D74D-4E15-A2D1-1E4469528C81}.Release|x86.Deploy.0 = Release|x86
		{AE29725C-55B9-46C6-9DF7-6840869C5F3B}.Ad-Hoc|Any CPU.ActiveCfg = Release|Any CPU
		{AE29725C-55B9-46C6-9DF7-6840869C5F3B}.Ad-Hoc|Any CPU.Build.0 = Release|Any CPU
		{AE29725C-55B9-46C6-9DF7-6840869C5F3B}.Ad-Hoc|Any CPU.Deploy.0 = Release|Any CPU
		{AE29725C-55B9-46C6-9DF7-6840869C5F3B}.Ad-Hoc|ARM.ActiveCfg = Release|ARM
		{AE29725C-55B9-46C6-9DF7-6840869C5F3B}.Ad-Hoc|ARM.Build.0 = Release|ARM
		{AE29725C-55B9-46C6-9DF7-6840869C5F3B}.Ad-Hoc|ARM.Deploy.0 = Release|ARM
		{AE29725C-55B9-46C6-9DF7-6840869C5F3B}.Ad-Hoc|iPhone.ActiveCfg = Release|Any CPU
		{AE29725C-55B9-46C6-9DF7-6840869C5F3B}.Ad-Hoc|iPhoneSimulator.ActiveCfg = Release|Any CPU
		{AE29725C-55B9-46C6-9DF7-6840869C5F3B}.Ad-Hoc|Mixed Platforms.ActiveCfg = Release|x86
		{AE29725C-55B9-46C6-9DF7-6840869C5F3B}.Ad-Hoc|Mixed Platforms.Build.0 = Release|x86
		{AE29725C-55B9-46C6-9DF7-6840869C5F3B}.Ad-Hoc|Mixed Platforms.Deploy.0 = Release|x86
		{AE29725C-55B9-46C6-9DF7-6840869C5F3B}.Ad-Hoc|x64.ActiveCfg = Release|Any CPU
		{AE29725C-55B9-46C6-9DF7-6840869C5F3B}.Ad-Hoc|x86.ActiveCfg = Release|x86
		{AE29725C-55B9-46C6-9DF7-6840869C5F3B}.Ad-Hoc|x86.Build.0 = Release|x86
		{AE29725C-55B9-46C6-9DF7-6840869C5F3B}.Ad-Hoc|x86.Deploy.0 = Release|x86
		{AE29725C-55B9-46C6-9DF7-6840869C5F3B}.AppStore|Any CPU.ActiveCfg = Release|Any CPU
		{AE29725C-55B9-46C6-9DF7-6840869C5F3B}.AppStore|Any CPU.Build.0 = Release|Any CPU
		{AE29725C-55B9-46C6-9DF7-6840869C5F3B}.AppStore|Any CPU.Deploy.0 = Release|Any CPU
		{AE29725C-55B9-46C6-9DF7-6840869C5F3B}.AppStore|ARM.ActiveCfg = Release|ARM
		{AE29725C-55B9-46C6-9DF7-6840869C5F3B}.AppStore|ARM.Build.0 = Release|ARM
		{AE29725C-55B9-46C6-9DF7-6840869C5F3B}.AppStore|ARM.Deploy.0 = Release|ARM
		{AE29725C-55B9-46C6-9DF7-6840869C5F3B}.AppStore|iPhone.ActiveCfg = Release|Any CPU
		{AE29725C-55B9-46C6-9DF7-6840869C5F3B}.AppStore|iPhoneSimulator.ActiveCfg = Release|Any CPU
		{AE29725C-55B9-46C6-9DF7-6840869C5F3B}.AppStore|Mixed Platforms.ActiveCfg = Release|x86
		{AE29725C-55B9-46C6-9DF7-6840869C5F3B}.AppStore|Mixed Platforms.Build.0 = Release|x86
		{AE29725C-55B9-46C6-9DF7-6840869C5F3B}.AppStore|Mixed Platforms.Deploy.0 = Release|x86
		{AE29725C-55B9-46C6-9DF7-6840869C5F3B}.AppStore|x64.ActiveCfg = Release|Any CPU
		{AE29725C-55B9-46C6-9DF7-6840869C5F3B}.AppStore|x86.ActiveCfg = Release|x86
		{AE29725C-55B9-46C6-9DF7-6840869C5F3B}.AppStore|x86.Build.0 = Release|x86
		{AE29725C-55B9-46C6-9DF7-6840869C5F3B}.AppStore|x86.Deploy.0 = Release|x86
		{AE29725C-55B9-46C6-9DF7-6840869C5F3B}.Debug|Any CPU.ActiveCfg = Debug|Any CPU
		{AE29725C-55B9-46C6-9DF7-6840869C5F3B}.Debug|Any CPU.Build.0 = Debug|Any CPU
		{AE29725C-55B9-46C6-9DF7-6840869C5F3B}.Debug|Any CPU.Deploy.0 = Debug|Any CPU
		{AE29725C-55B9-46C6-9DF7-6840869C5F3B}.Debug|ARM.ActiveCfg = Debug|ARM
		{AE29725C-55B9-46C6-9DF7-6840869C5F3B}.Debug|ARM.Build.0 = Debug|ARM
		{AE29725C-55B9-46C6-9DF7-6840869C5F3B}.Debug|ARM.Deploy.0 = Debug|ARM
		{AE29725C-55B9-46C6-9DF7-6840869C5F3B}.Debug|iPhone.ActiveCfg = Debug|Any CPU
		{AE29725C-55B9-46C6-9DF7-6840869C5F3B}.Debug|iPhoneSimulator.ActiveCfg = Debug|Any CPU
		{AE29725C-55B9-46C6-9DF7-6840869C5F3B}.Debug|Mixed Platforms.ActiveCfg = Debug|x86
		{AE29725C-55B9-46C6-9DF7-6840869C5F3B}.Debug|Mixed Platforms.Build.0 = Debug|x86
		{AE29725C-55B9-46C6-9DF7-6840869C5F3B}.Debug|Mixed Platforms.Deploy.0 = Debug|x86
		{AE29725C-55B9-46C6-9DF7-6840869C5F3B}.Debug|x64.ActiveCfg = Debug|Any CPU
		{AE29725C-55B9-46C6-9DF7-6840869C5F3B}.Debug|x86.ActiveCfg = Debug|x86
		{AE29725C-55B9-46C6-9DF7-6840869C5F3B}.Debug|x86.Build.0 = Debug|x86
		{AE29725C-55B9-46C6-9DF7-6840869C5F3B}.Debug|x86.Deploy.0 = Debug|x86
		{AE29725C-55B9-46C6-9DF7-6840869C5F3B}.Release|Any CPU.ActiveCfg = Release|Any CPU
		{AE29725C-55B9-46C6-9DF7-6840869C5F3B}.Release|Any CPU.Build.0 = Release|Any CPU
		{AE29725C-55B9-46C6-9DF7-6840869C5F3B}.Release|Any CPU.Deploy.0 = Release|Any CPU
		{AE29725C-55B9-46C6-9DF7-6840869C5F3B}.Release|ARM.ActiveCfg = Release|ARM
		{AE29725C-55B9-46C6-9DF7-6840869C5F3B}.Release|ARM.Build.0 = Release|ARM
		{AE29725C-55B9-46C6-9DF7-6840869C5F3B}.Release|ARM.Deploy.0 = Release|ARM
		{AE29725C-55B9-46C6-9DF7-6840869C5F3B}.Release|iPhone.ActiveCfg = Release|Any CPU
		{AE29725C-55B9-46C6-9DF7-6840869C5F3B}.Release|iPhoneSimulator.ActiveCfg = Release|Any CPU
		{AE29725C-55B9-46C6-9DF7-6840869C5F3B}.Release|Mixed Platforms.ActiveCfg = Release|x86
		{AE29725C-55B9-46C6-9DF7-6840869C5F3B}.Release|Mixed Platforms.Build.0 = Release|x86
		{AE29725C-55B9-46C6-9DF7-6840869C5F3B}.Release|Mixed Platforms.Deploy.0 = Release|x86
		{AE29725C-55B9-46C6-9DF7-6840869C5F3B}.Release|x64.ActiveCfg = Release|Any CPU
		{AE29725C-55B9-46C6-9DF7-6840869C5F3B}.Release|x86.ActiveCfg = Release|x86
		{AE29725C-55B9-46C6-9DF7-6840869C5F3B}.Release|x86.Build.0 = Release|x86
		{AE29725C-55B9-46C6-9DF7-6840869C5F3B}.Release|x86.Deploy.0 = Release|x86
	EndGlobalSection
	GlobalSection(SolutionProperties) = preSolution
		HideSolutionNode = FALSE
	EndGlobalSection
EndGlobal
