
Microsoft Visual Studio Solution File, Format Version 12.00
# Visual Studio 2013
VisualStudioVersion = 12.0.30723.0
MinimumVisualStudioVersion = 10.0.40219.1
Project("{FAE04EC0-301F-11D3-BF4B-00C04F79EFBC}") = "CustomExtensionDemo", "CustomExtensionDemo\CustomExtensionDemo\CustomExtensionDemo.csproj", "{892ED3F8-2FAA-4C1E-BFA0-20E3FCF92E0A}"
EndProject
Project("{FAE04EC0-301F-11D3-BF4B-00C04F79EFBC}") = "CustomExtensionDemo.iOS", "CustomExtensionDemo\CustomExtensionDemo.iOS\CustomExtensionDemo.iOS.csproj", "{70A04AFE-ECD4-4FA7-8F21-7A7D03F5D6ED}"
EndProject
Project("{FAE04EC0-301F-11D3-BF4B-00C04F79EFBC}") = "CustomExtensionDemo.Droid", "CustomExtensionDemo\CustomExtensionDemo.Droid\CustomExtensionDemo.Droid.csproj", "{2C0B1951-474D-48A2-97B4-169EFF46E98B}"
EndProject
Project("{FAE04EC0-301F-11D3-BF4B-00C04F79EFBC}") = "CustomExtensionDemo.WinPhone", "CustomExtensionDemo\CustomExtensionDemo.WinPhone\CustomExtensionDemo.WinPhone.csproj", "{D9A58DCF-766E-4260-94D7-2B627B7FB93E}"
EndProject
Project("{FAE04EC0-301F-11D3-BF4B-00C04F79EFBC}") = "Xamarin.FormsBook.Toolkit", "..\..\Libraries\Xamarin.FormsBook.Toolkit\Xamarin.FormsBook.Toolkit\Xamarin.FormsBook.Toolkit.csproj", "{67F9D3A8-F71E-4428-913F-C37AE82CDB24}"
EndProject
Project("{FAE04EC0-301F-11D3-BF4B-00C04F79EFBC}") = "CustomExtensionDemo.WinApp", "CustomExtensionDemo\CustomExtensionDemo.WinApp\CustomExtensionDemo.WinApp.csproj", "{C54B2C68-E27C-4748-A291-7D9064306F78}"
EndProject
Project("{FAE04EC0-301F-11D3-BF4B-00C04F79EFBC}") = "CustomExtensionDemo.WinPhone81", "CustomExtensionDemo\CustomExtensionDemo.WinPhone81\CustomExtensionDemo.WinPhone81.csproj", "{C3CF531F-7ECD-4FB9-8BEA-28C3AE386F86}"
EndProject
Global
	GlobalSection(SolutionConfigurationPlatforms) = preSolution
		Ad-Hoc|Any CPU = Ad-Hoc|Any CPU
		Ad-Hoc|ARM = Ad-Hoc|ARM
		Ad-Hoc|iPhone = Ad-Hoc|iPhone
		Ad-Hoc|iPhoneSimulator = Ad-Hoc|iPhoneSimulator
		Ad-Hoc|Mixed Platforms = Ad-Hoc|Mixed Platforms
		Ad-Hoc|x64 = Ad-Hoc|x64
		Ad-Hoc|x86 = Ad-Hoc|x86
		AppStore|Any CPU = AppStore|Any CPU
		AppStore|ARM = AppStore|ARM
		AppStore|iPhone = AppStore|iPhone
		AppStore|iPhoneSimulator = AppStore|iPhoneSimulator
		AppStore|Mixed Platforms = AppStore|Mixed Platforms
		AppStore|x64 = AppStore|x64
		AppStore|x86 = AppStore|x86
		Debug|Any CPU = Debug|Any CPU
		Debug|ARM = Debug|ARM
		Debug|iPhone = Debug|iPhone
		Debug|iPhoneSimulator = Debug|iPhoneSimulator
		Debug|Mixed Platforms = Debug|Mixed Platforms
		Debug|x64 = Debug|x64
		Debug|x86 = Debug|x86
		Release|Any CPU = Release|Any CPU
		Release|ARM = Release|ARM
		Release|iPhone = Release|iPhone
		Release|iPhoneSimulator = Release|iPhoneSimulator
		Release|Mixed Platforms = Release|Mixed Platforms
		Release|x64 = Release|x64
		Release|x86 = Release|x86
	EndGlobalSection
	GlobalSection(ProjectConfigurationPlatforms) = postSolution
		{892ED3F8-2FAA-4C1E-BFA0-20E3FCF92E0A}.Ad-Hoc|Any CPU.ActiveCfg = Release|Any CPU
		{892ED3F8-2FAA-4C1E-BFA0-20E3FCF92E0A}.Ad-Hoc|Any CPU.Build.0 = Release|Any CPU
		{892ED3F8-2FAA-4C1E-BFA0-20E3FCF92E0A}.Ad-Hoc|ARM.ActiveCfg = Release|Any CPU
		{892ED3F8-2FAA-4C1E-BFA0-20E3FCF92E0A}.Ad-Hoc|iPhone.ActiveCfg = Release|Any CPU
		{892ED3F8-2FAA-4C1E-BFA0-20E3FCF92E0A}.Ad-Hoc|iPhoneSimulator.ActiveCfg = Release|Any CPU
		{892ED3F8-2FAA-4C1E-BFA0-20E3FCF92E0A}.Ad-Hoc|Mixed Platforms.ActiveCfg = Release|Any CPU
		{892ED3F8-2FAA-4C1E-BFA0-20E3FCF92E0A}.Ad-Hoc|Mixed Platforms.Build.0 = Release|Any CPU
		{892ED3F8-2FAA-4C1E-BFA0-20E3FCF92E0A}.Ad-Hoc|x64.ActiveCfg = Debug|Any CPU
		{892ED3F8-2FAA-4C1E-BFA0-20E3FCF92E0A}.Ad-Hoc|x86.ActiveCfg = Release|Any CPU
		{892ED3F8-2FAA-4C1E-BFA0-20E3FCF92E0A}.AppStore|Any CPU.ActiveCfg = Release|Any CPU
		{892ED3F8-2FAA-4C1E-BFA0-20E3FCF92E0A}.AppStore|Any CPU.Build.0 = Release|Any CPU
		{892ED3F8-2FAA-4C1E-BFA0-20E3FCF92E0A}.AppStore|ARM.ActiveCfg = Release|Any CPU
		{892ED3F8-2FAA-4C1E-BFA0-20E3FCF92E0A}.AppStore|iPhone.ActiveCfg = Release|Any CPU
		{892ED3F8-2FAA-4C1E-BFA0-20E3FCF92E0A}.AppStore|iPhoneSimulator.ActiveCfg = Release|Any CPU
		{892ED3F8-2FAA-4C1E-BFA0-20E3FCF92E0A}.AppStore|Mixed Platforms.ActiveCfg = Release|Any CPU
		{892ED3F8-2FAA-4C1E-BFA0-20E3FCF92E0A}.AppStore|Mixed Platforms.Build.0 = Release|Any CPU
		{892ED3F8-2FAA-4C1E-BFA0-20E3FCF92E0A}.AppStore|x64.ActiveCfg = Debug|Any CPU
		{892ED3F8-2FAA-4C1E-BFA0-20E3FCF92E0A}.AppStore|x86.ActiveCfg = Release|Any CPU
		{892ED3F8-2FAA-4C1E-BFA0-20E3FCF92E0A}.Debug|Any CPU.ActiveCfg = Debug|Any CPU
		{892ED3F8-2FAA-4C1E-BFA0-20E3FCF92E0A}.Debug|Any CPU.Build.0 = Debug|Any CPU
		{892ED3F8-2FAA-4C1E-BFA0-20E3FCF92E0A}.Debug|ARM.ActiveCfg = Debug|Any CPU
		{892ED3F8-2FAA-4C1E-BFA0-20E3FCF92E0A}.Debug|iPhone.ActiveCfg = Debug|Any CPU
		{892ED3F8-2FAA-4C1E-BFA0-20E3FCF92E0A}.Debug|iPhone.Build.0 = Debug|Any CPU
		{892ED3F8-2FAA-4C1E-BFA0-20E3FCF92E0A}.Debug|iPhoneSimulator.ActiveCfg = Debug|Any CPU
		{892ED3F8-2FAA-4C1E-BFA0-20E3FCF92E0A}.Debug|iPhoneSimulator.Build.0 = Debug|Any CPU
		{892ED3F8-2FAA-4C1E-BFA0-20E3FCF92E0A}.Debug|Mixed Platforms.ActiveCfg = Debug|Any CPU
		{892ED3F8-2FAA-4C1E-BFA0-20E3FCF92E0A}.Debug|Mixed Platforms.Build.0 = Debug|Any CPU
		{892ED3F8-2FAA-4C1E-BFA0-20E3FCF92E0A}.Debug|x64.ActiveCfg = Debug|Any CPU
		{892ED3F8-2FAA-4C1E-BFA0-20E3FCF92E0A}.Debug|x86.ActiveCfg = Debug|Any CPU
		{892ED3F8-2FAA-4C1E-BFA0-20E3FCF92E0A}.Release|Any CPU.ActiveCfg = Release|Any CPU
		{892ED3F8-2FAA-4C1E-BFA0-20E3FCF92E0A}.Release|Any CPU.Build.0 = Release|Any CPU
		{892ED3F8-2FAA-4C1E-BFA0-20E3FCF92E0A}.Release|ARM.ActiveCfg = Release|Any CPU
		{892ED3F8-2FAA-4C1E-BFA0-20E3FCF92E0A}.Release|iPhone.ActiveCfg = Release|Any CPU
		{892ED3F8-2FAA-4C1E-BFA0-20E3FCF92E0A}.Release|iPhone.Build.0 = Release|Any CPU
		{892ED3F8-2FAA-4C1E-BFA0-20E3FCF92E0A}.Release|iPhoneSimulator.ActiveCfg = Release|Any CPU
		{892ED3F8-2FAA-4C1E-BFA0-20E3FCF92E0A}.Release|iPhoneSimulator.Build.0 = Release|Any CPU
		{892ED3F8-2FAA-4C1E-BFA0-20E3FCF92E0A}.Release|Mixed Platforms.ActiveCfg = Release|Any CPU
		{892ED3F8-2FAA-4C1E-BFA0-20E3FCF92E0A}.Release|Mixed Platforms.Build.0 = Release|Any CPU
		{892ED3F8-2FAA-4C1E-BFA0-20E3FCF92E0A}.Release|x64.ActiveCfg = Release|Any CPU
		{892ED3F8-2FAA-4C1E-BFA0-20E3FCF92E0A}.Release|x86.ActiveCfg = Release|Any CPU
		{70A04AFE-ECD4-4FA7-8F21-7A7D03F5D6ED}.Ad-Hoc|Any CPU.ActiveCfg = Ad-Hoc|iPhone
		{70A04AFE-ECD4-4FA7-8F21-7A7D03F5D6ED}.Ad-Hoc|ARM.ActiveCfg = Ad-Hoc|iPhone
		{70A04AFE-ECD4-4FA7-8F21-7A7D03F5D6ED}.Ad-Hoc|iPhone.ActiveCfg = Ad-Hoc|iPhone
		{70A04AFE-ECD4-4FA7-8F21-7A7D03F5D6ED}.Ad-Hoc|iPhone.Build.0 = Ad-Hoc|iPhone
		{70A04AFE-ECD4-4FA7-8F21-7A7D03F5D6ED}.Ad-Hoc|iPhoneSimulator.ActiveCfg = Ad-Hoc|iPhoneSimulator
		{70A04AFE-ECD4-4FA7-8F21-7A7D03F5D6ED}.Ad-Hoc|iPhoneSimulator.Build.0 = Ad-Hoc|iPhoneSimulator
		{70A04AFE-ECD4-4FA7-8F21-7A7D03F5D6ED}.Ad-Hoc|Mixed Platforms.ActiveCfg = Ad-Hoc|iPhone
		{70A04AFE-ECD4-4FA7-8F21-7A7D03F5D6ED}.Ad-Hoc|Mixed Platforms.Build.0 = Ad-Hoc|iPhone
		{70A04AFE-ECD4-4FA7-8F21-7A7D03F5D6ED}.Ad-Hoc|x64.ActiveCfg = Ad-Hoc|iPhoneSimulator
		{70A04AFE-ECD4-4FA7-8F21-7A7D03F5D6ED}.Ad-Hoc|x86.ActiveCfg = Ad-Hoc|iPhone
		{70A04AFE-ECD4-4FA7-8F21-7A7D03F5D6ED}.AppStore|Any CPU.ActiveCfg = AppStore|iPhone
		{70A04AFE-ECD4-4FA7-8F21-7A7D03F5D6ED}.AppStore|ARM.ActiveCfg = AppStore|iPhone
		{70A04AFE-ECD4-4FA7-8F21-7A7D03F5D6ED}.AppStore|iPhone.ActiveCfg = AppStore|iPhone
		{70A04AFE-ECD4-4FA7-8F21-7A7D03F5D6ED}.AppStore|iPhone.Build.0 = AppStore|iPhone
		{70A04AFE-ECD4-4FA7-8F21-7A7D03F5D6ED}.AppStore|iPhoneSimulator.ActiveCfg = AppStore|iPhoneSimulator
		{70A04AFE-ECD4-4FA7-8F21-7A7D03F5D6ED}.AppStore|iPhoneSimulator.Build.0 = AppStore|iPhoneSimulator
		{70A04AFE-ECD4-4FA7-8F21-7A7D03F5D6ED}.AppStore|Mixed Platforms.ActiveCfg = AppStore|iPhone
		{70A04AFE-ECD4-4FA7-8F21-7A7D03F5D6ED}.AppStore|Mixed Platforms.Build.0 = AppStore|iPhone
		{70A04AFE-ECD4-4FA7-8F21-7A7D03F5D6ED}.AppStore|x64.ActiveCfg = AppStore|iPhoneSimulator
		{70A04AFE-ECD4-4FA7-8F21-7A7D03F5D6ED}.AppStore|x86.ActiveCfg = AppStore|iPhone
		{70A04AFE-ECD4-4FA7-8F21-7A7D03F5D6ED}.Debug|Any CPU.ActiveCfg = Debug|iPhoneSimulator
		{70A04AFE-ECD4-4FA7-8F21-7A7D03F5D6ED}.Debug|Any CPU.Build.0 = Debug|iPhoneSimulator
		{70A04AFE-ECD4-4FA7-8F21-7A7D03F5D6ED}.Debug|ARM.ActiveCfg = Debug|iPhone
		{70A04AFE-ECD4-4FA7-8F21-7A7D03F5D6ED}.Debug|iPhone.ActiveCfg = Debug|iPhone
		{70A04AFE-ECD4-4FA7-8F21-7A7D03F5D6ED}.Debug|iPhone.Build.0 = Debug|iPhone
		{70A04AFE-ECD4-4FA7-8F21-7A7D03F5D6ED}.Debug|iPhoneSimulator.ActiveCfg = Debug|iPhoneSimulator
		{70A04AFE-ECD4-4FA7-8F21-7A7D03F5D6ED}.Debug|iPhoneSimulator.Build.0 = Debug|iPhoneSimulator
		{70A04AFE-ECD4-4FA7-8F21-7A7D03F5D6ED}.Debug|Mixed Platforms.ActiveCfg = Debug|iPhone
		{70A04AFE-ECD4-4FA7-8F21-7A7D03F5D6ED}.Debug|Mixed Platforms.Build.0 = Debug|iPhone
		{70A04AFE-ECD4-4FA7-8F21-7A7D03F5D6ED}.Debug|x64.ActiveCfg = Debug|iPhone
		{70A04AFE-ECD4-4FA7-8F21-7A7D03F5D6ED}.Debug|x86.ActiveCfg = Debug|iPhone
		{70A04AFE-ECD4-4FA7-8F21-7A7D03F5D6ED}.Release|Any CPU.ActiveCfg = Release|iPhone
		{70A04AFE-ECD4-4FA7-8F21-7A7D03F5D6ED}.Release|ARM.ActiveCfg = Release|iPhone
		{70A04AFE-ECD4-4FA7-8F21-7A7D03F5D6ED}.Release|iPhone.ActiveCfg = Release|iPhone
		{70A04AFE-ECD4-4FA7-8F21-7A7D03F5D6ED}.Release|iPhone.Build.0 = Release|iPhone
		{70A04AFE-ECD4-4FA7-8F21-7A7D03F5D6ED}.Release|iPhoneSimulator.ActiveCfg = Release|iPhoneSimulator
		{70A04AFE-ECD4-4FA7-8F21-7A7D03F5D6ED}.Release|iPhoneSimulator.Build.0 = Release|iPhoneSimulator
		{70A04AFE-ECD4-4FA7-8F21-7A7D03F5D6ED}.Release|Mixed Platforms.ActiveCfg = Release|iPhone
		{70A04AFE-ECD4-4FA7-8F21-7A7D03F5D6ED}.Release|Mixed Platforms.Build.0 = Release|iPhone
		{70A04AFE-ECD4-4FA7-8F21-7A7D03F5D6ED}.Release|x64.ActiveCfg = Release|iPhoneSimulator
		{70A04AFE-ECD4-4FA7-8F21-7A7D03F5D6ED}.Release|x86.ActiveCfg = Release|iPhone
		{2C0B1951-474D-48A2-97B4-169EFF46E98B}.Ad-Hoc|Any CPU.ActiveCfg = Release|Any CPU
		{2C0B1951-474D-48A2-97B4-169EFF46E98B}.Ad-Hoc|Any CPU.Build.0 = Release|Any CPU
		{2C0B1951-474D-48A2-97B4-169EFF46E98B}.Ad-Hoc|Any CPU.Deploy.0 = Release|Any CPU
		{2C0B1951-474D-48A2-97B4-169EFF46E98B}.Ad-Hoc|ARM.ActiveCfg = Release|Any CPU
		{2C0B1951-474D-48A2-97B4-169EFF46E98B}.Ad-Hoc|iPhone.ActiveCfg = Release|Any CPU
		{2C0B1951-474D-48A2-97B4-169EFF46E98B}.Ad-Hoc|iPhoneSimulator.ActiveCfg = Release|Any CPU
		{2C0B1951-474D-48A2-97B4-169EFF46E98B}.Ad-Hoc|Mixed Platforms.ActiveCfg = Release|Any CPU
		{2C0B1951-474D-48A2-97B4-169EFF46E98B}.Ad-Hoc|Mixed Platforms.Build.0 = Release|Any CPU
		{2C0B1951-474D-48A2-97B4-169EFF46E98B}.Ad-Hoc|Mixed Platforms.Deploy.0 = Release|Any CPU
		{2C0B1951-474D-48A2-97B4-169EFF46E98B}.Ad-Hoc|x64.ActiveCfg = Debug|Any CPU
		{2C0B1951-474D-48A2-97B4-169EFF46E98B}.Ad-Hoc|x86.ActiveCfg = Release|Any CPU
		{2C0B1951-474D-48A2-97B4-169EFF46E98B}.AppStore|Any CPU.ActiveCfg = Release|Any CPU
		{2C0B1951-474D-48A2-97B4-169EFF46E98B}.AppStore|Any CPU.Build.0 = Release|Any CPU
		{2C0B1951-474D-48A2-97B4-169EFF46E98B}.AppStore|Any CPU.Deploy.0 = Release|Any CPU
		{2C0B1951-474D-48A2-97B4-169EFF46E98B}.AppStore|ARM.ActiveCfg = Release|Any CPU
		{2C0B1951-474D-48A2-97B4-169EFF46E98B}.AppStore|iPhone.ActiveCfg = Release|Any CPU
		{2C0B1951-474D-48A2-97B4-169EFF46E98B}.AppStore|iPhoneSimulator.ActiveCfg = Release|Any CPU
		{2C0B1951-474D-48A2-97B4-169EFF46E98B}.AppStore|Mixed Platforms.ActiveCfg = Release|Any CPU
		{2C0B1951-474D-48A2-97B4-169EFF46E98B}.AppStore|Mixed Platforms.Build.0 = Release|Any CPU
		{2C0B1951-474D-48A2-97B4-169EFF46E98B}.AppStore|Mixed Platforms.Deploy.0 = Release|Any CPU
		{2C0B1951-474D-48A2-97B4-169EFF46E98B}.AppStore|x64.ActiveCfg = Debug|Any CPU
		{2C0B1951-474D-48A2-97B4-169EFF46E98B}.AppStore|x86.ActiveCfg = Release|Any CPU
		{2C0B1951-474D-48A2-97B4-169EFF46E98B}.Debug|Any CPU.ActiveCfg = Debug|Any CPU
		{2C0B1951-474D-48A2-97B4-169EFF46E98B}.Debug|Any CPU.Build.0 = Debug|Any CPU
		{2C0B1951-474D-48A2-97B4-169EFF46E98B}.Debug|Any CPU.Deploy.0 = Debug|Any CPU
		{2C0B1951-474D-48A2-97B4-169EFF46E98B}.Debug|ARM.ActiveCfg = Debug|Any CPU
		{2C0B1951-474D-48A2-97B4-169EFF46E98B}.Debug|iPhone.ActiveCfg = Debug|Any CPU
		{2C0B1951-474D-48A2-97B4-169EFF46E98B}.Debug|iPhoneSimulator.ActiveCfg = Debug|Any CPU
		{2C0B1951-474D-48A2-97B4-169EFF46E98B}.Debug|iPhoneSimulator.Build.0 = Debug|Any CPU
		{2C0B1951-474D-48A2-97B4-169EFF46E98B}.Debug|iPhoneSimulator.Deploy.0 = Debug|Any CPU
		{2C0B1951-474D-48A2-97B4-169EFF46E98B}.Debug|Mixed Platforms.ActiveCfg = Debug|Any CPU
		{2C0B1951-474D-48A2-97B4-169EFF46E98B}.Debug|Mixed Platforms.Build.0 = Debug|Any CPU
		{2C0B1951-474D-48A2-97B4-169EFF46E98B}.Debug|Mixed Platforms.Deploy.0 = Debug|Any CPU
		{2C0B1951-474D-48A2-97B4-169EFF46E98B}.Debug|x64.ActiveCfg = Debug|Any CPU
		{2C0B1951-474D-48A2-97B4-169EFF46E98B}.Debug|x86.ActiveCfg = Debug|Any CPU
		{2C0B1951-474D-48A2-97B4-169EFF46E98B}.Release|Any CPU.ActiveCfg = Release|Any CPU
		{2C0B1951-474D-48A2-97B4-169EFF46E98B}.Release|Any CPU.Build.0 = Release|Any CPU
		{2C0B1951-474D-48A2-97B4-169EFF46E98B}.Release|Any CPU.Deploy.0 = Release|Any CPU
		{2C0B1951-474D-48A2-97B4-169EFF46E98B}.Release|ARM.ActiveCfg = Release|Any CPU
		{2C0B1951-474D-48A2-97B4-169EFF46E98B}.Release|iPhone.ActiveCfg = Release|Any CPU
		{2C0B1951-474D-48A2-97B4-169EFF46E98B}.Release|iPhoneSimulator.ActiveCfg = Release|Any CPU
		{2C0B1951-474D-48A2-97B4-169EFF46E98B}.Release|Mixed Platforms.ActiveCfg = Release|Any CPU
		{2C0B1951-474D-48A2-97B4-169EFF46E98B}.Release|Mixed Platforms.Build.0 = Release|Any CPU
		{2C0B1951-474D-48A2-97B4-169EFF46E98B}.Release|Mixed Platforms.Deploy.0 = Release|Any CPU
		{2C0B1951-474D-48A2-97B4-169EFF46E98B}.Release|x64.ActiveCfg = Release|Any CPU
		{2C0B1951-474D-48A2-97B4-169EFF46E98B}.Release|x86.ActiveCfg = Release|Any CPU
		{D9A58DCF-766E-4260-94D7-2B627B7FB93E}.Ad-Hoc|Any CPU.ActiveCfg = Release|Any CPU
		{D9A58DCF-766E-4260-94D7-2B627B7FB93E}.Ad-Hoc|Any CPU.Build.0 = Release|Any CPU
		{D9A58DCF-766E-4260-94D7-2B627B7FB93E}.Ad-Hoc|Any CPU.Deploy.0 = Release|Any CPU
		{D9A58DCF-766E-4260-94D7-2B627B7FB93E}.Ad-Hoc|ARM.ActiveCfg = Release|ARM
		{D9A58DCF-766E-4260-94D7-2B627B7FB93E}.Ad-Hoc|ARM.Build.0 = Release|ARM
		{D9A58DCF-766E-4260-94D7-2B627B7FB93E}.Ad-Hoc|ARM.Deploy.0 = Release|ARM
		{D9A58DCF-766E-4260-94D7-2B627B7FB93E}.Ad-Hoc|iPhone.ActiveCfg = Release|Any CPU
		{D9A58DCF-766E-4260-94D7-2B627B7FB93E}.Ad-Hoc|iPhoneSimulator.ActiveCfg = Release|Any CPU
		{D9A58DCF-766E-4260-94D7-2B627B7FB93E}.Ad-Hoc|Mixed Platforms.ActiveCfg = Release|x86
		{D9A58DCF-766E-4260-94D7-2B627B7FB93E}.Ad-Hoc|Mixed Platforms.Build.0 = Release|x86
		{D9A58DCF-766E-4260-94D7-2B627B7FB93E}.Ad-Hoc|Mixed Platforms.Deploy.0 = Release|x86
		{D9A58DCF-766E-4260-94D7-2B627B7FB93E}.Ad-Hoc|x64.ActiveCfg = Debug|Any CPU
		{D9A58DCF-766E-4260-94D7-2B627B7FB93E}.Ad-Hoc|x86.ActiveCfg = Release|x86
		{D9A58DCF-766E-4260-94D7-2B627B7FB93E}.Ad-Hoc|x86.Build.0 = Release|x86
		{D9A58DCF-766E-4260-94D7-2B627B7FB93E}.Ad-Hoc|x86.Deploy.0 = Release|x86
		{D9A58DCF-766E-4260-94D7-2B627B7FB93E}.AppStore|Any CPU.ActiveCfg = Release|Any CPU
		{D9A58DCF-766E-4260-94D7-2B627B7FB93E}.AppStore|Any CPU.Build.0 = Release|Any CPU
		{D9A58DCF-766E-4260-94D7-2B627B7FB93E}.AppStore|Any CPU.Deploy.0 = Release|Any CPU
		{D9A58DCF-766E-4260-94D7-2B627B7FB93E}.AppStore|ARM.ActiveCfg = Release|ARM
		{D9A58DCF-766E-4260-94D7-2B627B7FB93E}.AppStore|ARM.Build.0 = Release|ARM
		{D9A58DCF-766E-4260-94D7-2B627B7FB93E}.AppStore|ARM.Deploy.0 = Release|ARM
		{D9A58DCF-766E-4260-94D7-2B627B7FB93E}.AppStore|iPhone.ActiveCfg = Release|Any CPU
		{D9A58DCF-766E-4260-94D7-2B627B7FB93E}.AppStore|iPhoneSimulator.ActiveCfg = Release|Any CPU
		{D9A58DCF-766E-4260-94D7-2B627B7FB93E}.AppStore|Mixed Platforms.ActiveCfg = Release|x86
		{D9A58DCF-766E-4260-94D7-2B627B7FB93E}.AppStore|Mixed Platforms.Build.0 = Release|x86
		{D9A58DCF-766E-4260-94D7-2B627B7FB93E}.AppStore|Mixed Platforms.Deploy.0 = Release|x86
		{D9A58DCF-766E-4260-94D7-2B627B7FB93E}.AppStore|x64.ActiveCfg = Debug|Any CPU
		{D9A58DCF-766E-4260-94D7-2B627B7FB93E}.AppStore|x86.ActiveCfg = Release|x86
		{D9A58DCF-766E-4260-94D7-2B627B7FB93E}.AppStore|x86.Build.0 = Release|x86
		{D9A58DCF-766E-4260-94D7-2B627B7FB93E}.AppStore|x86.Deploy.0 = Release|x86
		{D9A58DCF-766E-4260-94D7-2B627B7FB93E}.Debug|Any CPU.ActiveCfg = Debug|Any CPU
		{D9A58DCF-766E-4260-94D7-2B627B7FB93E}.Debug|Any CPU.Build.0 = Debug|Any CPU
		{D9A58DCF-766E-4260-94D7-2B627B7FB93E}.Debug|Any CPU.Deploy.0 = Debug|Any CPU
		{D9A58DCF-766E-4260-94D7-2B627B7FB93E}.Debug|ARM.ActiveCfg = Debug|ARM
		{D9A58DCF-766E-4260-94D7-2B627B7FB93E}.Debug|ARM.Build.0 = Debug|ARM
		{D9A58DCF-766E-4260-94D7-2B627B7FB93E}.Debug|ARM.Deploy.0 = Debug|ARM
		{D9A58DCF-766E-4260-94D7-2B627B7FB93E}.Debug|iPhone.ActiveCfg = Debug|Any CPU
		{D9A58DCF-766E-4260-94D7-2B627B7FB93E}.Debug|iPhoneSimulator.ActiveCfg = Debug|Any CPU
		{D9A58DCF-766E-4260-94D7-2B627B7FB93E}.Debug|iPhoneSimulator.Build.0 = Debug|Any CPU
		{D9A58DCF-766E-4260-94D7-2B627B7FB93E}.Debug|iPhoneSimulator.Deploy.0 = Debug|Any CPU
		{D9A58DCF-766E-4260-94D7-2B627B7FB93E}.Debug|Mixed Platforms.ActiveCfg = Debug|x86
		{D9A58DCF-766E-4260-94D7-2B627B7FB93E}.Debug|Mixed Platforms.Build.0 = Debug|x86
		{D9A58DCF-766E-4260-94D7-2B627B7FB93E}.Debug|Mixed Platforms.Deploy.0 = Debug|x86
		{D9A58DCF-766E-4260-94D7-2B627B7FB93E}.Debug|x64.ActiveCfg = Debug|Any CPU
		{D9A58DCF-766E-4260-94D7-2B627B7FB93E}.Debug|x86.ActiveCfg = Debug|x86
		{D9A58DCF-766E-4260-94D7-2B627B7FB93E}.Debug|x86.Build.0 = Debug|x86
		{D9A58DCF-766E-4260-94D7-2B627B7FB93E}.Debug|x86.Deploy.0 = Debug|x86
		{D9A58DCF-766E-4260-94D7-2B627B7FB93E}.Release|Any CPU.ActiveCfg = Release|Any CPU
		{D9A58DCF-766E-4260-94D7-2B627B7FB93E}.Release|Any CPU.Build.0 = Release|Any CPU
		{D9A58DCF-766E-4260-94D7-2B627B7FB93E}.Release|Any CPU.Deploy.0 = Release|Any CPU
		{D9A58DCF-766E-4260-94D7-2B627B7FB93E}.Release|ARM.ActiveCfg = Release|ARM
		{D9A58DCF-766E-4260-94D7-2B627B7FB93E}.Release|ARM.Build.0 = Release|ARM
		{D9A58DCF-766E-4260-94D7-2B627B7FB93E}.Release|ARM.Deploy.0 = Release|ARM
		{D9A58DCF-766E-4260-94D7-2B627B7FB93E}.Release|iPhone.ActiveCfg = Release|Any CPU
		{D9A58DCF-766E-4260-94D7-2B627B7FB93E}.Release|iPhoneSimulator.ActiveCfg = Release|Any CPU
		{D9A58DCF-766E-4260-94D7-2B627B7FB93E}.Release|Mixed Platforms.ActiveCfg = Release|x86
		{D9A58DCF-766E-4260-94D7-2B627B7FB93E}.Release|Mixed Platforms.Build.0 = Release|x86
		{D9A58DCF-766E-4260-94D7-2B627B7FB93E}.Release|Mixed Platforms.Deploy.0 = Release|x86
		{D9A58DCF-766E-4260-94D7-2B627B7FB93E}.Release|x64.ActiveCfg = Release|Any CPU
		{D9A58DCF-766E-4260-94D7-2B627B7FB93E}.Release|x86.ActiveCfg = Release|x86
		{D9A58DCF-766E-4260-94D7-2B627B7FB93E}.Release|x86.Build.0 = Release|x86
		{D9A58DCF-766E-4260-94D7-2B627B7FB93E}.Release|x86.Deploy.0 = Release|x86
		{67F9D3A8-F71E-4428-913F-C37AE82CDB24}.Ad-Hoc|Any CPU.ActiveCfg = Release|Any CPU
		{67F9D3A8-F71E-4428-913F-C37AE82CDB24}.Ad-Hoc|Any CPU.Build.0 = Release|Any CPU
		{67F9D3A8-F71E-4428-913F-C37AE82CDB24}.Ad-Hoc|ARM.ActiveCfg = Release|Any CPU
		{67F9D3A8-F71E-4428-913F-C37AE82CDB24}.Ad-Hoc|iPhone.ActiveCfg = Release|Any CPU
		{67F9D3A8-F71E-4428-913F-C37AE82CDB24}.Ad-Hoc|iPhoneSimulator.ActiveCfg = Release|Any CPU
		{67F9D3A8-F71E-4428-913F-C37AE82CDB24}.Ad-Hoc|Mixed Platforms.ActiveCfg = Release|Any CPU
		{67F9D3A8-F71E-4428-913F-C37AE82CDB24}.Ad-Hoc|Mixed Platforms.Build.0 = Release|Any CPU
		{67F9D3A8-F71E-4428-913F-C37AE82CDB24}.Ad-Hoc|x64.ActiveCfg = Debug|Any CPU
		{67F9D3A8-F71E-4428-913F-C37AE82CDB24}.Ad-Hoc|x86.ActiveCfg = Release|Any CPU
		{67F9D3A8-F71E-4428-913F-C37AE82CDB24}.AppStore|Any CPU.ActiveCfg = Release|Any CPU
		{67F9D3A8-F71E-4428-913F-C37AE82CDB24}.AppStore|Any CPU.Build.0 = Release|Any CPU
		{67F9D3A8-F71E-4428-913F-C37AE82CDB24}.AppStore|ARM.ActiveCfg = Release|Any CPU
		{67F9D3A8-F71E-4428-913F-C37AE82CDB24}.AppStore|iPhone.ActiveCfg = Release|Any CPU
		{67F9D3A8-F71E-4428-913F-C37AE82CDB24}.AppStore|iPhoneSimulator.ActiveCfg = Release|Any CPU
		{67F9D3A8-F71E-4428-913F-C37AE82CDB24}.AppStore|Mixed Platforms.ActiveCfg = Release|Any CPU
		{67F9D3A8-F71E-4428-913F-C37AE82CDB24}.AppStore|Mixed Platforms.Build.0 = Release|Any CPU
		{67F9D3A8-F71E-4428-913F-C37AE82CDB24}.AppStore|x64.ActiveCfg = Debug|Any CPU
		{67F9D3A8-F71E-4428-913F-C37AE82CDB24}.AppStore|x86.ActiveCfg = Release|Any CPU
		{67F9D3A8-F71E-4428-913F-C37AE82CDB24}.Debug|Any CPU.ActiveCfg = Debug|Any CPU
		{67F9D3A8-F71E-4428-913F-C37AE82CDB24}.Debug|Any CPU.Build.0 = Debug|Any CPU
		{67F9D3A8-F71E-4428-913F-C37AE82CDB24}.Debug|ARM.ActiveCfg = Debug|Any CPU
		{67F9D3A8-F71E-4428-913F-C37AE82CDB24}.Debug|iPhone.ActiveCfg = Debug|Any CPU
		{67F9D3A8-F71E-4428-913F-C37AE82CDB24}.Debug|iPhone.Build.0 = Debug|Any CPU
		{67F9D3A8-F71E-4428-913F-C37AE82CDB24}.Debug|iPhoneSimulator.ActiveCfg = Debug|Any CPU
		{67F9D3A8-F71E-4428-913F-C37AE82CDB24}.Debug|iPhoneSimulator.Build.0 = Debug|Any CPU
		{67F9D3A8-F71E-4428-913F-C37AE82CDB24}.Debug|Mixed Platforms.ActiveCfg = Debug|Any CPU
		{67F9D3A8-F71E-4428-913F-C37AE82CDB24}.Debug|Mixed Platforms.Build.0 = Debug|Any CPU
		{67F9D3A8-F71E-4428-913F-C37AE82CDB24}.Debug|x64.ActiveCfg = Debug|Any CPU
		{67F9D3A8-F71E-4428-913F-C37AE82CDB24}.Debug|x86.ActiveCfg = Debug|Any CPU
		{67F9D3A8-F71E-4428-913F-C37AE82CDB24}.Release|Any CPU.ActiveCfg = Release|Any CPU
		{67F9D3A8-F71E-4428-913F-C37AE82CDB24}.Release|Any CPU.Build.0 = Release|Any CPU
		{67F9D3A8-F71E-4428-913F-C37AE82CDB24}.Release|ARM.ActiveCfg = Release|Any CPU
		{67F9D3A8-F71E-4428-913F-C37AE82CDB24}.Release|iPhone.ActiveCfg = Release|Any CPU
		{67F9D3A8-F71E-4428-913F-C37AE82CDB24}.Release|iPhone.Build.0 = Release|Any CPU
		{67F9D3A8-F71E-4428-913F-C37AE82CDB24}.Release|iPhoneSimulator.ActiveCfg = Release|Any CPU
		{67F9D3A8-F71E-4428-913F-C37AE82CDB24}.Release|iPhoneSimulator.Build.0 = Release|Any CPU
		{67F9D3A8-F71E-4428-913F-C37AE82CDB24}.Release|Mixed Platforms.ActiveCfg = Release|Any CPU
		{67F9D3A8-F71E-4428-913F-C37AE82CDB24}.Release|Mixed Platforms.Build.0 = Release|Any CPU
		{67F9D3A8-F71E-4428-913F-C37AE82CDB24}.Release|x64.ActiveCfg = Release|Any CPU
		{67F9D3A8-F71E-4428-913F-C37AE82CDB24}.Release|x86.ActiveCfg = Release|Any CPU
		{C54B2C68-E27C-4748-A291-7D9064306F78}.Ad-Hoc|Any CPU.ActiveCfg = Release|Any CPU
		{C54B2C68-E27C-4748-A291-7D9064306F78}.Ad-Hoc|Any CPU.Build.0 = Release|Any CPU
		{C54B2C68-E27C-4748-A291-7D9064306F78}.Ad-Hoc|Any CPU.Deploy.0 = Release|Any CPU
		{C54B2C68-E27C-4748-A291-7D9064306F78}.Ad-Hoc|ARM.ActiveCfg = Release|ARM
		{C54B2C68-E27C-4748-A291-7D9064306F78}.Ad-Hoc|ARM.Build.0 = Release|ARM
		{C54B2C68-E27C-4748-A291-7D9064306F78}.Ad-Hoc|ARM.Deploy.0 = Release|ARM
		{C54B2C68-E27C-4748-A291-7D9064306F78}.Ad-Hoc|iPhone.ActiveCfg = Release|Any CPU
		{C54B2C68-E27C-4748-A291-7D9064306F78}.Ad-Hoc|iPhoneSimulator.ActiveCfg = Release|Any CPU
		{C54B2C68-E27C-4748-A291-7D9064306F78}.Ad-Hoc|Mixed Platforms.ActiveCfg = Release|x86
		{C54B2C68-E27C-4748-A291-7D9064306F78}.Ad-Hoc|Mixed Platforms.Build.0 = Release|x86
		{C54B2C68-E27C-4748-A291-7D9064306F78}.Ad-Hoc|Mixed Platforms.Deploy.0 = Release|x86
		{C54B2C68-E27C-4748-A291-7D9064306F78}.Ad-Hoc|x64.ActiveCfg = Release|x64
		{C54B2C68-E27C-4748-A291-7D9064306F78}.Ad-Hoc|x64.Build.0 = Release|x64
		{C54B2C68-E27C-4748-A291-7D9064306F78}.Ad-Hoc|x64.Deploy.0 = Release|x64
		{C54B2C68-E27C-4748-A291-7D9064306F78}.Ad-Hoc|x86.ActiveCfg = Release|x86
		{C54B2C68-E27C-4748-A291-7D9064306F78}.Ad-Hoc|x86.Build.0 = Release|x86
		{C54B2C68-E27C-4748-A291-7D9064306F78}.Ad-Hoc|x86.Deploy.0 = Release|x86
		{C54B2C68-E27C-4748-A291-7D9064306F78}.AppStore|Any CPU.ActiveCfg = Release|Any CPU
		{C54B2C68-E27C-4748-A291-7D9064306F78}.AppStore|Any CPU.Build.0 = Release|Any CPU
		{C54B2C68-E27C-4748-A291-7D9064306F78}.AppStore|Any CPU.Deploy.0 = Release|Any CPU
		{C54B2C68-E27C-4748-A291-7D9064306F78}.AppStore|ARM.ActiveCfg = Release|ARM
		{C54B2C68-E27C-4748-A291-7D9064306F78}.AppStore|ARM.Build.0 = Release|ARM
		{C54B2C68-E27C-4748-A291-7D9064306F78}.AppStore|ARM.Deploy.0 = Release|ARM
		{C54B2C68-E27C-4748-A291-7D9064306F78}.AppStore|iPhone.ActiveCfg = Release|Any CPU
		{C54B2C68-E27C-4748-A291-7D9064306F78}.AppStore|iPhoneSimulator.ActiveCfg = Release|Any CPU
		{C54B2C68-E27C-4748-A291-7D9064306F78}.AppStore|Mixed Platforms.ActiveCfg = Release|x86
		{C54B2C68-E27C-4748-A291-7D9064306F78}.AppStore|Mixed Platforms.Build.0 = Release|x86
		{C54B2C68-E27C-4748-A291-7D9064306F78}.AppStore|Mixed Platforms.Deploy.0 = Release|x86
		{C54B2C68-E27C-4748-A291-7D9064306F78}.AppStore|x64.ActiveCfg = Release|x64
		{C54B2C68-E27C-4748-A291-7D9064306F78}.AppStore|x64.Build.0 = Release|x64
		{C54B2C68-E27C-4748-A291-7D9064306F78}.AppStore|x64.Deploy.0 = Release|x64
		{C54B2C68-E27C-4748-A291-7D9064306F78}.AppStore|x86.ActiveCfg = Release|x86
		{C54B2C68-E27C-4748-A291-7D9064306F78}.AppStore|x86.Build.0 = Release|x86
		{C54B2C68-E27C-4748-A291-7D9064306F78}.AppStore|x86.Deploy.0 = Release|x86
		{C54B2C68-E27C-4748-A291-7D9064306F78}.Debug|Any CPU.ActiveCfg = Debug|Any CPU
		{C54B2C68-E27C-4748-A291-7D9064306F78}.Debug|Any CPU.Build.0 = Debug|Any CPU
		{C54B2C68-E27C-4748-A291-7D9064306F78}.Debug|Any CPU.Deploy.0 = Debug|Any CPU
		{C54B2C68-E27C-4748-A291-7D9064306F78}.Debug|ARM.ActiveCfg = Debug|ARM
		{C54B2C68-E27C-4748-A291-7D9064306F78}.Debug|ARM.Build.0 = Debug|ARM
		{C54B2C68-E27C-4748-A291-7D9064306F78}.Debug|ARM.Deploy.0 = Debug|ARM
		{C54B2C68-E27C-4748-A291-7D9064306F78}.Debug|iPhone.ActiveCfg = Debug|Any CPU
		{C54B2C68-E27C-4748-A291-7D9064306F78}.Debug|iPhoneSimulator.ActiveCfg = Debug|Any CPU
		{C54B2C68-E27C-4748-A291-7D9064306F78}.Debug|Mixed Platforms.ActiveCfg = Debug|x86
		{C54B2C68-E27C-4748-A291-7D9064306F78}.Debug|Mixed Platforms.Build.0 = Debug|x86
		{C54B2C68-E27C-4748-A291-7D9064306F78}.Debug|Mixed Platforms.Deploy.0 = Debug|x86
		{C54B2C68-E27C-4748-A291-7D9064306F78}.Debug|x64.ActiveCfg = Debug|x64
		{C54B2C68-E27C-4748-A291-7D9064306F78}.Debug|x64.Build.0 = Debug|x64
		{C54B2C68-E27C-4748-A291-7D9064306F78}.Debug|x64.Deploy.0 = Debug|x64
		{C54B2C68-E27C-4748-A291-7D9064306F78}.Debug|x86.ActiveCfg = Debug|x86
		{C54B2C68-E27C-4748-A291-7D9064306F78}.Debug|x86.Build.0 = Debug|x86
		{C54B2C68-E27C-4748-A291-7D9064306F78}.Debug|x86.Deploy.0 = Debug|x86
		{C54B2C68-E27C-4748-A291-7D9064306F78}.Release|Any CPU.ActiveCfg = Release|Any CPU
		{C54B2C68-E27C-4748-A291-7D9064306F78}.Release|Any CPU.Build.0 = Release|Any CPU
		{C54B2C68-E27C-4748-A291-7D9064306F78}.Release|Any CPU.Deploy.0 = Release|Any CPU
		{C54B2C68-E27C-4748-A291-7D9064306F78}.Release|ARM.ActiveCfg = Release|ARM
		{C54B2C68-E27C-4748-A291-7D9064306F78}.Release|ARM.Build.0 = Release|ARM
		{C54B2C68-E27C-4748-A291-7D9064306F78}.Release|ARM.Deploy.0 = Release|ARM
		{C54B2C68-E27C-4748-A291-7D9064306F78}.Release|iPhone.ActiveCfg = Release|Any CPU
		{C54B2C68-E27C-4748-A291-7D9064306F78}.Release|iPhoneSimulator.ActiveCfg = Release|Any CPU
		{C54B2C68-E27C-4748-A291-7D9064306F78}.Release|Mixed Platforms.ActiveCfg = Release|x86
		{C54B2C68-E27C-4748-A291-7D9064306F78}.Release|Mixed Platforms.Build.0 = Release|x86
		{C54B2C68-E27C-4748-A291-7D9064306F78}.Release|Mixed Platforms.Deploy.0 = Release|x86
		{C54B2C68-E27C-4748-A291-7D9064306F78}.Release|x64.ActiveCfg = Release|x64
		{C54B2C68-E27C-4748-A291-7D9064306F78}.Release|x64.Build.0 = Release|x64
		{C54B2C68-E27C-4748-A291-7D9064306F78}.Release|x64.Deploy.0 = Release|x64
		{C54B2C68-E27C-4748-A291-7D9064306F78}.Release|x86.ActiveCfg = Release|x86
		{C54B2C68-E27C-4748-A291-7D9064306F78}.Release|x86.Build.0 = Release|x86
		{C54B2C68-E27C-4748-A291-7D9064306F78}.Release|x86.Deploy.0 = Release|x86
		{C3CF531F-7ECD-4FB9-8BEA-28C3AE386F86}.Ad-Hoc|Any CPU.ActiveCfg = Release|Any CPU
		{C3CF531F-7ECD-4FB9-8BEA-28C3AE386F86}.Ad-Hoc|Any CPU.Build.0 = Release|Any CPU
		{C3CF531F-7ECD-4FB9-8BEA-28C3AE386F86}.Ad-Hoc|Any CPU.Deploy.0 = Release|Any CPU
		{C3CF531F-7ECD-4FB9-8BEA-28C3AE386F86}.Ad-Hoc|ARM.ActiveCfg = Release|ARM
		{C3CF531F-7ECD-4FB9-8BEA-28C3AE386F86}.Ad-Hoc|ARM.Build.0 = Release|ARM
		{C3CF531F-7ECD-4FB9-8BEA-28C3AE386F86}.Ad-Hoc|ARM.Deploy.0 = Release|ARM
		{C3CF531F-7ECD-4FB9-8BEA-28C3AE386F86}.Ad-Hoc|iPhone.ActiveCfg = Release|Any CPU
		{C3CF531F-7ECD-4FB9-8BEA-28C3AE386F86}.Ad-Hoc|iPhoneSimulator.ActiveCfg = Release|Any CPU
		{C3CF531F-7ECD-4FB9-8BEA-28C3AE386F86}.Ad-Hoc|Mixed Platforms.ActiveCfg = Release|x86
		{C3CF531F-7ECD-4FB9-8BEA-28C3AE386F86}.Ad-Hoc|Mixed Platforms.Build.0 = Release|x86
		{C3CF531F-7ECD-4FB9-8BEA-28C3AE386F86}.Ad-Hoc|Mixed Platforms.Deploy.0 = Release|x86
		{C3CF531F-7ECD-4FB9-8BEA-28C3AE386F86}.Ad-Hoc|x64.ActiveCfg = Release|Any CPU
		{C3CF531F-7ECD-4FB9-8BEA-28C3AE386F86}.Ad-Hoc|x86.ActiveCfg = Release|x86
		{C3CF531F-7ECD-4FB9-8BEA-28C3AE386F86}.Ad-Hoc|x86.Build.0 = Release|x86
		{C3CF531F-7ECD-4FB9-8BEA-28C3AE386F86}.Ad-Hoc|x86.Deploy.0 = Release|x86
		{C3CF531F-7ECD-4FB9-8BEA-28C3AE386F86}.AppStore|Any CPU.ActiveCfg = Release|Any CPU
		{C3CF531F-7ECD-4FB9-8BEA-28C3AE386F86}.AppStore|Any CPU.Build.0 = Release|Any CPU
		{C3CF531F-7ECD-4FB9-8BEA-28C3AE386F86}.AppStore|Any CPU.Deploy.0 = Release|Any CPU
		{C3CF531F-7ECD-4FB9-8BEA-28C3AE386F86}.AppStore|ARM.ActiveCfg = Release|ARM
		{C3CF531F-7ECD-4FB9-8BEA-28C3AE386F86}.AppStore|ARM.Build.0 = Release|ARM
		{C3CF531F-7ECD-4FB9-8BEA-28C3AE386F86}.AppStore|ARM.Deploy.0 = Release|ARM
		{C3CF531F-7ECD-4FB9-8BEA-28C3AE386F86}.AppStore|iPhone.ActiveCfg = Release|Any CPU
		{C3CF531F-7ECD-4FB9-8BEA-28C3AE386F86}.AppStore|iPhoneSimulator.ActiveCfg = Release|Any CPU
		{C3CF531F-7ECD-4FB9-8BEA-28C3AE386F86}.AppStore|Mixed Platforms.ActiveCfg = Release|x86
		{C3CF531F-7ECD-4FB9-8BEA-28C3AE386F86}.AppStore|Mixed Platforms.Build.0 = Release|x86
		{C3CF531F-7ECD-4FB9-8BEA-28C3AE386F86}.AppStore|Mixed Platforms.Deploy.0 = Release|x86
		{C3CF531F-7ECD-4FB9-8BEA-28C3AE386F86}.AppStore|x64.ActiveCfg = Release|Any CPU
		{C3CF531F-7ECD-4FB9-8BEA-28C3AE386F86}.AppStore|x86.ActiveCfg = Release|x86
		{C3CF531F-7ECD-4FB9-8BEA-28C3AE386F86}.AppStore|x86.Build.0 = Release|x86
		{C3CF531F-7ECD-4FB9-8BEA-28C3AE386F86}.AppStore|x86.Deploy.0 = Release|x86
		{C3CF531F-7ECD-4FB9-8BEA-28C3AE386F86}.Debug|Any CPU.ActiveCfg = Debug|Any CPU
		{C3CF531F-7ECD-4FB9-8BEA-28C3AE386F86}.Debug|Any CPU.Build.0 = Debug|Any CPU
		{C3CF531F-7ECD-4FB9-8BEA-28C3AE386F86}.Debug|Any CPU.Deploy.0 = Debug|Any CPU
		{C3CF531F-7ECD-4FB9-8BEA-28C3AE386F86}.Debug|ARM.ActiveCfg = Debug|ARM
		{C3CF531F-7ECD-4FB9-8BEA-28C3AE386F86}.Debug|ARM.Build.0 = Debug|ARM
		{C3CF531F-7ECD-4FB9-8BEA-28C3AE386F86}.Debug|ARM.Deploy.0 = Debug|ARM
		{C3CF531F-7ECD-4FB9-8BEA-28C3AE386F86}.Debug|iPhone.ActiveCfg = Debug|Any CPU
		{C3CF531F-7ECD-4FB9-8BEA-28C3AE386F86}.Debug|iPhoneSimulator.ActiveCfg = Debug|Any CPU
		{C3CF531F-7ECD-4FB9-8BEA-28C3AE386F86}.Debug|Mixed Platforms.ActiveCfg = Debug|x86
		{C3CF531F-7ECD-4FB9-8BEA-28C3AE386F86}.Debug|Mixed Platforms.Build.0 = Debug|x86
		{C3CF531F-7ECD-4FB9-8BEA-28C3AE386F86}.Debug|Mixed Platforms.Deploy.0 = Debug|x86
		{C3CF531F-7ECD-4FB9-8BEA-28C3AE386F86}.Debug|x64.ActiveCfg = Debug|Any CPU
		{C3CF531F-7ECD-4FB9-8BEA-28C3AE386F86}.Debug|x86.ActiveCfg = Debug|x86
		{C3CF531F-7ECD-4FB9-8BEA-28C3AE386F86}.Debug|x86.Build.0 = Debug|x86
		{C3CF531F-7ECD-4FB9-8BEA-28C3AE386F86}.Debug|x86.Deploy.0 = Debug|x86
		{C3CF531F-7ECD-4FB9-8BEA-28C3AE386F86}.Release|Any CPU.ActiveCfg = Release|Any CPU
		{C3CF531F-7ECD-4FB9-8BEA-28C3AE386F86}.Release|Any CPU.Build.0 = Release|Any CPU
		{C3CF531F-7ECD-4FB9-8BEA-28C3AE386F86}.Release|Any CPU.Deploy.0 = Release|Any CPU
		{C3CF531F-7ECD-4FB9-8BEA-28C3AE386F86}.Release|ARM.ActiveCfg = Release|ARM
		{C3CF531F-7ECD-4FB9-8BEA-28C3AE386F86}.Release|ARM.Build.0 = Release|ARM
		{C3CF531F-7ECD-4FB9-8BEA-28C3AE386F86}.Release|ARM.Deploy.0 = Release|ARM
		{C3CF531F-7ECD-4FB9-8BEA-28C3AE386F86}.Release|iPhone.ActiveCfg = Release|Any CPU
		{C3CF531F-7ECD-4FB9-8BEA-28C3AE386F86}.Release|iPhoneSimulator.ActiveCfg = Release|Any CPU
		{C3CF531F-7ECD-4FB9-8BEA-28C3AE386F86}.Release|Mixed Platforms.ActiveCfg = Release|x86
		{C3CF531F-7ECD-4FB9-8BEA-28C3AE386F86}.Release|Mixed Platforms.Build.0 = Release|x86
		{C3CF531F-7ECD-4FB9-8BEA-28C3AE386F86}.Release|Mixed Platforms.Deploy.0 = Release|x86
		{C3CF531F-7ECD-4FB9-8BEA-28C3AE386F86}.Release|x64.ActiveCfg = Release|Any CPU
		{C3CF531F-7ECD-4FB9-8BEA-28C3AE386F86}.Release|x86.ActiveCfg = Release|x86
		{C3CF531F-7ECD-4FB9-8BEA-28C3AE386F86}.Release|x86.Build.0 = Release|x86
		{C3CF531F-7ECD-4FB9-8BEA-28C3AE386F86}.Release|x86.Deploy.0 = Release|x86
	EndGlobalSection
	GlobalSection(SolutionProperties) = preSolution
		HideSolutionNode = FALSE
	EndGlobalSection
EndGlobal
