
Microsoft Visual Studio Solution File, Format Version 12.00
# Visual Studio 2013
VisualStudioVersion = 12.0.30723.0
MinimumVisualStudioVersion = 10.0.40219.1
Project("{FAE04EC0-301F-11D3-BF4B-00C04F79EFBC}") = "ImageTap", "ImageTap\ImageTap\ImageTap.csproj", "{6D6DD3F0-7910-4D15-91A2-304E61C0DB08}"
EndProject
Project("{FAE04EC0-301F-11D3-BF4B-00C04F79EFBC}") = "ImageTap.iOS", "ImageTap\ImageTap.iOS\ImageTap.iOS.csproj", "{793E99BF-06E2-4358-A933-DDAC4A3C912D}"
EndProject
Project("{FAE04EC0-301F-11D3-BF4B-00C04F79EFBC}") = "ImageTap.Droid", "ImageTap\ImageTap.Droid\ImageTap.Droid.csproj", "{9710C6EE-777D-4B6D-A180-D4C62AAD386F}"
EndProject
Project("{FAE04EC0-301F-11D3-BF4B-00C04F79EFBC}") = "ImageTap.WinPhone", "ImageTap\ImageTap.WinPhone\ImageTap.WinPhone.csproj", "{CB0F5445-6D79-4D04-A3AD-E1318A27AF41}"
EndProject
Global
	GlobalSection(SolutionConfigurationPlatforms) = preSolution
		Ad-Hoc|Any CPU = Ad-Hoc|Any CPU
		Ad-Hoc|ARM = Ad-Hoc|ARM
		Ad-Hoc|iPhone = Ad-Hoc|iPhone
		Ad-Hoc|iPhoneSimulator = Ad-Hoc|iPhoneSimulator
		Ad-Hoc|Mixed Platforms = Ad-Hoc|Mixed Platforms
		Ad-Hoc|x86 = Ad-Hoc|x86
		AppStore|Any CPU = AppStore|Any CPU
		AppStore|ARM = AppStore|ARM
		AppStore|iPhone = AppStore|iPhone
		AppStore|iPhoneSimulator = AppStore|iPhoneSimulator
		AppStore|Mixed Platforms = AppStore|Mixed Platforms
		AppStore|x86 = AppStore|x86
		Debug|Any CPU = Debug|Any CPU
		Debug|ARM = Debug|ARM
		Debug|iPhone = Debug|iPhone
		Debug|iPhoneSimulator = Debug|iPhoneSimulator
		Debug|Mixed Platforms = Debug|Mixed Platforms
		Debug|x86 = Debug|x86
		Release|Any CPU = Release|Any CPU
		Release|ARM = Release|ARM
		Release|iPhone = Release|iPhone
		Release|iPhoneSimulator = Release|iPhoneSimulator
		Release|Mixed Platforms = Release|Mixed Platforms
		Release|x86 = Release|x86
	EndGlobalSection
	GlobalSection(ProjectConfigurationPlatforms) = postSolution
		{6D6DD3F0-7910-4D15-91A2-304E61C0DB08}.Ad-Hoc|Any CPU.ActiveCfg = Release|Any CPU
		{6D6DD3F0-7910-4D15-91A2-304E61C0DB08}.Ad-Hoc|Any CPU.Build.0 = Release|Any CPU
		{6D6DD3F0-7910-4D15-91A2-304E61C0DB08}.Ad-Hoc|ARM.ActiveCfg = Release|Any CPU
		{6D6DD3F0-7910-4D15-91A2-304E61C0DB08}.Ad-Hoc|iPhone.ActiveCfg = Release|Any CPU
		{6D6DD3F0-7910-4D15-91A2-304E61C0DB08}.Ad-Hoc|iPhoneSimulator.ActiveCfg = Release|Any CPU
		{6D6DD3F0-7910-4D15-91A2-304E61C0DB08}.Ad-Hoc|Mixed Platforms.ActiveCfg = Release|Any CPU
		{6D6DD3F0-7910-4D15-91A2-304E61C0DB08}.Ad-Hoc|Mixed Platforms.Build.0 = Release|Any CPU
		{6D6DD3F0-7910-4D15-91A2-304E61C0DB08}.Ad-Hoc|x86.ActiveCfg = Release|Any CPU
		{6D6DD3F0-7910-4D15-91A2-304E61C0DB08}.AppStore|Any CPU.ActiveCfg = Release|Any CPU
		{6D6DD3F0-7910-4D15-91A2-304E61C0DB08}.AppStore|Any CPU.Build.0 = Release|Any CPU
		{6D6DD3F0-7910-4D15-91A2-304E61C0DB08}.AppStore|ARM.ActiveCfg = Release|Any CPU
		{6D6DD3F0-7910-4D15-91A2-304E61C0DB08}.AppStore|iPhone.ActiveCfg = Release|Any CPU
		{6D6DD3F0-7910-4D15-91A2-304E61C0DB08}.AppStore|iPhoneSimulator.ActiveCfg = Release|Any CPU
		{6D6DD3F0-7910-4D15-91A2-304E61C0DB08}.AppStore|Mixed Platforms.ActiveCfg = Release|Any CPU
		{6D6DD3F0-7910-4D15-91A2-304E61C0DB08}.AppStore|Mixed Platforms.Build.0 = Release|Any CPU
		{6D6DD3F0-7910-4D15-91A2-304E61C0DB08}.AppStore|x86.ActiveCfg = Release|Any CPU
		{6D6DD3F0-7910-4D15-91A2-304E61C0DB08}.Debug|Any CPU.ActiveCfg = Debug|Any CPU
		{6D6DD3F0-7910-4D15-91A2-304E61C0DB08}.Debug|Any CPU.Build.0 = Debug|Any CPU
		{6D6DD3F0-7910-4D15-91A2-304E61C0DB08}.Debug|ARM.ActiveCfg = Debug|Any CPU
		{6D6DD3F0-7910-4D15-91A2-304E61C0DB08}.Debug|iPhone.ActiveCfg = Debug|Any CPU
		{6D6DD3F0-7910-4D15-91A2-304E61C0DB08}.Debug|iPhone.Build.0 = Debug|Any CPU
		{6D6DD3F0-7910-4D15-91A2-304E61C0DB08}.Debug|iPhoneSimulator.ActiveCfg = Debug|Any CPU
		{6D6DD3F0-7910-4D15-91A2-304E61C0DB08}.Debug|iPhoneSimulator.Build.0 = Debug|Any CPU
		{6D6DD3F0-7910-4D15-91A2-304E61C0DB08}.Debug|Mixed Platforms.ActiveCfg = Debug|Any CPU
		{6D6DD3F0-7910-4D15-91A2-304E61C0DB08}.Debug|Mixed Platforms.Build.0 = Debug|Any CPU
		{6D6DD3F0-7910-4D15-91A2-304E61C0DB08}.Debug|x86.ActiveCfg = Debug|Any CPU
		{6D6DD3F0-7910-4D15-91A2-304E61C0DB08}.Release|Any CPU.ActiveCfg = Release|Any CPU
		{6D6DD3F0-7910-4D15-91A2-304E61C0DB08}.Release|Any CPU.Build.0 = Release|Any CPU
		{6D6DD3F0-7910-4D15-91A2-304E61C0DB08}.Release|ARM.ActiveCfg = Release|Any CPU
		{6D6DD3F0-7910-4D15-91A2-304E61C0DB08}.Release|iPhone.ActiveCfg = Release|Any CPU
		{6D6DD3F0-7910-4D15-91A2-304E61C0DB08}.Release|iPhone.Build.0 = Release|Any CPU
		{6D6DD3F0-7910-4D15-91A2-304E61C0DB08}.Release|iPhoneSimulator.ActiveCfg = Release|Any CPU
		{6D6DD3F0-7910-4D15-91A2-304E61C0DB08}.Release|iPhoneSimulator.Build.0 = Release|Any CPU
		{6D6DD3F0-7910-4D15-91A2-304E61C0DB08}.Release|Mixed Platforms.ActiveCfg = Release|Any CPU
		{6D6DD3F0-7910-4D15-91A2-304E61C0DB08}.Release|Mixed Platforms.Build.0 = Release|Any CPU
		{6D6DD3F0-7910-4D15-91A2-304E61C0DB08}.Release|x86.ActiveCfg = Release|Any CPU
		{793E99BF-06E2-4358-A933-DDAC4A3C912D}.Ad-Hoc|Any CPU.ActiveCfg = Ad-Hoc|iPhone
		{793E99BF-06E2-4358-A933-DDAC4A3C912D}.Ad-Hoc|ARM.ActiveCfg = Ad-Hoc|iPhone
		{793E99BF-06E2-4358-A933-DDAC4A3C912D}.Ad-Hoc|iPhone.ActiveCfg = Ad-Hoc|iPhone
		{793E99BF-06E2-4358-A933-DDAC4A3C912D}.Ad-Hoc|iPhone.Build.0 = Ad-Hoc|iPhone
		{793E99BF-06E2-4358-A933-DDAC4A3C912D}.Ad-Hoc|iPhoneSimulator.ActiveCfg = Ad-Hoc|iPhoneSimulator
		{793E99BF-06E2-4358-A933-DDAC4A3C912D}.Ad-Hoc|iPhoneSimulator.Build.0 = Ad-Hoc|iPhoneSimulator
		{793E99BF-06E2-4358-A933-DDAC4A3C912D}.Ad-Hoc|Mixed Platforms.ActiveCfg = Ad-Hoc|iPhone
		{793E99BF-06E2-4358-A933-DDAC4A3C912D}.Ad-Hoc|Mixed Platforms.Build.0 = Ad-Hoc|iPhone
		{793E99BF-06E2-4358-A933-DDAC4A3C912D}.Ad-Hoc|x86.ActiveCfg = Ad-Hoc|iPhone
		{793E99BF-06E2-4358-A933-DDAC4A3C912D}.AppStore|Any CPU.ActiveCfg = AppStore|iPhone
		{793E99BF-06E2-4358-A933-DDAC4A3C912D}.AppStore|ARM.ActiveCfg = AppStore|iPhone
		{793E99BF-06E2-4358-A933-DDAC4A3C912D}.AppStore|iPhone.ActiveCfg = AppStore|iPhone
		{793E99BF-06E2-4358-A933-DDAC4A3C912D}.AppStore|iPhone.Build.0 = AppStore|iPhone
		{793E99BF-06E2-4358-A933-DDAC4A3C912D}.AppStore|iPhoneSimulator.ActiveCfg = AppStore|iPhoneSimulator
		{793E99BF-06E2-4358-A933-DDAC4A3C912D}.AppStore|iPhoneSimulator.Build.0 = AppStore|iPhoneSimulator
		{793E99BF-06E2-4358-A933-DDAC4A3C912D}.AppStore|Mixed Platforms.ActiveCfg = AppStore|iPhone
		{793E99BF-06E2-4358-A933-DDAC4A3C912D}.AppStore|Mixed Platforms.Build.0 = AppStore|iPhone
		{793E99BF-06E2-4358-A933-DDAC4A3C912D}.AppStore|x86.ActiveCfg = AppStore|iPhone
		{793E99BF-06E2-4358-A933-DDAC4A3C912D}.Debug|Any CPU.ActiveCfg = Debug|iPhoneSimulator
		{793E99BF-06E2-4358-A933-DDAC4A3C912D}.Debug|Any CPU.Build.0 = Debug|iPhoneSimulator
		{793E99BF-06E2-4358-A933-DDAC4A3C912D}.Debug|ARM.ActiveCfg = Debug|iPhone
		{793E99BF-06E2-4358-A933-DDAC4A3C912D}.Debug|iPhone.ActiveCfg = Debug|iPhone
		{793E99BF-06E2-4358-A933-DDAC4A3C912D}.Debug|iPhone.Build.0 = Debug|iPhone
		{793E99BF-06E2-4358-A933-DDAC4A3C912D}.Debug|iPhoneSimulator.ActiveCfg = Debug|iPhoneSimulator
		{793E99BF-06E2-4358-A933-DDAC4A3C912D}.Debug|iPhoneSimulator.Build.0 = Debug|iPhoneSimulator
		{793E99BF-06E2-4358-A933-DDAC4A3C912D}.Debug|Mixed Platforms.ActiveCfg = Debug|iPhone
		{793E99BF-06E2-4358-A933-DDAC4A3C912D}.Debug|Mixed Platforms.Build.0 = Debug|iPhone
		{793E99BF-06E2-4358-A933-DDAC4A3C912D}.Debug|x86.ActiveCfg = Debug|iPhone
		{793E99BF-06E2-4358-A933-DDAC4A3C912D}.Release|Any CPU.ActiveCfg = Release|iPhoneSimulator
		{793E99BF-06E2-4358-A933-DDAC4A3C912D}.Release|Any CPU.Build.0 = Release|iPhoneSimulator
		{793E99BF-06E2-4358-A933-DDAC4A3C912D}.Release|ARM.ActiveCfg = Release|iPhone
		{793E99BF-06E2-4358-A933-DDAC4A3C912D}.Release|iPhone.ActiveCfg = Release|iPhone
		{793E99BF-06E2-4358-A933-DDAC4A3C912D}.Release|iPhone.Build.0 = Release|iPhone
		{793E99BF-06E2-4358-A933-DDAC4A3C912D}.Release|iPhoneSimulator.ActiveCfg = Release|iPhoneSimulator
		{793E99BF-06E2-4358-A933-DDAC4A3C912D}.Release|iPhoneSimulator.Build.0 = Release|iPhoneSimulator
		{793E99BF-06E2-4358-A933-DDAC4A3C912D}.Release|Mixed Platforms.ActiveCfg = Release|iPhone
		{793E99BF-06E2-4358-A933-DDAC4A3C912D}.Release|Mixed Platforms.Build.0 = Release|iPhone
		{793E99BF-06E2-4358-A933-DDAC4A3C912D}.Release|x86.ActiveCfg = Release|iPhone
		{9710C6EE-777D-4B6D-A180-D4C62AAD386F}.Ad-Hoc|Any CPU.ActiveCfg = Release|Any CPU
		{9710C6EE-777D-4B6D-A180-D4C62AAD386F}.Ad-Hoc|Any CPU.Build.0 = Release|Any CPU
		{9710C6EE-777D-4B6D-A180-D4C62AAD386F}.Ad-Hoc|Any CPU.Deploy.0 = Release|Any CPU
		{9710C6EE-777D-4B6D-A180-D4C62AAD386F}.Ad-Hoc|ARM.ActiveCfg = Release|Any CPU
		{9710C6EE-777D-4B6D-A180-D4C62AAD386F}.Ad-Hoc|iPhone.ActiveCfg = Release|Any CPU
		{9710C6EE-777D-4B6D-A180-D4C62AAD386F}.Ad-Hoc|iPhoneSimulator.ActiveCfg = Release|Any CPU
		{9710C6EE-777D-4B6D-A180-D4C62AAD386F}.Ad-Hoc|Mixed Platforms.ActiveCfg = Release|Any CPU
		{9710C6EE-777D-4B6D-A180-D4C62AAD386F}.Ad-Hoc|Mixed Platforms.Build.0 = Release|Any CPU
		{9710C6EE-777D-4B6D-A180-D4C62AAD386F}.Ad-Hoc|Mixed Platforms.Deploy.0 = Release|Any CPU
		{9710C6EE-777D-4B6D-A180-D4C62AAD386F}.Ad-Hoc|x86.ActiveCfg = Release|Any CPU
		{9710C6EE-777D-4B6D-A180-D4C62AAD386F}.AppStore|Any CPU.ActiveCfg = Release|Any CPU
		{9710C6EE-777D-4B6D-A180-D4C62AAD386F}.AppStore|Any CPU.Build.0 = Release|Any CPU
		{9710C6EE-777D-4B6D-A180-D4C62AAD386F}.AppStore|Any CPU.Deploy.0 = Release|Any CPU
		{9710C6EE-777D-4B6D-A180-D4C62AAD386F}.AppStore|ARM.ActiveCfg = Release|Any CPU
		{9710C6EE-777D-4B6D-A180-D4C62AAD386F}.AppStore|iPhone.ActiveCfg = Release|Any CPU
		{9710C6EE-777D-4B6D-A180-D4C62AAD386F}.AppStore|iPhoneSimulator.ActiveCfg = Release|Any CPU
		{9710C6EE-777D-4B6D-A180-D4C62AAD386F}.AppStore|Mixed Platforms.ActiveCfg = Release|Any CPU
		{9710C6EE-777D-4B6D-A180-D4C62AAD386F}.AppStore|Mixed Platforms.Build.0 = Release|Any CPU
		{9710C6EE-777D-4B6D-A180-D4C62AAD386F}.AppStore|Mixed Platforms.Deploy.0 = Release|Any CPU
		{9710C6EE-777D-4B6D-A180-D4C62AAD386F}.AppStore|x86.ActiveCfg = Release|Any CPU
		{9710C6EE-777D-4B6D-A180-D4C62AAD386F}.Debug|Any CPU.ActiveCfg = Debug|Any CPU
		{9710C6EE-777D-4B6D-A180-D4C62AAD386F}.Debug|Any CPU.Build.0 = Debug|Any CPU
		{9710C6EE-777D-4B6D-A180-D4C62AAD386F}.Debug|Any CPU.Deploy.0 = Debug|Any CPU
		{9710C6EE-777D-4B6D-A180-D4C62AAD386F}.Debug|ARM.ActiveCfg = Debug|Any CPU
		{9710C6EE-777D-4B6D-A180-D4C62AAD386F}.Debug|iPhone.ActiveCfg = Debug|Any CPU
		{9710C6EE-777D-4B6D-A180-D4C62AAD386F}.Debug|iPhone.Build.0 = Debug|Any CPU
		{9710C6EE-777D-4B6D-A180-D4C62AAD386F}.Debug|iPhone.Deploy.0 = Debug|Any CPU
		{9710C6EE-777D-4B6D-A180-D4C62AAD386F}.Debug|iPhoneSimulator.ActiveCfg = Debug|Any CPU
		{9710C6EE-777D-4B6D-A180-D4C62AAD386F}.Debug|iPhoneSimulator.Build.0 = Debug|Any CPU
		{9710C6EE-777D-4B6D-A180-D4C62AAD386F}.Debug|iPhoneSimulator.Deploy.0 = Debug|Any CPU
		{9710C6EE-777D-4B6D-A180-D4C62AAD386F}.Debug|Mixed Platforms.ActiveCfg = Debug|Any CPU
		{9710C6EE-777D-4B6D-A180-D4C62AAD386F}.Debug|Mixed Platforms.Build.0 = Debug|Any CPU
		{9710C6EE-777D-4B6D-A180-D4C62AAD386F}.Debug|Mixed Platforms.Deploy.0 = Debug|Any CPU
		{9710C6EE-777D-4B6D-A180-D4C62AAD386F}.Debug|x86.ActiveCfg = Debug|Any CPU
		{9710C6EE-777D-4B6D-A180-D4C62AAD386F}.Release|Any CPU.ActiveCfg = Release|Any CPU
		{9710C6EE-777D-4B6D-A180-D4C62AAD386F}.Release|Any CPU.Build.0 = Release|Any CPU
		{9710C6EE-777D-4B6D-A180-D4C62AAD386F}.Release|Any CPU.Deploy.0 = Release|Any CPU
		{9710C6EE-777D-4B6D-A180-D4C62AAD386F}.Release|ARM.ActiveCfg = Release|Any CPU
		{9710C6EE-777D-4B6D-A180-D4C62AAD386F}.Release|iPhone.ActiveCfg = Release|Any CPU
		{9710C6EE-777D-4B6D-A180-D4C62AAD386F}.Release|iPhone.Build.0 = Release|Any CPU
		{9710C6EE-777D-4B6D-A180-D4C62AAD386F}.Release|iPhone.Deploy.0 = Release|Any CPU
		{9710C6EE-777D-4B6D-A180-D4C62AAD386F}.Release|iPhoneSimulator.ActiveCfg = Release|Any CPU
		{9710C6EE-777D-4B6D-A180-D4C62AAD386F}.Release|iPhoneSimulator.Build.0 = Release|Any CPU
		{9710C6EE-777D-4B6D-A180-D4C62AAD386F}.Release|iPhoneSimulator.Deploy.0 = Release|Any CPU
		{9710C6EE-777D-4B6D-A180-D4C62AAD386F}.Release|Mixed Platforms.ActiveCfg = Release|Any CPU
		{9710C6EE-777D-4B6D-A180-D4C62AAD386F}.Release|Mixed Platforms.Build.0 = Release|Any CPU
		{9710C6EE-777D-4B6D-A180-D4C62AAD386F}.Release|Mixed Platforms.Deploy.0 = Release|Any CPU
		{9710C6EE-777D-4B6D-A180-D4C62AAD386F}.Release|x86.ActiveCfg = Release|Any CPU
		{CB0F5445-6D79-4D04-A3AD-E1318A27AF41}.Ad-Hoc|Any CPU.ActiveCfg = Release|Any CPU
		{CB0F5445-6D79-4D04-A3AD-E1318A27AF41}.Ad-Hoc|Any CPU.Build.0 = Release|Any CPU
		{CB0F5445-6D79-4D04-A3AD-E1318A27AF41}.Ad-Hoc|Any CPU.Deploy.0 = Release|Any CPU
		{CB0F5445-6D79-4D04-A3AD-E1318A27AF41}.Ad-Hoc|ARM.ActiveCfg = Release|ARM
		{CB0F5445-6D79-4D04-A3AD-E1318A27AF41}.Ad-Hoc|ARM.Build.0 = Release|ARM
		{CB0F5445-6D79-4D04-A3AD-E1318A27AF41}.Ad-Hoc|ARM.Deploy.0 = Release|ARM
		{CB0F5445-6D79-4D04-A3AD-E1318A27AF41}.Ad-Hoc|iPhone.ActiveCfg = Release|Any CPU
		{CB0F5445-6D79-4D04-A3AD-E1318A27AF41}.Ad-Hoc|iPhoneSimulator.ActiveCfg = Release|Any CPU
		{CB0F5445-6D79-4D04-A3AD-E1318A27AF41}.Ad-Hoc|Mixed Platforms.ActiveCfg = Release|x86
		{CB0F5445-6D79-4D04-A3AD-E1318A27AF41}.Ad-Hoc|Mixed Platforms.Build.0 = Release|x86
		{CB0F5445-6D79-4D04-A3AD-E1318A27AF41}.Ad-Hoc|Mixed Platforms.Deploy.0 = Release|x86
		{CB0F5445-6D79-4D04-A3AD-E1318A27AF41}.Ad-Hoc|x86.ActiveCfg = Release|x86
		{CB0F5445-6D79-4D04-A3AD-E1318A27AF41}.Ad-Hoc|x86.Build.0 = Release|x86
		{CB0F5445-6D79-4D04-A3AD-E1318A27AF41}.Ad-Hoc|x86.Deploy.0 = Release|x86
		{CB0F5445-6D79-4D04-A3AD-E1318A27AF41}.AppStore|Any CPU.ActiveCfg = Release|Any CPU
		{CB0F5445-6D79-4D04-A3AD-E1318A27AF41}.AppStore|Any CPU.Build.0 = Release|Any CPU
		{CB0F5445-6D79-4D04-A3AD-E1318A27AF41}.AppStore|Any CPU.Deploy.0 = Release|Any CPU
		{CB0F5445-6D79-4D04-A3AD-E1318A27AF41}.AppStore|ARM.ActiveCfg = Release|ARM
		{CB0F5445-6D79-4D04-A3AD-E1318A27AF41}.AppStore|ARM.Build.0 = Release|ARM
		{CB0F5445-6D79-4D04-A3AD-E1318A27AF41}.AppStore|ARM.Deploy.0 = Release|ARM
		{CB0F5445-6D79-4D04-A3AD-E1318A27AF41}.AppStore|iPhone.ActiveCfg = Release|Any CPU
		{CB0F5445-6D79-4D04-A3AD-E1318A27AF41}.AppStore|iPhoneSimulator.ActiveCfg = Release|Any CPU
		{CB0F5445-6D79-4D04-A3AD-E1318A27AF41}.AppStore|Mixed Platforms.ActiveCfg = Release|x86
		{CB0F5445-6D79-4D04-A3AD-E1318A27AF41}.AppStore|Mixed Platforms.Build.0 = Release|x86
		{CB0F5445-6D79-4D04-A3AD-E1318A27AF41}.AppStore|Mixed Platforms.Deploy.0 = Release|x86
		{CB0F5445-6D79-4D04-A3AD-E1318A27AF41}.AppStore|x86.ActiveCfg = Release|x86
		{CB0F5445-6D79-4D04-A3AD-E1318A27AF41}.AppStore|x86.Build.0 = Release|x86
		{CB0F5445-6D79-4D04-A3AD-E1318A27AF41}.AppStore|x86.Deploy.0 = Release|x86
		{CB0F5445-6D79-4D04-A3AD-E1318A27AF41}.Debug|Any CPU.ActiveCfg = Debug|Any CPU
		{CB0F5445-6D79-4D04-A3AD-E1318A27AF41}.Debug|Any CPU.Build.0 = Debug|Any CPU
		{CB0F5445-6D79-4D04-A3AD-E1318A27AF41}.Debug|Any CPU.Deploy.0 = Debug|Any CPU
		{CB0F5445-6D79-4D04-A3AD-E1318A27AF41}.Debug|ARM.ActiveCfg = Debug|ARM
		{CB0F5445-6D79-4D04-A3AD-E1318A27AF41}.Debug|ARM.Build.0 = Debug|ARM
		{CB0F5445-6D79-4D04-A3AD-E1318A27AF41}.Debug|ARM.Deploy.0 = Debug|ARM
		{CB0F5445-6D79-4D04-A3AD-E1318A27AF41}.Debug|iPhone.ActiveCfg = Debug|Any CPU
		{CB0F5445-6D79-4D04-A3AD-E1318A27AF41}.Debug|iPhone.Build.0 = Debug|Any CPU
		{CB0F5445-6D79-4D04-A3AD-E1318A27AF41}.Debug|iPhone.Deploy.0 = Debug|Any CPU
		{CB0F5445-6D79-4D04-A3AD-E1318A27AF41}.Debug|iPhoneSimulator.ActiveCfg = Debug|Any CPU
		{CB0F5445-6D79-4D04-A3AD-E1318A27AF41}.Debug|iPhoneSimulator.Build.0 = Debug|Any CPU
		{CB0F5445-6D79-4D04-A3AD-E1318A27AF41}.Debug|iPhoneSimulator.Deploy.0 = Debug|Any CPU
		{CB0F5445-6D79-4D04-A3AD-E1318A27AF41}.Debug|Mixed Platforms.ActiveCfg = Debug|x86
		{CB0F5445-6D79-4D04-A3AD-E1318A27AF41}.Debug|Mixed Platforms.Build.0 = Debug|x86
		{CB0F5445-6D79-4D04-A3AD-E1318A27AF41}.Debug|Mixed Platforms.Deploy.0 = Debug|x86
		{CB0F5445-6D79-4D04-A3AD-E1318A27AF41}.Debug|x86.ActiveCfg = Debug|x86
		{CB0F5445-6D79-4D04-A3AD-E1318A27AF41}.Debug|x86.Build.0 = Debug|x86
		{CB0F5445-6D79-4D04-A3AD-E1318A27AF41}.Debug|x86.Deploy.0 = Debug|x86
		{CB0F5445-6D79-4D04-A3AD-E1318A27AF41}.Release|Any CPU.ActiveCfg = Release|Any CPU
		{CB0F5445-6D79-4D04-A3AD-E1318A27AF41}.Release|Any CPU.Build.0 = Release|Any CPU
		{CB0F5445-6D79-4D04-A3AD-E1318A27AF41}.Release|Any CPU.Deploy.0 = Release|Any CPU
		{CB0F5445-6D79-4D04-A3AD-E1318A27AF41}.Release|ARM.ActiveCfg = Release|ARM
		{CB0F5445-6D79-4D04-A3AD-E1318A27AF41}.Release|ARM.Build.0 = Release|ARM
		{CB0F5445-6D79-4D04-A3AD-E1318A27AF41}.Release|ARM.Deploy.0 = Release|ARM
		{CB0F5445-6D79-4D04-A3AD-E1318A27AF41}.Release|iPhone.ActiveCfg = Release|Any CPU
		{CB0F5445-6D79-4D04-A3AD-E1318A27AF41}.Release|iPhone.Build.0 = Release|Any CPU
		{CB0F5445-6D79-4D04-A3AD-E1318A27AF41}.Release|iPhone.Deploy.0 = Release|Any CPU
		{CB0F5445-6D79-4D04-A3AD-E1318A27AF41}.Release|iPhoneSimulator.ActiveCfg = Release|Any CPU
		{CB0F5445-6D79-4D04-A3AD-E1318A27AF41}.Release|iPhoneSimulator.Build.0 = Release|Any CPU
		{CB0F5445-6D79-4D04-A3AD-E1318A27AF41}.Release|iPhoneSimulator.Deploy.0 = Release|Any CPU
		{CB0F5445-6D79-4D04-A3AD-E1318A27AF41}.Release|Mixed Platforms.ActiveCfg = Release|x86
		{CB0F5445-6D79-4D04-A3AD-E1318A27AF41}.Release|Mixed Platforms.Build.0 = Release|x86
		{CB0F5445-6D79-4D04-A3AD-E1318A27AF41}.Release|Mixed Platforms.Deploy.0 = Release|x86
		{CB0F5445-6D79-4D04-A3AD-E1318A27AF41}.Release|x86.ActiveCfg = Release|x86
		{CB0F5445-6D79-4D04-A3AD-E1318A27AF41}.Release|x86.Build.0 = Release|x86
		{CB0F5445-6D79-4D04-A3AD-E1318A27AF41}.Release|x86.Deploy.0 = Release|x86
	EndGlobalSection
	GlobalSection(SolutionProperties) = preSolution
		HideSolutionNode = FALSE
	EndGlobalSection
EndGlobal
