
Microsoft Visual Studio Solution File, Format Version 12.00
# Visual Studio 2013
VisualStudioVersion = 12.0.30723.0
MinimumVisualStudioVersion = 10.0.40219.1
Project("{FAE04EC0-301F-11D3-BF4B-00C04F79EFBC}") = "CustomCubicEase", "CustomCubicEase\CustomCubicEase\CustomCubicEase.csproj", "{108036AA-CCB8-415B-9C72-28FF5BDFAAE9}"
EndProject
Project("{FAE04EC0-301F-11D3-BF4B-00C04F79EFBC}") = "CustomCubicEase.iOS", "CustomCubicEase\CustomCubicEase.iOS\CustomCubicEase.iOS.csproj", "{ED2CEAB7-9A5C-45EF-A1DE-552329C52D3B}"
EndProject
Project("{FAE04EC0-301F-11D3-BF4B-00C04F79EFBC}") = "CustomCubicEase.Droid", "CustomCubicEase\CustomCubicEase.Droid\CustomCubicEase.Droid.csproj", "{AECDC69D-C8D2-4157-B9DF-FD0D8D9A34B1}"
EndProject
Project("{FAE04EC0-301F-11D3-BF4B-00C04F79EFBC}") = "CustomCubicEase.WinPhone", "CustomCubicEase\CustomCubicEase.WinPhone\CustomCubicEase.WinPhone.csproj", "{E777A228-2E19-4E1E-91A3-D5C620593A81}"
EndProject
Project("{FAE04EC0-301F-11D3-BF4B-00C04F79EFBC}") = "CustomCubicEase.WinApp", "CustomCubicEase\CustomCubicEase.WinApp\CustomCubicEase.WinApp.csproj", "{6CB48E94-484C-4986-8BD1-5D9E9318018B}"
EndProject
Project("{FAE04EC0-301F-11D3-BF4B-00C04F79EFBC}") = "CustomCubicEase.WinPhone81", "CustomCubicEase\CustomCubicEase.WinPhone81\CustomCubicEase.WinPhone81.csproj", "{894480DC-B03F-4386-B6A6-5DD78934D352}"
EndProject
Global
	GlobalSection(SolutionConfigurationPlatforms) = preSolution
		Ad-Hoc|Any CPU = Ad-Hoc|Any CPU
		Ad-Hoc|ARM = Ad-Hoc|ARM
		Ad-Hoc|iPhone = Ad-Hoc|iPhone
		Ad-Hoc|iPhoneSimulator = Ad-Hoc|iPhoneSimulator
		Ad-Hoc|Mixed Platforms = Ad-Hoc|Mixed Platforms
		Ad-Hoc|x64 = Ad-Hoc|x64
		Ad-Hoc|x86 = Ad-Hoc|x86
		AppStore|Any CPU = AppStore|Any CPU
		AppStore|ARM = AppStore|ARM
		AppStore|iPhone = AppStore|iPhone
		AppStore|iPhoneSimulator = AppStore|iPhoneSimulator
		AppStore|Mixed Platforms = AppStore|Mixed Platforms
		AppStore|x64 = AppStore|x64
		AppStore|x86 = AppStore|x86
		Debug|Any CPU = Debug|Any CPU
		Debug|ARM = Debug|ARM
		Debug|iPhone = Debug|iPhone
		Debug|iPhoneSimulator = Debug|iPhoneSimulator
		Debug|Mixed Platforms = Debug|Mixed Platforms
		Debug|x64 = Debug|x64
		Debug|x86 = Debug|x86
		Release|Any CPU = Release|Any CPU
		Release|ARM = Release|ARM
		Release|iPhone = Release|iPhone
		Release|iPhoneSimulator = Release|iPhoneSimulator
		Release|Mixed Platforms = Release|Mixed Platforms
		Release|x64 = Release|x64
		Release|x86 = Release|x86
	EndGlobalSection
	GlobalSection(ProjectConfigurationPlatforms) = postSolution
		{108036AA-CCB8-415B-9C72-28FF5BDFAAE9}.Ad-Hoc|Any CPU.ActiveCfg = Release|Any CPU
		{108036AA-CCB8-415B-9C72-28FF5BDFAAE9}.Ad-Hoc|Any CPU.Build.0 = Release|Any CPU
		{108036AA-CCB8-415B-9C72-28FF5BDFAAE9}.Ad-Hoc|ARM.ActiveCfg = Release|Any CPU
		{108036AA-CCB8-415B-9C72-28FF5BDFAAE9}.Ad-Hoc|iPhone.ActiveCfg = Release|Any CPU
		{108036AA-CCB8-415B-9C72-28FF5BDFAAE9}.Ad-Hoc|iPhoneSimulator.ActiveCfg = Release|Any CPU
		{108036AA-CCB8-415B-9C72-28FF5BDFAAE9}.Ad-Hoc|Mixed Platforms.ActiveCfg = Release|Any CPU
		{108036AA-CCB8-415B-9C72-28FF5BDFAAE9}.Ad-Hoc|Mixed Platforms.Build.0 = Release|Any CPU
		{108036AA-CCB8-415B-9C72-28FF5BDFAAE9}.Ad-Hoc|x64.ActiveCfg = Debug|Any CPU
		{108036AA-CCB8-415B-9C72-28FF5BDFAAE9}.Ad-Hoc|x86.ActiveCfg = Release|Any CPU
		{108036AA-CCB8-415B-9C72-28FF5BDFAAE9}.AppStore|Any CPU.ActiveCfg = Release|Any CPU
		{108036AA-CCB8-415B-9C72-28FF5BDFAAE9}.AppStore|Any CPU.Build.0 = Release|Any CPU
		{108036AA-CCB8-415B-9C72-28FF5BDFAAE9}.AppStore|ARM.ActiveCfg = Release|Any CPU
		{108036AA-CCB8-415B-9C72-28FF5BDFAAE9}.AppStore|iPhone.ActiveCfg = Release|Any CPU
		{108036AA-CCB8-415B-9C72-28FF5BDFAAE9}.AppStore|iPhoneSimulator.ActiveCfg = Release|Any CPU
		{108036AA-CCB8-415B-9C72-28FF5BDFAAE9}.AppStore|Mixed Platforms.ActiveCfg = Release|Any CPU
		{108036AA-CCB8-415B-9C72-28FF5BDFAAE9}.AppStore|Mixed Platforms.Build.0 = Release|Any CPU
		{108036AA-CCB8-415B-9C72-28FF5BDFAAE9}.AppStore|x64.ActiveCfg = Debug|Any CPU
		{108036AA-CCB8-415B-9C72-28FF5BDFAAE9}.AppStore|x86.ActiveCfg = Release|Any CPU
		{108036AA-CCB8-415B-9C72-28FF5BDFAAE9}.Debug|Any CPU.ActiveCfg = Debug|Any CPU
		{108036AA-CCB8-415B-9C72-28FF5BDFAAE9}.Debug|Any CPU.Build.0 = Debug|Any CPU
		{108036AA-CCB8-415B-9C72-28FF5BDFAAE9}.Debug|ARM.ActiveCfg = Debug|Any CPU
		{108036AA-CCB8-415B-9C72-28FF5BDFAAE9}.Debug|iPhone.ActiveCfg = Debug|Any CPU
		{108036AA-CCB8-415B-9C72-28FF5BDFAAE9}.Debug|iPhoneSimulator.ActiveCfg = Debug|Any CPU
		{108036AA-CCB8-415B-9C72-28FF5BDFAAE9}.Debug|iPhoneSimulator.Build.0 = Debug|Any CPU
		{108036AA-CCB8-415B-9C72-28FF5BDFAAE9}.Debug|Mixed Platforms.ActiveCfg = Debug|Any CPU
		{108036AA-CCB8-415B-9C72-28FF5BDFAAE9}.Debug|Mixed Platforms.Build.0 = Debug|Any CPU
		{108036AA-CCB8-415B-9C72-28FF5BDFAAE9}.Debug|x64.ActiveCfg = Debug|Any CPU
		{108036AA-CCB8-415B-9C72-28FF5BDFAAE9}.Debug|x86.ActiveCfg = Debug|Any CPU
		{108036AA-CCB8-415B-9C72-28FF5BDFAAE9}.Release|Any CPU.ActiveCfg = Release|Any CPU
		{108036AA-CCB8-415B-9C72-28FF5BDFAAE9}.Release|Any CPU.Build.0 = Release|Any CPU
		{108036AA-CCB8-415B-9C72-28FF5BDFAAE9}.Release|ARM.ActiveCfg = Release|Any CPU
		{108036AA-CCB8-415B-9C72-28FF5BDFAAE9}.Release|iPhone.ActiveCfg = Release|Any CPU
		{108036AA-CCB8-415B-9C72-28FF5BDFAAE9}.Release|iPhone.Build.0 = Release|Any CPU
		{108036AA-CCB8-415B-9C72-28FF5BDFAAE9}.Release|iPhoneSimulator.ActiveCfg = Release|Any CPU
		{108036AA-CCB8-415B-9C72-28FF5BDFAAE9}.Release|iPhoneSimulator.Build.0 = Release|Any CPU
		{108036AA-CCB8-415B-9C72-28FF5BDFAAE9}.Release|Mixed Platforms.ActiveCfg = Release|Any CPU
		{108036AA-CCB8-415B-9C72-28FF5BDFAAE9}.Release|Mixed Platforms.Build.0 = Release|Any CPU
		{108036AA-CCB8-415B-9C72-28FF5BDFAAE9}.Release|x64.ActiveCfg = Release|Any CPU
		{108036AA-CCB8-415B-9C72-28FF5BDFAAE9}.Release|x86.ActiveCfg = Release|Any CPU
		{ED2CEAB7-9A5C-45EF-A1DE-552329C52D3B}.Ad-Hoc|Any CPU.ActiveCfg = Ad-Hoc|iPhone
		{ED2CEAB7-9A5C-45EF-A1DE-552329C52D3B}.Ad-Hoc|ARM.ActiveCfg = Ad-Hoc|iPhone
		{ED2CEAB7-9A5C-45EF-A1DE-552329C52D3B}.Ad-Hoc|iPhone.ActiveCfg = Ad-Hoc|iPhone
		{ED2CEAB7-9A5C-45EF-A1DE-552329C52D3B}.Ad-Hoc|iPhone.Build.0 = Ad-Hoc|iPhone
		{ED2CEAB7-9A5C-45EF-A1DE-552329C52D3B}.Ad-Hoc|iPhoneSimulator.ActiveCfg = Ad-Hoc|iPhoneSimulator
		{ED2CEAB7-9A5C-45EF-A1DE-552329C52D3B}.Ad-Hoc|iPhoneSimulator.Build.0 = Ad-Hoc|iPhoneSimulator
		{ED2CEAB7-9A5C-45EF-A1DE-552329C52D3B}.Ad-Hoc|Mixed Platforms.ActiveCfg = Ad-Hoc|iPhone
		{ED2CEAB7-9A5C-45EF-A1DE-552329C52D3B}.Ad-Hoc|Mixed Platforms.Build.0 = Ad-Hoc|iPhone
		{ED2CEAB7-9A5C-45EF-A1DE-552329C52D3B}.Ad-Hoc|x64.ActiveCfg = Ad-Hoc|iPhoneSimulator
		{ED2CEAB7-9A5C-45EF-A1DE-552329C52D3B}.Ad-Hoc|x86.ActiveCfg = Ad-Hoc|iPhone
		{ED2CEAB7-9A5C-45EF-A1DE-552329C52D3B}.AppStore|Any CPU.ActiveCfg = AppStore|iPhone
		{ED2CEAB7-9A5C-45EF-A1DE-552329C52D3B}.AppStore|ARM.ActiveCfg = AppStore|iPhone
		{ED2CEAB7-9A5C-45EF-A1DE-552329C52D3B}.AppStore|iPhone.ActiveCfg = AppStore|iPhone
		{ED2CEAB7-9A5C-45EF-A1DE-552329C52D3B}.AppStore|iPhone.Build.0 = AppStore|iPhone
		{ED2CEAB7-9A5C-45EF-A1DE-552329C52D3B}.AppStore|iPhoneSimulator.ActiveCfg = AppStore|iPhoneSimulator
		{ED2CEAB7-9A5C-45EF-A1DE-552329C52D3B}.AppStore|iPhoneSimulator.Build.0 = AppStore|iPhoneSimulator
		{ED2CEAB7-9A5C-45EF-A1DE-552329C52D3B}.AppStore|Mixed Platforms.ActiveCfg = AppStore|iPhone
		{ED2CEAB7-9A5C-45EF-A1DE-552329C52D3B}.AppStore|Mixed Platforms.Build.0 = AppStore|iPhone
		{ED2CEAB7-9A5C-45EF-A1DE-552329C52D3B}.AppStore|x64.ActiveCfg = AppStore|iPhoneSimulator
		{ED2CEAB7-9A5C-45EF-A1DE-552329C52D3B}.AppStore|x86.ActiveCfg = AppStore|iPhone
		{ED2CEAB7-9A5C-45EF-A1DE-552329C52D3B}.Debug|Any CPU.ActiveCfg = Debug|iPhone
		{ED2CEAB7-9A5C-45EF-A1DE-552329C52D3B}.Debug|ARM.ActiveCfg = Debug|iPhone
		{ED2CEAB7-9A5C-45EF-A1DE-552329C52D3B}.Debug|iPhone.ActiveCfg = Debug|iPhone
		{ED2CEAB7-9A5C-45EF-A1DE-552329C52D3B}.Debug|iPhone.Build.0 = Debug|iPhone
		{ED2CEAB7-9A5C-45EF-A1DE-552329C52D3B}.Debug|iPhoneSimulator.ActiveCfg = Debug|iPhoneSimulator
		{ED2CEAB7-9A5C-45EF-A1DE-552329C52D3B}.Debug|iPhoneSimulator.Build.0 = Debug|iPhoneSimulator
		{ED2CEAB7-9A5C-45EF-A1DE-552329C52D3B}.Debug|Mixed Platforms.ActiveCfg = Debug|iPhone
		{ED2CEAB7-9A5C-45EF-A1DE-552329C52D3B}.Debug|Mixed Platforms.Build.0 = Debug|iPhone
		{ED2CEAB7-9A5C-45EF-A1DE-552329C52D3B}.Debug|x64.ActiveCfg = Debug|iPhoneSimulator
		{ED2CEAB7-9A5C-45EF-A1DE-552329C52D3B}.Debug|x86.ActiveCfg = Debug|iPhone
		{ED2CEAB7-9A5C-45EF-A1DE-552329C52D3B}.Release|Any CPU.ActiveCfg = Release|iPhone
		{ED2CEAB7-9A5C-45EF-A1DE-552329C52D3B}.Release|ARM.ActiveCfg = Release|iPhone
		{ED2CEAB7-9A5C-45EF-A1DE-552329C52D3B}.Release|iPhone.ActiveCfg = Release|iPhone
		{ED2CEAB7-9A5C-45EF-A1DE-552329C52D3B}.Release|iPhone.Build.0 = Release|iPhone
		{ED2CEAB7-9A5C-45EF-A1DE-552329C52D3B}.Release|iPhoneSimulator.ActiveCfg = Release|iPhoneSimulator
		{ED2CEAB7-9A5C-45EF-A1DE-552329C52D3B}.Release|iPhoneSimulator.Build.0 = Release|iPhoneSimulator
		{ED2CEAB7-9A5C-45EF-A1DE-552329C52D3B}.Release|Mixed Platforms.ActiveCfg = Release|iPhone
		{ED2CEAB7-9A5C-45EF-A1DE-552329C52D3B}.Release|Mixed Platforms.Build.0 = Release|iPhone
		{ED2CEAB7-9A5C-45EF-A1DE-552329C52D3B}.Release|x64.ActiveCfg = Release|iPhoneSimulator
		{ED2CEAB7-9A5C-45EF-A1DE-552329C52D3B}.Release|x86.ActiveCfg = Release|iPhone
		{AECDC69D-C8D2-4157-B9DF-FD0D8D9A34B1}.Ad-Hoc|Any CPU.ActiveCfg = Release|Any CPU
		{AECDC69D-C8D2-4157-B9DF-FD0D8D9A34B1}.Ad-Hoc|Any CPU.Build.0 = Release|Any CPU
		{AECDC69D-C8D2-4157-B9DF-FD0D8D9A34B1}.Ad-Hoc|Any CPU.Deploy.0 = Release|Any CPU
		{AECDC69D-C8D2-4157-B9DF-FD0D8D9A34B1}.Ad-Hoc|ARM.ActiveCfg = Release|Any CPU
		{AECDC69D-C8D2-4157-B9DF-FD0D8D9A34B1}.Ad-Hoc|iPhone.ActiveCfg = Release|Any CPU
		{AECDC69D-C8D2-4157-B9DF-FD0D8D9A34B1}.Ad-Hoc|iPhoneSimulator.ActiveCfg = Release|Any CPU
		{AECDC69D-C8D2-4157-B9DF-FD0D8D9A34B1}.Ad-Hoc|Mixed Platforms.ActiveCfg = Release|Any CPU
		{AECDC69D-C8D2-4157-B9DF-FD0D8D9A34B1}.Ad-Hoc|Mixed Platforms.Build.0 = Release|Any CPU
		{AECDC69D-C8D2-4157-B9DF-FD0D8D9A34B1}.Ad-Hoc|Mixed Platforms.Deploy.0 = Release|Any CPU
		{AECDC69D-C8D2-4157-B9DF-FD0D8D9A34B1}.Ad-Hoc|x64.ActiveCfg = Debug|Any CPU
		{AECDC69D-C8D2-4157-B9DF-FD0D8D9A34B1}.Ad-Hoc|x86.ActiveCfg = Release|Any CPU
		{AECDC69D-C8D2-4157-B9DF-FD0D8D9A34B1}.AppStore|Any CPU.ActiveCfg = Release|Any CPU
		{AECDC69D-C8D2-4157-B9DF-FD0D8D9A34B1}.AppStore|Any CPU.Build.0 = Release|Any CPU
		{AECDC69D-C8D2-4157-B9DF-FD0D8D9A34B1}.AppStore|Any CPU.Deploy.0 = Release|Any CPU
		{AECDC69D-C8D2-4157-B9DF-FD0D8D9A34B1}.AppStore|ARM.ActiveCfg = Release|Any CPU
		{AECDC69D-C8D2-4157-B9DF-FD0D8D9A34B1}.AppStore|iPhone.ActiveCfg = Release|Any CPU
		{AECDC69D-C8D2-4157-B9DF-FD0D8D9A34B1}.AppStore|iPhoneSimulator.ActiveCfg = Release|Any CPU
		{AECDC69D-C8D2-4157-B9DF-FD0D8D9A34B1}.AppStore|Mixed Platforms.ActiveCfg = Release|Any CPU
		{AECDC69D-C8D2-4157-B9DF-FD0D8D9A34B1}.AppStore|Mixed Platforms.Build.0 = Release|Any CPU
		{AECDC69D-C8D2-4157-B9DF-FD0D8D9A34B1}.AppStore|Mixed Platforms.Deploy.0 = Release|Any CPU
		{AECDC69D-C8D2-4157-B9DF-FD0D8D9A34B1}.AppStore|x64.ActiveCfg = Debug|Any CPU
		{AECDC69D-C8D2-4157-B9DF-FD0D8D9A34B1}.AppStore|x86.ActiveCfg = Release|Any CPU
		{AECDC69D-C8D2-4157-B9DF-FD0D8D9A34B1}.Debug|Any CPU.ActiveCfg = Debug|Any CPU
		{AECDC69D-C8D2-4157-B9DF-FD0D8D9A34B1}.Debug|Any CPU.Build.0 = Debug|Any CPU
		{AECDC69D-C8D2-4157-B9DF-FD0D8D9A34B1}.Debug|Any CPU.Deploy.0 = Debug|Any CPU
		{AECDC69D-C8D2-4157-B9DF-FD0D8D9A34B1}.Debug|ARM.ActiveCfg = Debug|Any CPU
		{AECDC69D-C8D2-4157-B9DF-FD0D8D9A34B1}.Debug|iPhone.ActiveCfg = Debug|Any CPU
		{AECDC69D-C8D2-4157-B9DF-FD0D8D9A34B1}.Debug|iPhoneSimulator.ActiveCfg = Debug|Any CPU
		{AECDC69D-C8D2-4157-B9DF-FD0D8D9A34B1}.Debug|Mixed Platforms.ActiveCfg = Debug|Any CPU
		{AECDC69D-C8D2-4157-B9DF-FD0D8D9A34B1}.Debug|Mixed Platforms.Build.0 = Debug|Any CPU
		{AECDC69D-C8D2-4157-B9DF-FD0D8D9A34B1}.Debug|Mixed Platforms.Deploy.0 = Debug|Any CPU
		{AECDC69D-C8D2-4157-B9DF-FD0D8D9A34B1}.Debug|x64.ActiveCfg = Debug|Any CPU
		{AECDC69D-C8D2-4157-B9DF-FD0D8D9A34B1}.Debug|x86.ActiveCfg = Debug|Any CPU
		{AECDC69D-C8D2-4157-B9DF-FD0D8D9A34B1}.Release|Any CPU.ActiveCfg = Release|Any CPU
		{AECDC69D-C8D2-4157-B9DF-FD0D8D9A34B1}.Release|Any CPU.Build.0 = Release|Any CPU
		{AECDC69D-C8D2-4157-B9DF-FD0D8D9A34B1}.Release|Any CPU.Deploy.0 = Release|Any CPU
		{AECDC69D-C8D2-4157-B9DF-FD0D8D9A34B1}.Release|ARM.ActiveCfg = Release|Any CPU
		{AECDC69D-C8D2-4157-B9DF-FD0D8D9A34B1}.Release|iPhone.ActiveCfg = Release|Any CPU
		{AECDC69D-C8D2-4157-B9DF-FD0D8D9A34B1}.Release|iPhoneSimulator.ActiveCfg = Release|Any CPU
		{AECDC69D-C8D2-4157-B9DF-FD0D8D9A34B1}.Release|Mixed Platforms.ActiveCfg = Release|Any CPU
		{AECDC69D-C8D2-4157-B9DF-FD0D8D9A34B1}.Release|Mixed Platforms.Build.0 = Release|Any CPU
		{AECDC69D-C8D2-4157-B9DF-FD0D8D9A34B1}.Release|Mixed Platforms.Deploy.0 = Release|Any CPU
		{AECDC69D-C8D2-4157-B9DF-FD0D8D9A34B1}.Release|x64.ActiveCfg = Release|Any CPU
		{AECDC69D-C8D2-4157-B9DF-FD0D8D9A34B1}.Release|x86.ActiveCfg = Release|Any CPU
		{E777A228-2E19-4E1E-91A3-D5C620593A81}.Ad-Hoc|Any CPU.ActiveCfg = Release|Any CPU
		{E777A228-2E19-4E1E-91A3-D5C620593A81}.Ad-Hoc|Any CPU.Build.0 = Release|Any CPU
		{E777A228-2E19-4E1E-91A3-D5C620593A81}.Ad-Hoc|Any CPU.Deploy.0 = Release|Any CPU
		{E777A228-2E19-4E1E-91A3-D5C620593A81}.Ad-Hoc|ARM.ActiveCfg = Release|ARM
		{E777A228-2E19-4E1E-91A3-D5C620593A81}.Ad-Hoc|ARM.Build.0 = Release|ARM
		{E777A228-2E19-4E1E-91A3-D5C620593A81}.Ad-Hoc|ARM.Deploy.0 = Release|ARM
		{E777A228-2E19-4E1E-91A3-D5C620593A81}.Ad-Hoc|iPhone.ActiveCfg = Release|Any CPU
		{E777A228-2E19-4E1E-91A3-D5C620593A81}.Ad-Hoc|iPhoneSimulator.ActiveCfg = Release|Any CPU
		{E777A228-2E19-4E1E-91A3-D5C620593A81}.Ad-Hoc|Mixed Platforms.ActiveCfg = Release|x86
		{E777A228-2E19-4E1E-91A3-D5C620593A81}.Ad-Hoc|Mixed Platforms.Build.0 = Release|x86
		{E777A228-2E19-4E1E-91A3-D5C620593A81}.Ad-Hoc|Mixed Platforms.Deploy.0 = Release|x86
		{E777A228-2E19-4E1E-91A3-D5C620593A81}.Ad-Hoc|x64.ActiveCfg = Debug|Any CPU
		{E777A228-2E19-4E1E-91A3-D5C620593A81}.Ad-Hoc|x86.ActiveCfg = Release|x86
		{E777A228-2E19-4E1E-91A3-D5C620593A81}.Ad-Hoc|x86.Build.0 = Release|x86
		{E777A228-2E19-4E1E-91A3-D5C620593A81}.Ad-Hoc|x86.Deploy.0 = Release|x86
		{E777A228-2E19-4E1E-91A3-D5C620593A81}.AppStore|Any CPU.ActiveCfg = Release|Any CPU
		{E777A228-2E19-4E1E-91A3-D5C620593A81}.AppStore|Any CPU.Build.0 = Release|Any CPU
		{E777A228-2E19-4E1E-91A3-D5C620593A81}.AppStore|Any CPU.Deploy.0 = Release|Any CPU
		{E777A228-2E19-4E1E-91A3-D5C620593A81}.AppStore|ARM.ActiveCfg = Release|ARM
		{E777A228-2E19-4E1E-91A3-D5C620593A81}.AppStore|ARM.Build.0 = Release|ARM
		{E777A228-2E19-4E1E-91A3-D5C620593A81}.AppStore|ARM.Deploy.0 = Release|ARM
		{E777A228-2E19-4E1E-91A3-D5C620593A81}.AppStore|iPhone.ActiveCfg = Release|Any CPU
		{E777A228-2E19-4E1E-91A3-D5C620593A81}.AppStore|iPhoneSimulator.ActiveCfg = Release|Any CPU
		{E777A228-2E19-4E1E-91A3-D5C620593A81}.AppStore|Mixed Platforms.ActiveCfg = Release|x86
		{E777A228-2E19-4E1E-91A3-D5C620593A81}.AppStore|Mixed Platforms.Build.0 = Release|x86
		{E777A228-2E19-4E1E-91A3-D5C620593A81}.AppStore|Mixed Platforms.Deploy.0 = Release|x86
		{E777A228-2E19-4E1E-91A3-D5C620593A81}.AppStore|x64.ActiveCfg = Debug|Any CPU
		{E777A228-2E19-4E1E-91A3-D5C620593A81}.AppStore|x86.ActiveCfg = Release|x86
		{E777A228-2E19-4E1E-91A3-D5C620593A81}.AppStore|x86.Build.0 = Release|x86
		{E777A228-2E19-4E1E-91A3-D5C620593A81}.AppStore|x86.Deploy.0 = Release|x86
		{E777A228-2E19-4E1E-91A3-D5C620593A81}.Debug|Any CPU.ActiveCfg = Debug|Any CPU
		{E777A228-2E19-4E1E-91A3-D5C620593A81}.Debug|Any CPU.Build.0 = Debug|Any CPU
		{E777A228-2E19-4E1E-91A3-D5C620593A81}.Debug|Any CPU.Deploy.0 = Debug|Any CPU
		{E777A228-2E19-4E1E-91A3-D5C620593A81}.Debug|ARM.ActiveCfg = Debug|ARM
		{E777A228-2E19-4E1E-91A3-D5C620593A81}.Debug|ARM.Build.0 = Debug|ARM
		{E777A228-2E19-4E1E-91A3-D5C620593A81}.Debug|ARM.Deploy.0 = Debug|ARM
		{E777A228-2E19-4E1E-91A3-D5C620593A81}.Debug|iPhone.ActiveCfg = Debug|Any CPU
		{E777A228-2E19-4E1E-91A3-D5C620593A81}.Debug|iPhoneSimulator.ActiveCfg = Debug|Any CPU
		{E777A228-2E19-4E1E-91A3-D5C620593A81}.Debug|Mixed Platforms.ActiveCfg = Debug|x86
		{E777A228-2E19-4E1E-91A3-D5C620593A81}.Debug|Mixed Platforms.Build.0 = Debug|x86
		{E777A228-2E19-4E1E-91A3-D5C620593A81}.Debug|Mixed Platforms.Deploy.0 = Debug|x86
		{E777A228-2E19-4E1E-91A3-D5C620593A81}.Debug|x64.ActiveCfg = Debug|Any CPU
		{E777A228-2E19-4E1E-91A3-D5C620593A81}.Debug|x86.ActiveCfg = Debug|x86
		{E777A228-2E19-4E1E-91A3-D5C620593A81}.Debug|x86.Build.0 = Debug|x86
		{E777A228-2E19-4E1E-91A3-D5C620593A81}.Debug|x86.Deploy.0 = Debug|x86
		{E777A228-2E19-4E1E-91A3-D5C620593A81}.Release|Any CPU.ActiveCfg = Release|Any CPU
		{E777A228-2E19-4E1E-91A3-D5C620593A81}.Release|Any CPU.Build.0 = Release|Any CPU
		{E777A228-2E19-4E1E-91A3-D5C620593A81}.Release|Any CPU.Deploy.0 = Release|Any CPU
		{E777A228-2E19-4E1E-91A3-D5C620593A81}.Release|ARM.ActiveCfg = Release|ARM
		{E777A228-2E19-4E1E-91A3-D5C620593A81}.Release|ARM.Build.0 = Release|ARM
		{E777A228-2E19-4E1E-91A3-D5C620593A81}.Release|ARM.Deploy.0 = Release|ARM
		{E777A228-2E19-4E1E-91A3-D5C620593A81}.Release|iPhone.ActiveCfg = Release|Any CPU
		{E777A228-2E19-4E1E-91A3-D5C620593A81}.Release|iPhoneSimulator.ActiveCfg = Release|Any CPU
		{E777A228-2E19-4E1E-91A3-D5C620593A81}.Release|Mixed Platforms.ActiveCfg = Release|x86
		{E777A228-2E19-4E1E-91A3-D5C620593A81}.Release|Mixed Platforms.Build.0 = Release|x86
		{E777A228-2E19-4E1E-91A3-D5C620593A81}.Release|Mixed Platforms.Deploy.0 = Release|x86
		{E777A228-2E19-4E1E-91A3-D5C620593A81}.Release|x64.ActiveCfg = Release|Any CPU
		{E777A228-2E19-4E1E-91A3-D5C620593A81}.Release|x86.ActiveCfg = Release|x86
		{E777A228-2E19-4E1E-91A3-D5C620593A81}.Release|x86.Build.0 = Release|x86
		{E777A228-2E19-4E1E-91A3-D5C620593A81}.Release|x86.Deploy.0 = Release|x86
		{6CB48E94-484C-4986-8BD1-5D9E9318018B}.Ad-Hoc|Any CPU.ActiveCfg = Release|Any CPU
		{6CB48E94-484C-4986-8BD1-5D9E9318018B}.Ad-Hoc|Any CPU.Build.0 = Release|Any CPU
		{6CB48E94-484C-4986-8BD1-5D9E9318018B}.Ad-Hoc|Any CPU.Deploy.0 = Release|Any CPU
		{6CB48E94-484C-4986-8BD1-5D9E9318018B}.Ad-Hoc|ARM.ActiveCfg = Release|ARM
		{6CB48E94-484C-4986-8BD1-5D9E9318018B}.Ad-Hoc|ARM.Build.0 = Release|ARM
		{6CB48E94-484C-4986-8BD1-5D9E9318018B}.Ad-Hoc|ARM.Deploy.0 = Release|ARM
		{6CB48E94-484C-4986-8BD1-5D9E9318018B}.Ad-Hoc|iPhone.ActiveCfg = Release|Any CPU
		{6CB48E94-484C-4986-8BD1-5D9E9318018B}.Ad-Hoc|iPhoneSimulator.ActiveCfg = Release|Any CPU
		{6CB48E94-484C-4986-8BD1-5D9E9318018B}.Ad-Hoc|Mixed Platforms.ActiveCfg = Release|x86
		{6CB48E94-484C-4986-8BD1-5D9E9318018B}.Ad-Hoc|Mixed Platforms.Build.0 = Release|x86
		{6CB48E94-484C-4986-8BD1-5D9E9318018B}.Ad-Hoc|Mixed Platforms.Deploy.0 = Release|x86
		{6CB48E94-484C-4986-8BD1-5D9E9318018B}.Ad-Hoc|x64.ActiveCfg = Release|x64
		{6CB48E94-484C-4986-8BD1-5D9E9318018B}.Ad-Hoc|x64.Build.0 = Release|x64
		{6CB48E94-484C-4986-8BD1-5D9E9318018B}.Ad-Hoc|x64.Deploy.0 = Release|x64
		{6CB48E94-484C-4986-8BD1-5D9E9318018B}.Ad-Hoc|x86.ActiveCfg = Release|x86
		{6CB48E94-484C-4986-8BD1-5D9E9318018B}.Ad-Hoc|x86.Build.0 = Release|x86
		{6CB48E94-484C-4986-8BD1-5D9E9318018B}.Ad-Hoc|x86.Deploy.0 = Release|x86
		{6CB48E94-484C-4986-8BD1-5D9E9318018B}.AppStore|Any CPU.ActiveCfg = Release|Any CPU
		{6CB48E94-484C-4986-8BD1-5D9E9318018B}.AppStore|Any CPU.Build.0 = Release|Any CPU
		{6CB48E94-484C-4986-8BD1-5D9E9318018B}.AppStore|Any CPU.Deploy.0 = Release|Any CPU
		{6CB48E94-484C-4986-8BD1-5D9E9318018B}.AppStore|ARM.ActiveCfg = Release|ARM
		{6CB48E94-484C-4986-8BD1-5D9E9318018B}.AppStore|ARM.Build.0 = Release|ARM
		{6CB48E94-484C-4986-8BD1-5D9E9318018B}.AppStore|ARM.Deploy.0 = Release|ARM
		{6CB48E94-484C-4986-8BD1-5D9E9318018B}.AppStore|iPhone.ActiveCfg = Release|Any CPU
		{6CB48E94-484C-4986-8BD1-5D9E9318018B}.AppStore|iPhoneSimulator.ActiveCfg = Release|Any CPU
		{6CB48E94-484C-4986-8BD1-5D9E9318018B}.AppStore|Mixed Platforms.ActiveCfg = Release|x86
		{6CB48E94-484C-4986-8BD1-5D9E9318018B}.AppStore|Mixed Platforms.Build.0 = Release|x86
		{6CB48E94-484C-4986-8BD1-5D9E9318018B}.AppStore|Mixed Platforms.Deploy.0 = Release|x86
		{6CB48E94-484C-4986-8BD1-5D9E9318018B}.AppStore|x64.ActiveCfg = Release|x64
		{6CB48E94-484C-4986-8BD1-5D9E9318018B}.AppStore|x64.Build.0 = Release|x64
		{6CB48E94-484C-4986-8BD1-5D9E9318018B}.AppStore|x64.Deploy.0 = Release|x64
		{6CB48E94-484C-4986-8BD1-5D9E9318018B}.AppStore|x86.ActiveCfg = Release|x86
		{6CB48E94-484C-4986-8BD1-5D9E9318018B}.AppStore|x86.Build.0 = Release|x86
		{6CB48E94-484C-4986-8BD1-5D9E9318018B}.AppStore|x86.Deploy.0 = Release|x86
		{6CB48E94-484C-4986-8BD1-5D9E9318018B}.Debug|Any CPU.ActiveCfg = Debug|Any CPU
		{6CB48E94-484C-4986-8BD1-5D9E9318018B}.Debug|Any CPU.Build.0 = Debug|Any CPU
		{6CB48E94-484C-4986-8BD1-5D9E9318018B}.Debug|Any CPU.Deploy.0 = Debug|Any CPU
		{6CB48E94-484C-4986-8BD1-5D9E9318018B}.Debug|ARM.ActiveCfg = Debug|ARM
		{6CB48E94-484C-4986-8BD1-5D9E9318018B}.Debug|ARM.Build.0 = Debug|ARM
		{6CB48E94-484C-4986-8BD1-5D9E9318018B}.Debug|ARM.Deploy.0 = Debug|ARM
		{6CB48E94-484C-4986-8BD1-5D9E9318018B}.Debug|iPhone.ActiveCfg = Debug|Any CPU
		{6CB48E94-484C-4986-8BD1-5D9E9318018B}.Debug|iPhoneSimulator.ActiveCfg = Debug|Any CPU
		{6CB48E94-484C-4986-8BD1-5D9E9318018B}.Debug|Mixed Platforms.ActiveCfg = Debug|x86
		{6CB48E94-484C-4986-8BD1-5D9E9318018B}.Debug|Mixed Platforms.Build.0 = Debug|x86
		{6CB48E94-484C-4986-8BD1-5D9E9318018B}.Debug|Mixed Platforms.Deploy.0 = Debug|x86
		{6CB48E94-484C-4986-8BD1-5D9E9318018B}.Debug|x64.ActiveCfg = Debug|x64
		{6CB48E94-484C-4986-8BD1-5D9E9318018B}.Debug|x64.Build.0 = Debug|x64
		{6CB48E94-484C-4986-8BD1-5D9E9318018B}.Debug|x64.Deploy.0 = Debug|x64
		{6CB48E94-484C-4986-8BD1-5D9E9318018B}.Debug|x86.ActiveCfg = Debug|x86
		{6CB48E94-484C-4986-8BD1-5D9E9318018B}.Debug|x86.Build.0 = Debug|x86
		{6CB48E94-484C-4986-8BD1-5D9E9318018B}.Debug|x86.Deploy.0 = Debug|x86
		{6CB48E94-484C-4986-8BD1-5D9E9318018B}.Release|Any CPU.ActiveCfg = Release|Any CPU
		{6CB48E94-484C-4986-8BD1-5D9E9318018B}.Release|Any CPU.Build.0 = Release|Any CPU
		{6CB48E94-484C-4986-8BD1-5D9E9318018B}.Release|Any CPU.Deploy.0 = Release|Any CPU
		{6CB48E94-484C-4986-8BD1-5D9E9318018B}.Release|ARM.ActiveCfg = Release|ARM
		{6CB48E94-484C-4986-8BD1-5D9E9318018B}.Release|ARM.Build.0 = Release|ARM
		{6CB48E94-484C-4986-8BD1-5D9E9318018B}.Release|ARM.Deploy.0 = Release|ARM
		{6CB48E94-484C-4986-8BD1-5D9E9318018B}.Release|iPhone.ActiveCfg = Release|Any CPU
		{6CB48E94-484C-4986-8BD1-5D9E9318018B}.Release|iPhoneSimulator.ActiveCfg = Release|Any CPU
		{6CB48E94-484C-4986-8BD1-5D9E9318018B}.Release|Mixed Platforms.ActiveCfg = Release|x86
		{6CB48E94-484C-4986-8BD1-5D9E9318018B}.Release|Mixed Platforms.Build.0 = Release|x86
		{6CB48E94-484C-4986-8BD1-5D9E9318018B}.Release|Mixed Platforms.Deploy.0 = Release|x86
		{6CB48E94-484C-4986-8BD1-5D9E9318018B}.Release|x64.ActiveCfg = Release|x64
		{6CB48E94-484C-4986-8BD1-5D9E9318018B}.Release|x64.Build.0 = Release|x64
		{6CB48E94-484C-4986-8BD1-5D9E9318018B}.Release|x64.Deploy.0 = Release|x64
		{6CB48E94-484C-4986-8BD1-5D9E9318018B}.Release|x86.ActiveCfg = Release|x86
		{6CB48E94-484C-4986-8BD1-5D9E9318018B}.Release|x86.Build.0 = Release|x86
		{6CB48E94-484C-4986-8BD1-5D9E9318018B}.Release|x86.Deploy.0 = Release|x86
		{894480DC-B03F-4386-B6A6-5DD78934D352}.Ad-Hoc|Any CPU.ActiveCfg = Release|Any CPU
		{894480DC-B03F-4386-B6A6-5DD78934D352}.Ad-Hoc|Any CPU.Build.0 = Release|Any CPU
		{894480DC-B03F-4386-B6A6-5DD78934D352}.Ad-Hoc|Any CPU.Deploy.0 = Release|Any CPU
		{894480DC-B03F-4386-B6A6-5DD78934D352}.Ad-Hoc|ARM.ActiveCfg = Release|ARM
		{894480DC-B03F-4386-B6A6-5DD78934D352}.Ad-Hoc|ARM.Build.0 = Release|ARM
		{894480DC-B03F-4386-B6A6-5DD78934D352}.Ad-Hoc|ARM.Deploy.0 = Release|ARM
		{894480DC-B03F-4386-B6A6-5DD78934D352}.Ad-Hoc|iPhone.ActiveCfg = Release|Any CPU
		{894480DC-B03F-4386-B6A6-5DD78934D352}.Ad-Hoc|iPhoneSimulator.ActiveCfg = Release|Any CPU
		{894480DC-B03F-4386-B6A6-5DD78934D352}.Ad-Hoc|Mixed Platforms.ActiveCfg = Release|x86
		{894480DC-B03F-4386-B6A6-5DD78934D352}.Ad-Hoc|Mixed Platforms.Build.0 = Release|x86
		{894480DC-B03F-4386-B6A6-5DD78934D352}.Ad-Hoc|Mixed Platforms.Deploy.0 = Release|x86
		{894480DC-B03F-4386-B6A6-5DD78934D352}.Ad-Hoc|x64.ActiveCfg = Release|Any CPU
		{894480DC-B03F-4386-B6A6-5DD78934D352}.Ad-Hoc|x86.ActiveCfg = Release|x86
		{894480DC-B03F-4386-B6A6-5DD78934D352}.Ad-Hoc|x86.Build.0 = Release|x86
		{894480DC-B03F-4386-B6A6-5DD78934D352}.Ad-Hoc|x86.Deploy.0 = Release|x86
		{894480DC-B03F-4386-B6A6-5DD78934D352}.AppStore|Any CPU.ActiveCfg = Release|Any CPU
		{894480DC-B03F-4386-B6A6-5DD78934D352}.AppStore|Any CPU.Build.0 = Release|Any CPU
		{894480DC-B03F-4386-B6A6-5DD78934D352}.AppStore|Any CPU.Deploy.0 = Release|Any CPU
		{894480DC-B03F-4386-B6A6-5DD78934D352}.AppStore|ARM.ActiveCfg = Release|ARM
		{894480DC-B03F-4386-B6A6-5DD78934D352}.AppStore|ARM.Build.0 = Release|ARM
		{894480DC-B03F-4386-B6A6-5DD78934D352}.AppStore|ARM.Deploy.0 = Release|ARM
		{894480DC-B03F-4386-B6A6-5DD78934D352}.AppStore|iPhone.ActiveCfg = Release|Any CPU
		{894480DC-B03F-4386-B6A6-5DD78934D352}.AppStore|iPhoneSimulator.ActiveCfg = Release|Any CPU
		{894480DC-B03F-4386-B6A6-5DD78934D352}.AppStore|Mixed Platforms.ActiveCfg = Release|x86
		{894480DC-B03F-4386-B6A6-5DD78934D352}.AppStore|Mixed Platforms.Build.0 = Release|x86
		{894480DC-B03F-4386-B6A6-5DD78934D352}.AppStore|Mixed Platforms.Deploy.0 = Release|x86
		{894480DC-B03F-4386-B6A6-5DD78934D352}.AppStore|x64.ActiveCfg = Release|Any CPU
		{894480DC-B03F-4386-B6A6-5DD78934D352}.AppStore|x86.ActiveCfg = Release|x86
		{894480DC-B03F-4386-B6A6-5DD78934D352}.AppStore|x86.Build.0 = Release|x86
		{894480DC-B03F-4386-B6A6-5DD78934D352}.AppStore|x86.Deploy.0 = Release|x86
		{894480DC-B03F-4386-B6A6-5DD78934D352}.Debug|Any CPU.ActiveCfg = Debug|Any CPU
		{894480DC-B03F-4386-B6A6-5DD78934D352}.Debug|Any CPU.Build.0 = Debug|Any CPU
		{894480DC-B03F-4386-B6A6-5DD78934D352}.Debug|Any CPU.Deploy.0 = Debug|Any CPU
		{894480DC-B03F-4386-B6A6-5DD78934D352}.Debug|ARM.ActiveCfg = Debug|ARM
		{894480DC-B03F-4386-B6A6-5DD78934D352}.Debug|ARM.Build.0 = Debug|ARM
		{894480DC-B03F-4386-B6A6-5DD78934D352}.Debug|ARM.Deploy.0 = Debug|ARM
		{894480DC-B03F-4386-B6A6-5DD78934D352}.Debug|iPhone.ActiveCfg = Debug|Any CPU
		{894480DC-B03F-4386-B6A6-5DD78934D352}.Debug|iPhoneSimulator.ActiveCfg = Debug|Any CPU
		{894480DC-B03F-4386-B6A6-5DD78934D352}.Debug|Mixed Platforms.ActiveCfg = Debug|x86
		{894480DC-B03F-4386-B6A6-5DD78934D352}.Debug|Mixed Platforms.Build.0 = Debug|x86
		{894480DC-B03F-4386-B6A6-5DD78934D352}.Debug|Mixed Platforms.Deploy.0 = Debug|x86
		{894480DC-B03F-4386-B6A6-5DD78934D352}.Debug|x64.ActiveCfg = Debug|Any CPU
		{894480DC-B03F-4386-B6A6-5DD78934D352}.Debug|x86.ActiveCfg = Debug|x86
		{894480DC-B03F-4386-B6A6-5DD78934D352}.Debug|x86.Build.0 = Debug|x86
		{894480DC-B03F-4386-B6A6-5DD78934D352}.Debug|x86.Deploy.0 = Debug|x86
		{894480DC-B03F-4386-B6A6-5DD78934D352}.Release|Any CPU.ActiveCfg = Release|Any CPU
		{894480DC-B03F-4386-B6A6-5DD78934D352}.Release|Any CPU.Build.0 = Release|Any CPU
		{894480DC-B03F-4386-B6A6-5DD78934D352}.Release|Any CPU.Deploy.0 = Release|Any CPU
		{894480DC-B03F-4386-B6A6-5DD78934D352}.Release|ARM.ActiveCfg = Release|ARM
		{894480DC-B03F-4386-B6A6-5DD78934D352}.Release|ARM.Build.0 = Release|ARM
		{894480DC-B03F-4386-B6A6-5DD78934D352}.Release|ARM.Deploy.0 = Release|ARM
		{894480DC-B03F-4386-B6A6-5DD78934D352}.Release|iPhone.ActiveCfg = Release|Any CPU
		{894480DC-B03F-4386-B6A6-5DD78934D352}.Release|iPhoneSimulator.ActiveCfg = Release|Any CPU
		{894480DC-B03F-4386-B6A6-5DD78934D352}.Release|Mixed Platforms.ActiveCfg = Release|x86
		{894480DC-B03F-4386-B6A6-5DD78934D352}.Release|Mixed Platforms.Build.0 = Release|x86
		{894480DC-B03F-4386-B6A6-5DD78934D352}.Release|Mixed Platforms.Deploy.0 = Release|x86
		{894480DC-B03F-4386-B6A6-5DD78934D352}.Release|x64.ActiveCfg = Release|Any CPU
		{894480DC-B03F-4386-B6A6-5DD78934D352}.Release|x86.ActiveCfg = Release|x86
		{894480DC-B03F-4386-B6A6-5DD78934D352}.Release|x86.Build.0 = Release|x86
		{894480DC-B03F-4386-B6A6-5DD78934D352}.Release|x86.Deploy.0 = Release|x86
	EndGlobalSection
	GlobalSection(SolutionProperties) = preSolution
		HideSolutionNode = FALSE
	EndGlobalSection
EndGlobal
