
Microsoft Visual Studio Solution File, Format Version 12.00
# Visual Studio 2013
VisualStudioVersion = 12.0.30723.0
MinimumVisualStudioVersion = 10.0.40219.1
Project("{FAE04EC0-301F-11D3-BF4B-00C04F79EFBC}") = "SwingingEntrance", "SwingingEntrance\SwingingEntrance\SwingingEntrance.csproj", "{6D86440D-675C-49C7-81F1-57D4404AF237}"
EndProject
Project("{FAE04EC0-301F-11D3-BF4B-00C04F79EFBC}") = "SwingingEntrance.iOS", "SwingingEntrance\SwingingEntrance.iOS\SwingingEntrance.iOS.csproj", "{6059EEDA-C4E1-4854-A76F-68CF03AF9186}"
EndProject
Project("{FAE04EC0-301F-11D3-BF4B-00C04F79EFBC}") = "SwingingEntrance.Droid", "SwingingEntrance\SwingingEntrance.Droid\SwingingEntrance.Droid.csproj", "{8EB3493A-2534-4EBC-8EE4-FBB26D48DA1C}"
EndProject
Project("{FAE04EC0-301F-11D3-BF4B-00C04F79EFBC}") = "SwingingEntrance.WinPhone", "SwingingEntrance\SwingingEntrance.WinPhone\SwingingEntrance.WinPhone.csproj", "{E85CCD7E-4347-4E1C-ACE3-2D8A7C08A8EB}"
EndProject
Project("{FAE04EC0-301F-11D3-BF4B-00C04F79EFBC}") = "SwingingEntrance.WinApp", "SwingingEntrance\SwingingEntrance.WinApp\SwingingEntrance.WinApp.csproj", "{308E7895-2B75-49FB-827C-E6D8A78B6D0E}"
EndProject
Project("{FAE04EC0-301F-11D3-BF4B-00C04F79EFBC}") = "SwingingEntrance.WinPhone81", "SwingingEntrance\SwingingEntrance.WinPhone81\SwingingEntrance.WinPhone81.csproj", "{1D6D26DA-8459-440E-810A-FD9A7D1A7099}"
EndProject
Global
	GlobalSection(SolutionConfigurationPlatforms) = preSolution
		Ad-Hoc|Any CPU = Ad-Hoc|Any CPU
		Ad-Hoc|ARM = Ad-Hoc|ARM
		Ad-Hoc|iPhone = Ad-Hoc|iPhone
		Ad-Hoc|iPhoneSimulator = Ad-Hoc|iPhoneSimulator
		Ad-Hoc|Mixed Platforms = Ad-Hoc|Mixed Platforms
		Ad-Hoc|x64 = Ad-Hoc|x64
		Ad-Hoc|x86 = Ad-Hoc|x86
		AppStore|Any CPU = AppStore|Any CPU
		AppStore|ARM = AppStore|ARM
		AppStore|iPhone = AppStore|iPhone
		AppStore|iPhoneSimulator = AppStore|iPhoneSimulator
		AppStore|Mixed Platforms = AppStore|Mixed Platforms
		AppStore|x64 = AppStore|x64
		AppStore|x86 = AppStore|x86
		Debug|Any CPU = Debug|Any CPU
		Debug|ARM = Debug|ARM
		Debug|iPhone = Debug|iPhone
		Debug|iPhoneSimulator = Debug|iPhoneSimulator
		Debug|Mixed Platforms = Debug|Mixed Platforms
		Debug|x64 = Debug|x64
		Debug|x86 = Debug|x86
		Release|Any CPU = Release|Any CPU
		Release|ARM = Release|ARM
		Release|iPhone = Release|iPhone
		Release|iPhoneSimulator = Release|iPhoneSimulator
		Release|Mixed Platforms = Release|Mixed Platforms
		Release|x64 = Release|x64
		Release|x86 = Release|x86
	EndGlobalSection
	GlobalSection(ProjectConfigurationPlatforms) = postSolution
		{6D86440D-675C-49C7-81F1-57D4404AF237}.Ad-Hoc|Any CPU.ActiveCfg = Release|Any CPU
		{6D86440D-675C-49C7-81F1-57D4404AF237}.Ad-Hoc|Any CPU.Build.0 = Release|Any CPU
		{6D86440D-675C-49C7-81F1-57D4404AF237}.Ad-Hoc|ARM.ActiveCfg = Release|Any CPU
		{6D86440D-675C-49C7-81F1-57D4404AF237}.Ad-Hoc|iPhone.ActiveCfg = Release|Any CPU
		{6D86440D-675C-49C7-81F1-57D4404AF237}.Ad-Hoc|iPhoneSimulator.ActiveCfg = Release|Any CPU
		{6D86440D-675C-49C7-81F1-57D4404AF237}.Ad-Hoc|Mixed Platforms.ActiveCfg = Release|Any CPU
		{6D86440D-675C-49C7-81F1-57D4404AF237}.Ad-Hoc|Mixed Platforms.Build.0 = Release|Any CPU
		{6D86440D-675C-49C7-81F1-57D4404AF237}.Ad-Hoc|x64.ActiveCfg = Debug|Any CPU
		{6D86440D-675C-49C7-81F1-57D4404AF237}.Ad-Hoc|x86.ActiveCfg = Release|Any CPU
		{6D86440D-675C-49C7-81F1-57D4404AF237}.AppStore|Any CPU.ActiveCfg = Release|Any CPU
		{6D86440D-675C-49C7-81F1-57D4404AF237}.AppStore|Any CPU.Build.0 = Release|Any CPU
		{6D86440D-675C-49C7-81F1-57D4404AF237}.AppStore|ARM.ActiveCfg = Release|Any CPU
		{6D86440D-675C-49C7-81F1-57D4404AF237}.AppStore|iPhone.ActiveCfg = Release|Any CPU
		{6D86440D-675C-49C7-81F1-57D4404AF237}.AppStore|iPhoneSimulator.ActiveCfg = Release|Any CPU
		{6D86440D-675C-49C7-81F1-57D4404AF237}.AppStore|Mixed Platforms.ActiveCfg = Release|Any CPU
		{6D86440D-675C-49C7-81F1-57D4404AF237}.AppStore|Mixed Platforms.Build.0 = Release|Any CPU
		{6D86440D-675C-49C7-81F1-57D4404AF237}.AppStore|x64.ActiveCfg = Debug|Any CPU
		{6D86440D-675C-49C7-81F1-57D4404AF237}.AppStore|x86.ActiveCfg = Release|Any CPU
		{6D86440D-675C-49C7-81F1-57D4404AF237}.Debug|Any CPU.ActiveCfg = Debug|Any CPU
		{6D86440D-675C-49C7-81F1-57D4404AF237}.Debug|Any CPU.Build.0 = Debug|Any CPU
		{6D86440D-675C-49C7-81F1-57D4404AF237}.Debug|ARM.ActiveCfg = Debug|Any CPU
		{6D86440D-675C-49C7-81F1-57D4404AF237}.Debug|iPhone.ActiveCfg = Debug|Any CPU
		{6D86440D-675C-49C7-81F1-57D4404AF237}.Debug|iPhone.Build.0 = Debug|Any CPU
		{6D86440D-675C-49C7-81F1-57D4404AF237}.Debug|iPhoneSimulator.ActiveCfg = Debug|Any CPU
		{6D86440D-675C-49C7-81F1-57D4404AF237}.Debug|iPhoneSimulator.Build.0 = Debug|Any CPU
		{6D86440D-675C-49C7-81F1-57D4404AF237}.Debug|Mixed Platforms.ActiveCfg = Debug|Any CPU
		{6D86440D-675C-49C7-81F1-57D4404AF237}.Debug|Mixed Platforms.Build.0 = Debug|Any CPU
		{6D86440D-675C-49C7-81F1-57D4404AF237}.Debug|x64.ActiveCfg = Debug|Any CPU
		{6D86440D-675C-49C7-81F1-57D4404AF237}.Debug|x86.ActiveCfg = Debug|Any CPU
		{6D86440D-675C-49C7-81F1-57D4404AF237}.Release|Any CPU.ActiveCfg = Release|Any CPU
		{6D86440D-675C-49C7-81F1-57D4404AF237}.Release|Any CPU.Build.0 = Release|Any CPU
		{6D86440D-675C-49C7-81F1-57D4404AF237}.Release|ARM.ActiveCfg = Release|Any CPU
		{6D86440D-675C-49C7-81F1-57D4404AF237}.Release|iPhone.ActiveCfg = Release|Any CPU
		{6D86440D-675C-49C7-81F1-57D4404AF237}.Release|iPhone.Build.0 = Release|Any CPU
		{6D86440D-675C-49C7-81F1-57D4404AF237}.Release|iPhoneSimulator.ActiveCfg = Release|Any CPU
		{6D86440D-675C-49C7-81F1-57D4404AF237}.Release|iPhoneSimulator.Build.0 = Release|Any CPU
		{6D86440D-675C-49C7-81F1-57D4404AF237}.Release|Mixed Platforms.ActiveCfg = Release|Any CPU
		{6D86440D-675C-49C7-81F1-57D4404AF237}.Release|Mixed Platforms.Build.0 = Release|Any CPU
		{6D86440D-675C-49C7-81F1-57D4404AF237}.Release|x64.ActiveCfg = Release|Any CPU
		{6D86440D-675C-49C7-81F1-57D4404AF237}.Release|x86.ActiveCfg = Release|Any CPU
		{6059EEDA-C4E1-4854-A76F-68CF03AF9186}.Ad-Hoc|Any CPU.ActiveCfg = Ad-Hoc|iPhone
		{6059EEDA-C4E1-4854-A76F-68CF03AF9186}.Ad-Hoc|ARM.ActiveCfg = Ad-Hoc|iPhone
		{6059EEDA-C4E1-4854-A76F-68CF03AF9186}.Ad-Hoc|iPhone.ActiveCfg = Ad-Hoc|iPhone
		{6059EEDA-C4E1-4854-A76F-68CF03AF9186}.Ad-Hoc|iPhone.Build.0 = Ad-Hoc|iPhone
		{6059EEDA-C4E1-4854-A76F-68CF03AF9186}.Ad-Hoc|iPhoneSimulator.ActiveCfg = Ad-Hoc|iPhoneSimulator
		{6059EEDA-C4E1-4854-A76F-68CF03AF9186}.Ad-Hoc|iPhoneSimulator.Build.0 = Ad-Hoc|iPhoneSimulator
		{6059EEDA-C4E1-4854-A76F-68CF03AF9186}.Ad-Hoc|Mixed Platforms.ActiveCfg = Ad-Hoc|iPhone
		{6059EEDA-C4E1-4854-A76F-68CF03AF9186}.Ad-Hoc|Mixed Platforms.Build.0 = Ad-Hoc|iPhone
		{6059EEDA-C4E1-4854-A76F-68CF03AF9186}.Ad-Hoc|x64.ActiveCfg = Ad-Hoc|iPhoneSimulator
		{6059EEDA-C4E1-4854-A76F-68CF03AF9186}.Ad-Hoc|x86.ActiveCfg = Ad-Hoc|iPhone
		{6059EEDA-C4E1-4854-A76F-68CF03AF9186}.AppStore|Any CPU.ActiveCfg = AppStore|iPhone
		{6059EEDA-C4E1-4854-A76F-68CF03AF9186}.AppStore|ARM.ActiveCfg = AppStore|iPhone
		{6059EEDA-C4E1-4854-A76F-68CF03AF9186}.AppStore|iPhone.ActiveCfg = AppStore|iPhone
		{6059EEDA-C4E1-4854-A76F-68CF03AF9186}.AppStore|iPhone.Build.0 = AppStore|iPhone
		{6059EEDA-C4E1-4854-A76F-68CF03AF9186}.AppStore|iPhoneSimulator.ActiveCfg = AppStore|iPhoneSimulator
		{6059EEDA-C4E1-4854-A76F-68CF03AF9186}.AppStore|iPhoneSimulator.Build.0 = AppStore|iPhoneSimulator
		{6059EEDA-C4E1-4854-A76F-68CF03AF9186}.AppStore|Mixed Platforms.ActiveCfg = AppStore|iPhone
		{6059EEDA-C4E1-4854-A76F-68CF03AF9186}.AppStore|Mixed Platforms.Build.0 = AppStore|iPhone
		{6059EEDA-C4E1-4854-A76F-68CF03AF9186}.AppStore|x64.ActiveCfg = AppStore|iPhoneSimulator
		{6059EEDA-C4E1-4854-A76F-68CF03AF9186}.AppStore|x86.ActiveCfg = AppStore|iPhone
		{6059EEDA-C4E1-4854-A76F-68CF03AF9186}.Debug|Any CPU.ActiveCfg = Debug|iPhone
		{6059EEDA-C4E1-4854-A76F-68CF03AF9186}.Debug|ARM.ActiveCfg = Debug|iPhone
		{6059EEDA-C4E1-4854-A76F-68CF03AF9186}.Debug|iPhone.ActiveCfg = Debug|iPhone
		{6059EEDA-C4E1-4854-A76F-68CF03AF9186}.Debug|iPhone.Build.0 = Debug|iPhone
		{6059EEDA-C4E1-4854-A76F-68CF03AF9186}.Debug|iPhoneSimulator.ActiveCfg = Debug|iPhoneSimulator
		{6059EEDA-C4E1-4854-A76F-68CF03AF9186}.Debug|iPhoneSimulator.Build.0 = Debug|iPhoneSimulator
		{6059EEDA-C4E1-4854-A76F-68CF03AF9186}.Debug|Mixed Platforms.ActiveCfg = Debug|iPhone
		{6059EEDA-C4E1-4854-A76F-68CF03AF9186}.Debug|Mixed Platforms.Build.0 = Debug|iPhone
		{6059EEDA-C4E1-4854-A76F-68CF03AF9186}.Debug|x64.ActiveCfg = Debug|iPhoneSimulator
		{6059EEDA-C4E1-4854-A76F-68CF03AF9186}.Debug|x86.ActiveCfg = Debug|iPhone
		{6059EEDA-C4E1-4854-A76F-68CF03AF9186}.Release|Any CPU.ActiveCfg = Release|iPhone
		{6059EEDA-C4E1-4854-A76F-68CF03AF9186}.Release|ARM.ActiveCfg = Release|iPhone
		{6059EEDA-C4E1-4854-A76F-68CF03AF9186}.Release|iPhone.ActiveCfg = Release|iPhone
		{6059EEDA-C4E1-4854-A76F-68CF03AF9186}.Release|iPhone.Build.0 = Release|iPhone
		{6059EEDA-C4E1-4854-A76F-68CF03AF9186}.Release|iPhoneSimulator.ActiveCfg = Release|iPhoneSimulator
		{6059EEDA-C4E1-4854-A76F-68CF03AF9186}.Release|iPhoneSimulator.Build.0 = Release|iPhoneSimulator
		{6059EEDA-C4E1-4854-A76F-68CF03AF9186}.Release|Mixed Platforms.ActiveCfg = Release|iPhone
		{6059EEDA-C4E1-4854-A76F-68CF03AF9186}.Release|Mixed Platforms.Build.0 = Release|iPhone
		{6059EEDA-C4E1-4854-A76F-68CF03AF9186}.Release|x64.ActiveCfg = Release|iPhoneSimulator
		{6059EEDA-C4E1-4854-A76F-68CF03AF9186}.Release|x86.ActiveCfg = Release|iPhone
		{8EB3493A-2534-4EBC-8EE4-FBB26D48DA1C}.Ad-Hoc|Any CPU.ActiveCfg = Release|Any CPU
		{8EB3493A-2534-4EBC-8EE4-FBB26D48DA1C}.Ad-Hoc|Any CPU.Build.0 = Release|Any CPU
		{8EB3493A-2534-4EBC-8EE4-FBB26D48DA1C}.Ad-Hoc|Any CPU.Deploy.0 = Release|Any CPU
		{8EB3493A-2534-4EBC-8EE4-FBB26D48DA1C}.Ad-Hoc|ARM.ActiveCfg = Release|Any CPU
		{8EB3493A-2534-4EBC-8EE4-FBB26D48DA1C}.Ad-Hoc|iPhone.ActiveCfg = Release|Any CPU
		{8EB3493A-2534-4EBC-8EE4-FBB26D48DA1C}.Ad-Hoc|iPhoneSimulator.ActiveCfg = Release|Any CPU
		{8EB3493A-2534-4EBC-8EE4-FBB26D48DA1C}.Ad-Hoc|Mixed Platforms.ActiveCfg = Release|Any CPU
		{8EB3493A-2534-4EBC-8EE4-FBB26D48DA1C}.Ad-Hoc|Mixed Platforms.Build.0 = Release|Any CPU
		{8EB3493A-2534-4EBC-8EE4-FBB26D48DA1C}.Ad-Hoc|Mixed Platforms.Deploy.0 = Release|Any CPU
		{8EB3493A-2534-4EBC-8EE4-FBB26D48DA1C}.Ad-Hoc|x64.ActiveCfg = Debug|Any CPU
		{8EB3493A-2534-4EBC-8EE4-FBB26D48DA1C}.Ad-Hoc|x86.ActiveCfg = Release|Any CPU
		{8EB3493A-2534-4EBC-8EE4-FBB26D48DA1C}.AppStore|Any CPU.ActiveCfg = Release|Any CPU
		{8EB3493A-2534-4EBC-8EE4-FBB26D48DA1C}.AppStore|Any CPU.Build.0 = Release|Any CPU
		{8EB3493A-2534-4EBC-8EE4-FBB26D48DA1C}.AppStore|Any CPU.Deploy.0 = Release|Any CPU
		{8EB3493A-2534-4EBC-8EE4-FBB26D48DA1C}.AppStore|ARM.ActiveCfg = Release|Any CPU
		{8EB3493A-2534-4EBC-8EE4-FBB26D48DA1C}.AppStore|iPhone.ActiveCfg = Release|Any CPU
		{8EB3493A-2534-4EBC-8EE4-FBB26D48DA1C}.AppStore|iPhoneSimulator.ActiveCfg = Release|Any CPU
		{8EB3493A-2534-4EBC-8EE4-FBB26D48DA1C}.AppStore|Mixed Platforms.ActiveCfg = Release|Any CPU
		{8EB3493A-2534-4EBC-8EE4-FBB26D48DA1C}.AppStore|Mixed Platforms.Build.0 = Release|Any CPU
		{8EB3493A-2534-4EBC-8EE4-FBB26D48DA1C}.AppStore|Mixed Platforms.Deploy.0 = Release|Any CPU
		{8EB3493A-2534-4EBC-8EE4-FBB26D48DA1C}.AppStore|x64.ActiveCfg = Debug|Any CPU
		{8EB3493A-2534-4EBC-8EE4-FBB26D48DA1C}.AppStore|x86.ActiveCfg = Release|Any CPU
		{8EB3493A-2534-4EBC-8EE4-FBB26D48DA1C}.Debug|Any CPU.ActiveCfg = Debug|Any CPU
		{8EB3493A-2534-4EBC-8EE4-FBB26D48DA1C}.Debug|Any CPU.Build.0 = Debug|Any CPU
		{8EB3493A-2534-4EBC-8EE4-FBB26D48DA1C}.Debug|Any CPU.Deploy.0 = Debug|Any CPU
		{8EB3493A-2534-4EBC-8EE4-FBB26D48DA1C}.Debug|ARM.ActiveCfg = Debug|Any CPU
		{8EB3493A-2534-4EBC-8EE4-FBB26D48DA1C}.Debug|iPhone.ActiveCfg = Debug|Any CPU
		{8EB3493A-2534-4EBC-8EE4-FBB26D48DA1C}.Debug|iPhoneSimulator.ActiveCfg = Debug|Any CPU
		{8EB3493A-2534-4EBC-8EE4-FBB26D48DA1C}.Debug|Mixed Platforms.ActiveCfg = Debug|Any CPU
		{8EB3493A-2534-4EBC-8EE4-FBB26D48DA1C}.Debug|Mixed Platforms.Build.0 = Debug|Any CPU
		{8EB3493A-2534-4EBC-8EE4-FBB26D48DA1C}.Debug|Mixed Platforms.Deploy.0 = Debug|Any CPU
		{8EB3493A-2534-4EBC-8EE4-FBB26D48DA1C}.Debug|x64.ActiveCfg = Debug|Any CPU
		{8EB3493A-2534-4EBC-8EE4-FBB26D48DA1C}.Debug|x86.ActiveCfg = Debug|Any CPU
		{8EB3493A-2534-4EBC-8EE4-FBB26D48DA1C}.Release|Any CPU.ActiveCfg = Release|Any CPU
		{8EB3493A-2534-4EBC-8EE4-FBB26D48DA1C}.Release|Any CPU.Build.0 = Release|Any CPU
		{8EB3493A-2534-4EBC-8EE4-FBB26D48DA1C}.Release|Any CPU.Deploy.0 = Release|Any CPU
		{8EB3493A-2534-4EBC-8EE4-FBB26D48DA1C}.Release|ARM.ActiveCfg = Release|Any CPU
		{8EB3493A-2534-4EBC-8EE4-FBB26D48DA1C}.Release|iPhone.ActiveCfg = Release|Any CPU
		{8EB3493A-2534-4EBC-8EE4-FBB26D48DA1C}.Release|iPhoneSimulator.ActiveCfg = Release|Any CPU
		{8EB3493A-2534-4EBC-8EE4-FBB26D48DA1C}.Release|Mixed Platforms.ActiveCfg = Release|Any CPU
		{8EB3493A-2534-4EBC-8EE4-FBB26D48DA1C}.Release|Mixed Platforms.Build.0 = Release|Any CPU
		{8EB3493A-2534-4EBC-8EE4-FBB26D48DA1C}.Release|Mixed Platforms.Deploy.0 = Release|Any CPU
		{8EB3493A-2534-4EBC-8EE4-FBB26D48DA1C}.Release|x64.ActiveCfg = Release|Any CPU
		{8EB3493A-2534-4EBC-8EE4-FBB26D48DA1C}.Release|x86.ActiveCfg = Release|Any CPU
		{E85CCD7E-4347-4E1C-ACE3-2D8A7C08A8EB}.Ad-Hoc|Any CPU.ActiveCfg = Release|Any CPU
		{E85CCD7E-4347-4E1C-ACE3-2D8A7C08A8EB}.Ad-Hoc|Any CPU.Build.0 = Release|Any CPU
		{E85CCD7E-4347-4E1C-ACE3-2D8A7C08A8EB}.Ad-Hoc|Any CPU.Deploy.0 = Release|Any CPU
		{E85CCD7E-4347-4E1C-ACE3-2D8A7C08A8EB}.Ad-Hoc|ARM.ActiveCfg = Release|ARM
		{E85CCD7E-4347-4E1C-ACE3-2D8A7C08A8EB}.Ad-Hoc|ARM.Build.0 = Release|ARM
		{E85CCD7E-4347-4E1C-ACE3-2D8A7C08A8EB}.Ad-Hoc|ARM.Deploy.0 = Release|ARM
		{E85CCD7E-4347-4E1C-ACE3-2D8A7C08A8EB}.Ad-Hoc|iPhone.ActiveCfg = Release|Any CPU
		{E85CCD7E-4347-4E1C-ACE3-2D8A7C08A8EB}.Ad-Hoc|iPhoneSimulator.ActiveCfg = Release|Any CPU
		{E85CCD7E-4347-4E1C-ACE3-2D8A7C08A8EB}.Ad-Hoc|Mixed Platforms.ActiveCfg = Release|x86
		{E85CCD7E-4347-4E1C-ACE3-2D8A7C08A8EB}.Ad-Hoc|Mixed Platforms.Build.0 = Release|x86
		{E85CCD7E-4347-4E1C-ACE3-2D8A7C08A8EB}.Ad-Hoc|Mixed Platforms.Deploy.0 = Release|x86
		{E85CCD7E-4347-4E1C-ACE3-2D8A7C08A8EB}.Ad-Hoc|x64.ActiveCfg = Debug|Any CPU
		{E85CCD7E-4347-4E1C-ACE3-2D8A7C08A8EB}.Ad-Hoc|x86.ActiveCfg = Release|x86
		{E85CCD7E-4347-4E1C-ACE3-2D8A7C08A8EB}.Ad-Hoc|x86.Build.0 = Release|x86
		{E85CCD7E-4347-4E1C-ACE3-2D8A7C08A8EB}.Ad-Hoc|x86.Deploy.0 = Release|x86
		{E85CCD7E-4347-4E1C-ACE3-2D8A7C08A8EB}.AppStore|Any CPU.ActiveCfg = Release|Any CPU
		{E85CCD7E-4347-4E1C-ACE3-2D8A7C08A8EB}.AppStore|Any CPU.Build.0 = Release|Any CPU
		{E85CCD7E-4347-4E1C-ACE3-2D8A7C08A8EB}.AppStore|Any CPU.Deploy.0 = Release|Any CPU
		{E85CCD7E-4347-4E1C-ACE3-2D8A7C08A8EB}.AppStore|ARM.ActiveCfg = Release|ARM
		{E85CCD7E-4347-4E1C-ACE3-2D8A7C08A8EB}.AppStore|ARM.Build.0 = Release|ARM
		{E85CCD7E-4347-4E1C-ACE3-2D8A7C08A8EB}.AppStore|ARM.Deploy.0 = Release|ARM
		{E85CCD7E-4347-4E1C-ACE3-2D8A7C08A8EB}.AppStore|iPhone.ActiveCfg = Release|Any CPU
		{E85CCD7E-4347-4E1C-ACE3-2D8A7C08A8EB}.AppStore|iPhoneSimulator.ActiveCfg = Release|Any CPU
		{E85CCD7E-4347-4E1C-ACE3-2D8A7C08A8EB}.AppStore|Mixed Platforms.ActiveCfg = Release|x86
		{E85CCD7E-4347-4E1C-ACE3-2D8A7C08A8EB}.AppStore|Mixed Platforms.Build.0 = Release|x86
		{E85CCD7E-4347-4E1C-ACE3-2D8A7C08A8EB}.AppStore|Mixed Platforms.Deploy.0 = Release|x86
		{E85CCD7E-4347-4E1C-ACE3-2D8A7C08A8EB}.AppStore|x64.ActiveCfg = Debug|Any CPU
		{E85CCD7E-4347-4E1C-ACE3-2D8A7C08A8EB}.AppStore|x86.ActiveCfg = Release|x86
		{E85CCD7E-4347-4E1C-ACE3-2D8A7C08A8EB}.AppStore|x86.Build.0 = Release|x86
		{E85CCD7E-4347-4E1C-ACE3-2D8A7C08A8EB}.AppStore|x86.Deploy.0 = Release|x86
		{E85CCD7E-4347-4E1C-ACE3-2D8A7C08A8EB}.Debug|Any CPU.ActiveCfg = Debug|Any CPU
		{E85CCD7E-4347-4E1C-ACE3-2D8A7C08A8EB}.Debug|Any CPU.Build.0 = Debug|Any CPU
		{E85CCD7E-4347-4E1C-ACE3-2D8A7C08A8EB}.Debug|Any CPU.Deploy.0 = Debug|Any CPU
		{E85CCD7E-4347-4E1C-ACE3-2D8A7C08A8EB}.Debug|ARM.ActiveCfg = Debug|ARM
		{E85CCD7E-4347-4E1C-ACE3-2D8A7C08A8EB}.Debug|ARM.Build.0 = Debug|ARM
		{E85CCD7E-4347-4E1C-ACE3-2D8A7C08A8EB}.Debug|ARM.Deploy.0 = Debug|ARM
		{E85CCD7E-4347-4E1C-ACE3-2D8A7C08A8EB}.Debug|iPhone.ActiveCfg = Debug|Any CPU
		{E85CCD7E-4347-4E1C-ACE3-2D8A7C08A8EB}.Debug|iPhoneSimulator.ActiveCfg = Debug|Any CPU
		{E85CCD7E-4347-4E1C-ACE3-2D8A7C08A8EB}.Debug|Mixed Platforms.ActiveCfg = Debug|x86
		{E85CCD7E-4347-4E1C-ACE3-2D8A7C08A8EB}.Debug|Mixed Platforms.Build.0 = Debug|x86
		{E85CCD7E-4347-4E1C-ACE3-2D8A7C08A8EB}.Debug|Mixed Platforms.Deploy.0 = Debug|x86
		{E85CCD7E-4347-4E1C-ACE3-2D8A7C08A8EB}.Debug|x64.ActiveCfg = Debug|Any CPU
		{E85CCD7E-4347-4E1C-ACE3-2D8A7C08A8EB}.Debug|x86.ActiveCfg = Debug|x86
		{E85CCD7E-4347-4E1C-ACE3-2D8A7C08A8EB}.Debug|x86.Build.0 = Debug|x86
		{E85CCD7E-4347-4E1C-ACE3-2D8A7C08A8EB}.Debug|x86.Deploy.0 = Debug|x86
		{E85CCD7E-4347-4E1C-ACE3-2D8A7C08A8EB}.Release|Any CPU.ActiveCfg = Release|Any CPU
		{E85CCD7E-4347-4E1C-ACE3-2D8A7C08A8EB}.Release|Any CPU.Build.0 = Release|Any CPU
		{E85CCD7E-4347-4E1C-ACE3-2D8A7C08A8EB}.Release|Any CPU.Deploy.0 = Release|Any CPU
		{E85CCD7E-4347-4E1C-ACE3-2D8A7C08A8EB}.Release|ARM.ActiveCfg = Release|ARM
		{E85CCD7E-4347-4E1C-ACE3-2D8A7C08A8EB}.Release|ARM.Build.0 = Release|ARM
		{E85CCD7E-4347-4E1C-ACE3-2D8A7C08A8EB}.Release|ARM.Deploy.0 = Release|ARM
		{E85CCD7E-4347-4E1C-ACE3-2D8A7C08A8EB}.Release|iPhone.ActiveCfg = Release|Any CPU
		{E85CCD7E-4347-4E1C-ACE3-2D8A7C08A8EB}.Release|iPhoneSimulator.ActiveCfg = Release|Any CPU
		{E85CCD7E-4347-4E1C-ACE3-2D8A7C08A8EB}.Release|Mixed Platforms.ActiveCfg = Release|x86
		{E85CCD7E-4347-4E1C-ACE3-2D8A7C08A8EB}.Release|Mixed Platforms.Build.0 = Release|x86
		{E85CCD7E-4347-4E1C-ACE3-2D8A7C08A8EB}.Release|Mixed Platforms.Deploy.0 = Release|x86
		{E85CCD7E-4347-4E1C-ACE3-2D8A7C08A8EB}.Release|x64.ActiveCfg = Release|Any CPU
		{E85CCD7E-4347-4E1C-ACE3-2D8A7C08A8EB}.Release|x86.ActiveCfg = Release|x86
		{E85CCD7E-4347-4E1C-ACE3-2D8A7C08A8EB}.Release|x86.Build.0 = Release|x86
		{E85CCD7E-4347-4E1C-ACE3-2D8A7C08A8EB}.Release|x86.Deploy.0 = Release|x86
		{308E7895-2B75-49FB-827C-E6D8A78B6D0E}.Ad-Hoc|Any CPU.ActiveCfg = Release|Any CPU
		{308E7895-2B75-49FB-827C-E6D8A78B6D0E}.Ad-Hoc|Any CPU.Build.0 = Release|Any CPU
		{308E7895-2B75-49FB-827C-E6D8A78B6D0E}.Ad-Hoc|Any CPU.Deploy.0 = Release|Any CPU
		{308E7895-2B75-49FB-827C-E6D8A78B6D0E}.Ad-Hoc|ARM.ActiveCfg = Release|ARM
		{308E7895-2B75-49FB-827C-E6D8A78B6D0E}.Ad-Hoc|ARM.Build.0 = Release|ARM
		{308E7895-2B75-49FB-827C-E6D8A78B6D0E}.Ad-Hoc|ARM.Deploy.0 = Release|ARM
		{308E7895-2B75-49FB-827C-E6D8A78B6D0E}.Ad-Hoc|iPhone.ActiveCfg = Release|Any CPU
		{308E7895-2B75-49FB-827C-E6D8A78B6D0E}.Ad-Hoc|iPhoneSimulator.ActiveCfg = Release|Any CPU
		{308E7895-2B75-49FB-827C-E6D8A78B6D0E}.Ad-Hoc|Mixed Platforms.ActiveCfg = Release|x86
		{308E7895-2B75-49FB-827C-E6D8A78B6D0E}.Ad-Hoc|Mixed Platforms.Build.0 = Release|x86
		{308E7895-2B75-49FB-827C-E6D8A78B6D0E}.Ad-Hoc|Mixed Platforms.Deploy.0 = Release|x86
		{308E7895-2B75-49FB-827C-E6D8A78B6D0E}.Ad-Hoc|x64.ActiveCfg = Release|x64
		{308E7895-2B75-49FB-827C-E6D8A78B6D0E}.Ad-Hoc|x64.Build.0 = Release|x64
		{308E7895-2B75-49FB-827C-E6D8A78B6D0E}.Ad-Hoc|x64.Deploy.0 = Release|x64
		{308E7895-2B75-49FB-827C-E6D8A78B6D0E}.Ad-Hoc|x86.ActiveCfg = Release|x86
		{308E7895-2B75-49FB-827C-E6D8A78B6D0E}.Ad-Hoc|x86.Build.0 = Release|x86
		{308E7895-2B75-49FB-827C-E6D8A78B6D0E}.Ad-Hoc|x86.Deploy.0 = Release|x86
		{308E7895-2B75-49FB-827C-E6D8A78B6D0E}.AppStore|Any CPU.ActiveCfg = Release|Any CPU
		{308E7895-2B75-49FB-827C-E6D8A78B6D0E}.AppStore|Any CPU.Build.0 = Release|Any CPU
		{308E7895-2B75-49FB-827C-E6D8A78B6D0E}.AppStore|Any CPU.Deploy.0 = Release|Any CPU
		{308E7895-2B75-49FB-827C-E6D8A78B6D0E}.AppStore|ARM.ActiveCfg = Release|ARM
		{308E7895-2B75-49FB-827C-E6D8A78B6D0E}.AppStore|ARM.Build.0 = Release|ARM
		{308E7895-2B75-49FB-827C-E6D8A78B6D0E}.AppStore|ARM.Deploy.0 = Release|ARM
		{308E7895-2B75-49FB-827C-E6D8A78B6D0E}.AppStore|iPhone.ActiveCfg = Release|Any CPU
		{308E7895-2B75-49FB-827C-E6D8A78B6D0E}.AppStore|iPhoneSimulator.ActiveCfg = Release|Any CPU
		{308E7895-2B75-49FB-827C-E6D8A78B6D0E}.AppStore|Mixed Platforms.ActiveCfg = Release|x86
		{308E7895-2B75-49FB-827C-E6D8A78B6D0E}.AppStore|Mixed Platforms.Build.0 = Release|x86
		{308E7895-2B75-49FB-827C-E6D8A78B6D0E}.AppStore|Mixed Platforms.Deploy.0 = Release|x86
		{308E7895-2B75-49FB-827C-E6D8A78B6D0E}.AppStore|x64.ActiveCfg = Release|x64
		{308E7895-2B75-49FB-827C-E6D8A78B6D0E}.AppStore|x64.Build.0 = Release|x64
		{308E7895-2B75-49FB-827C-E6D8A78B6D0E}.AppStore|x64.Deploy.0 = Release|x64
		{308E7895-2B75-49FB-827C-E6D8A78B6D0E}.AppStore|x86.ActiveCfg = Release|x86
		{308E7895-2B75-49FB-827C-E6D8A78B6D0E}.AppStore|x86.Build.0 = Release|x86
		{308E7895-2B75-49FB-827C-E6D8A78B6D0E}.AppStore|x86.Deploy.0 = Release|x86
		{308E7895-2B75-49FB-827C-E6D8A78B6D0E}.Debug|Any CPU.ActiveCfg = Debug|Any CPU
		{308E7895-2B75-49FB-827C-E6D8A78B6D0E}.Debug|Any CPU.Build.0 = Debug|Any CPU
		{308E7895-2B75-49FB-827C-E6D8A78B6D0E}.Debug|Any CPU.Deploy.0 = Debug|Any CPU
		{308E7895-2B75-49FB-827C-E6D8A78B6D0E}.Debug|ARM.ActiveCfg = Debug|ARM
		{308E7895-2B75-49FB-827C-E6D8A78B6D0E}.Debug|ARM.Build.0 = Debug|ARM
		{308E7895-2B75-49FB-827C-E6D8A78B6D0E}.Debug|ARM.Deploy.0 = Debug|ARM
		{308E7895-2B75-49FB-827C-E6D8A78B6D0E}.Debug|iPhone.ActiveCfg = Debug|Any CPU
		{308E7895-2B75-49FB-827C-E6D8A78B6D0E}.Debug|iPhoneSimulator.ActiveCfg = Debug|Any CPU
		{308E7895-2B75-49FB-827C-E6D8A78B6D0E}.Debug|Mixed Platforms.ActiveCfg = Debug|x86
		{308E7895-2B75-49FB-827C-E6D8A78B6D0E}.Debug|Mixed Platforms.Build.0 = Debug|x86
		{308E7895-2B75-49FB-827C-E6D8A78B6D0E}.Debug|Mixed Platforms.Deploy.0 = Debug|x86
		{308E7895-2B75-49FB-827C-E6D8A78B6D0E}.Debug|x64.ActiveCfg = Debug|x64
		{308E7895-2B75-49FB-827C-E6D8A78B6D0E}.Debug|x64.Build.0 = Debug|x64
		{308E7895-2B75-49FB-827C-E6D8A78B6D0E}.Debug|x64.Deploy.0 = Debug|x64
		{308E7895-2B75-49FB-827C-E6D8A78B6D0E}.Debug|x86.ActiveCfg = Debug|x86
		{308E7895-2B75-49FB-827C-E6D8A78B6D0E}.Debug|x86.Build.0 = Debug|x86
		{308E7895-2B75-49FB-827C-E6D8A78B6D0E}.Debug|x86.Deploy.0 = Debug|x86
		{308E7895-2B75-49FB-827C-E6D8A78B6D0E}.Release|Any CPU.ActiveCfg = Release|Any CPU
		{308E7895-2B75-49FB-827C-E6D8A78B6D0E}.Release|Any CPU.Build.0 = Release|Any CPU
		{308E7895-2B75-49FB-827C-E6D8A78B6D0E}.Release|Any CPU.Deploy.0 = Release|Any CPU
		{308E7895-2B75-49FB-827C-E6D8A78B6D0E}.Release|ARM.ActiveCfg = Release|ARM
		{308E7895-2B75-49FB-827C-E6D8A78B6D0E}.Release|ARM.Build.0 = Release|ARM
		{308E7895-2B75-49FB-827C-E6D8A78B6D0E}.Release|ARM.Deploy.0 = Release|ARM
		{308E7895-2B75-49FB-827C-E6D8A78B6D0E}.Release|iPhone.ActiveCfg = Release|Any CPU
		{308E7895-2B75-49FB-827C-E6D8A78B6D0E}.Release|iPhoneSimulator.ActiveCfg = Release|Any CPU
		{308E7895-2B75-49FB-827C-E6D8A78B6D0E}.Release|Mixed Platforms.ActiveCfg = Release|x86
		{308E7895-2B75-49FB-827C-E6D8A78B6D0E}.Release|Mixed Platforms.Build.0 = Release|x86
		{308E7895-2B75-49FB-827C-E6D8A78B6D0E}.Release|Mixed Platforms.Deploy.0 = Release|x86
		{308E7895-2B75-49FB-827C-E6D8A78B6D0E}.Release|x64.ActiveCfg = Release|x64
		{308E7895-2B75-49FB-827C-E6D8A78B6D0E}.Release|x64.Build.0 = Release|x64
		{308E7895-2B75-49FB-827C-E6D8A78B6D0E}.Release|x64.Deploy.0 = Release|x64
		{308E7895-2B75-49FB-827C-E6D8A78B6D0E}.Release|x86.ActiveCfg = Release|x86
		{308E7895-2B75-49FB-827C-E6D8A78B6D0E}.Release|x86.Build.0 = Release|x86
		{308E7895-2B75-49FB-827C-E6D8A78B6D0E}.Release|x86.Deploy.0 = Release|x86
		{1D6D26DA-8459-440E-810A-FD9A7D1A7099}.Ad-Hoc|Any CPU.ActiveCfg = Release|Any CPU
		{1D6D26DA-8459-440E-810A-FD9A7D1A7099}.Ad-Hoc|Any CPU.Build.0 = Release|Any CPU
		{1D6D26DA-8459-440E-810A-FD9A7D1A7099}.Ad-Hoc|Any CPU.Deploy.0 = Release|Any CPU
		{1D6D26DA-8459-440E-810A-FD9A7D1A7099}.Ad-Hoc|ARM.ActiveCfg = Release|ARM
		{1D6D26DA-8459-440E-810A-FD9A7D1A7099}.Ad-Hoc|ARM.Build.0 = Release|ARM
		{1D6D26DA-8459-440E-810A-FD9A7D1A7099}.Ad-Hoc|ARM.Deploy.0 = Release|ARM
		{1D6D26DA-8459-440E-810A-FD9A7D1A7099}.Ad-Hoc|iPhone.ActiveCfg = Release|Any CPU
		{1D6D26DA-8459-440E-810A-FD9A7D1A7099}.Ad-Hoc|iPhoneSimulator.ActiveCfg = Release|Any CPU
		{1D6D26DA-8459-440E-810A-FD9A7D1A7099}.Ad-Hoc|Mixed Platforms.ActiveCfg = Release|x86
		{1D6D26DA-8459-440E-810A-FD9A7D1A7099}.Ad-Hoc|Mixed Platforms.Build.0 = Release|x86
		{1D6D26DA-8459-440E-810A-FD9A7D1A7099}.Ad-Hoc|Mixed Platforms.Deploy.0 = Release|x86
		{1D6D26DA-8459-440E-810A-FD9A7D1A7099}.Ad-Hoc|x64.ActiveCfg = Release|Any CPU
		{1D6D26DA-8459-440E-810A-FD9A7D1A7099}.Ad-Hoc|x86.ActiveCfg = Release|x86
		{1D6D26DA-8459-440E-810A-FD9A7D1A7099}.Ad-Hoc|x86.Build.0 = Release|x86
		{1D6D26DA-8459-440E-810A-FD9A7D1A7099}.Ad-Hoc|x86.Deploy.0 = Release|x86
		{1D6D26DA-8459-440E-810A-FD9A7D1A7099}.AppStore|Any CPU.ActiveCfg = Release|Any CPU
		{1D6D26DA-8459-440E-810A-FD9A7D1A7099}.AppStore|Any CPU.Build.0 = Release|Any CPU
		{1D6D26DA-8459-440E-810A-FD9A7D1A7099}.AppStore|Any CPU.Deploy.0 = Release|Any CPU
		{1D6D26DA-8459-440E-810A-FD9A7D1A7099}.AppStore|ARM.ActiveCfg = Release|ARM
		{1D6D26DA-8459-440E-810A-FD9A7D1A7099}.AppStore|ARM.Build.0 = Release|ARM
		{1D6D26DA-8459-440E-810A-FD9A7D1A7099}.AppStore|ARM.Deploy.0 = Release|ARM
		{1D6D26DA-8459-440E-810A-FD9A7D1A7099}.AppStore|iPhone.ActiveCfg = Release|Any CPU
		{1D6D26DA-8459-440E-810A-FD9A7D1A7099}.AppStore|iPhoneSimulator.ActiveCfg = Release|Any CPU
		{1D6D26DA-8459-440E-810A-FD9A7D1A7099}.AppStore|Mixed Platforms.ActiveCfg = Release|x86
		{1D6D26DA-8459-440E-810A-FD9A7D1A7099}.AppStore|Mixed Platforms.Build.0 = Release|x86
		{1D6D26DA-8459-440E-810A-FD9A7D1A7099}.AppStore|Mixed Platforms.Deploy.0 = Release|x86
		{1D6D26DA-8459-440E-810A-FD9A7D1A7099}.AppStore|x64.ActiveCfg = Release|Any CPU
		{1D6D26DA-8459-440E-810A-FD9A7D1A7099}.AppStore|x86.ActiveCfg = Release|x86
		{1D6D26DA-8459-440E-810A-FD9A7D1A7099}.AppStore|x86.Build.0 = Release|x86
		{1D6D26DA-8459-440E-810A-FD9A7D1A7099}.AppStore|x86.Deploy.0 = Release|x86
		{1D6D26DA-8459-440E-810A-FD9A7D1A7099}.Debug|Any CPU.ActiveCfg = Debug|Any CPU
		{1D6D26DA-8459-440E-810A-FD9A7D1A7099}.Debug|Any CPU.Build.0 = Debug|Any CPU
		{1D6D26DA-8459-440E-810A-FD9A7D1A7099}.Debug|Any CPU.Deploy.0 = Debug|Any CPU
		{1D6D26DA-8459-440E-810A-FD9A7D1A7099}.Debug|ARM.ActiveCfg = Debug|ARM
		{1D6D26DA-8459-440E-810A-FD9A7D1A7099}.Debug|ARM.Build.0 = Debug|ARM
		{1D6D26DA-8459-440E-810A-FD9A7D1A7099}.Debug|ARM.Deploy.0 = Debug|ARM
		{1D6D26DA-8459-440E-810A-FD9A7D1A7099}.Debug|iPhone.ActiveCfg = Debug|Any CPU
		{1D6D26DA-8459-440E-810A-FD9A7D1A7099}.Debug|iPhoneSimulator.ActiveCfg = Debug|Any CPU
		{1D6D26DA-8459-440E-810A-FD9A7D1A7099}.Debug|Mixed Platforms.ActiveCfg = Debug|x86
		{1D6D26DA-8459-440E-810A-FD9A7D1A7099}.Debug|Mixed Platforms.Build.0 = Debug|x86
		{1D6D26DA-8459-440E-810A-FD9A7D1A7099}.Debug|Mixed Platforms.Deploy.0 = Debug|x86
		{1D6D26DA-8459-440E-810A-FD9A7D1A7099}.Debug|x64.ActiveCfg = Debug|Any CPU
		{1D6D26DA-8459-440E-810A-FD9A7D1A7099}.Debug|x86.ActiveCfg = Debug|x86
		{1D6D26DA-8459-440E-810A-FD9A7D1A7099}.Debug|x86.Build.0 = Debug|x86
		{1D6D26DA-8459-440E-810A-FD9A7D1A7099}.Debug|x86.Deploy.0 = Debug|x86
		{1D6D26DA-8459-440E-810A-FD9A7D1A7099}.Release|Any CPU.ActiveCfg = Release|Any CPU
		{1D6D26DA-8459-440E-810A-FD9A7D1A7099}.Release|Any CPU.Build.0 = Release|Any CPU
		{1D6D26DA-8459-440E-810A-FD9A7D1A7099}.Release|Any CPU.Deploy.0 = Release|Any CPU
		{1D6D26DA-8459-440E-810A-FD9A7D1A7099}.Release|ARM.ActiveCfg = Release|ARM
		{1D6D26DA-8459-440E-810A-FD9A7D1A7099}.Release|ARM.Build.0 = Release|ARM
		{1D6D26DA-8459-440E-810A-FD9A7D1A7099}.Release|ARM.Deploy.0 = Release|ARM
		{1D6D26DA-8459-440E-810A-FD9A7D1A7099}.Release|iPhone.ActiveCfg = Release|Any CPU
		{1D6D26DA-8459-440E-810A-FD9A7D1A7099}.Release|iPhoneSimulator.ActiveCfg = Release|Any CPU
		{1D6D26DA-8459-440E-810A-FD9A7D1A7099}.Release|Mixed Platforms.ActiveCfg = Release|x86
		{1D6D26DA-8459-440E-810A-FD9A7D1A7099}.Release|Mixed Platforms.Build.0 = Release|x86
		{1D6D26DA-8459-440E-810A-FD9A7D1A7099}.Release|Mixed Platforms.Deploy.0 = Release|x86
		{1D6D26DA-8459-440E-810A-FD9A7D1A7099}.Release|x64.ActiveCfg = Release|Any CPU
		{1D6D26DA-8459-440E-810A-FD9A7D1A7099}.Release|x86.ActiveCfg = Release|x86
		{1D6D26DA-8459-440E-810A-FD9A7D1A7099}.Release|x86.Build.0 = Release|x86
		{1D6D26DA-8459-440E-810A-FD9A7D1A7099}.Release|x86.Deploy.0 = Release|x86
	EndGlobalSection
	GlobalSection(SolutionProperties) = preSolution
		HideSolutionNode = FALSE
	EndGlobalSection
EndGlobal
