
Microsoft Visual Studio Solution File, Format Version 12.00
# Visual Studio 2013
VisualStudioVersion = 12.0.30723.0
MinimumVisualStudioVersion = 10.0.40219.1
Project("{FAE04EC0-301F-11D3-BF4B-00C04F79EFBC}") = "OrkneyFlag", "OrkneyFlag\OrkneyFlag\OrkneyFlag.csproj", "{D0F6F770-7BF2-48C3-9016-7CCCAE1C0EE7}"
EndProject
Project("{FAE04EC0-301F-11D3-BF4B-00C04F79EFBC}") = "OrkneyFlag.iOS", "OrkneyFlag\OrkneyFlag.iOS\OrkneyFlag.iOS.csproj", "{9B20BBC4-EA8D-42A4-9533-62A6986C1A18}"
EndProject
Project("{FAE04EC0-301F-11D3-BF4B-00C04F79EFBC}") = "OrkneyFlag.Droid", "OrkneyFlag\OrkneyFlag.Droid\OrkneyFlag.Droid.csproj", "{2764E6DA-52AF-43FF-8B79-63D80433DE3F}"
EndProject
Project("{FAE04EC0-301F-11D3-BF4B-00C04F79EFBC}") = "OrkneyFlag.WinPhone", "OrkneyFlag\OrkneyFlag.WinPhone\OrkneyFlag.WinPhone.csproj", "{24E67869-332E-4C4F-89B1-5D578F678536}"
EndProject
Global
	GlobalSection(SolutionConfigurationPlatforms) = preSolution
		Ad-Hoc|Any CPU = Ad-Hoc|Any CPU
		Ad-Hoc|ARM = Ad-Hoc|ARM
		Ad-Hoc|iPhone = Ad-Hoc|iPhone
		Ad-Hoc|iPhoneSimulator = Ad-Hoc|iPhoneSimulator
		Ad-Hoc|Mixed Platforms = Ad-Hoc|Mixed Platforms
		Ad-Hoc|x86 = Ad-Hoc|x86
		AppStore|Any CPU = AppStore|Any CPU
		AppStore|ARM = AppStore|ARM
		AppStore|iPhone = AppStore|iPhone
		AppStore|iPhoneSimulator = AppStore|iPhoneSimulator
		AppStore|Mixed Platforms = AppStore|Mixed Platforms
		AppStore|x86 = AppStore|x86
		Debug|Any CPU = Debug|Any CPU
		Debug|ARM = Debug|ARM
		Debug|iPhone = Debug|iPhone
		Debug|iPhoneSimulator = Debug|iPhoneSimulator
		Debug|Mixed Platforms = Debug|Mixed Platforms
		Debug|x86 = Debug|x86
		Release|Any CPU = Release|Any CPU
		Release|ARM = Release|ARM
		Release|iPhone = Release|iPhone
		Release|iPhoneSimulator = Release|iPhoneSimulator
		Release|Mixed Platforms = Release|Mixed Platforms
		Release|x86 = Release|x86
	EndGlobalSection
	GlobalSection(ProjectConfigurationPlatforms) = postSolution
		{D0F6F770-7BF2-48C3-9016-7CCCAE1C0EE7}.Ad-Hoc|Any CPU.ActiveCfg = Release|Any CPU
		{D0F6F770-7BF2-48C3-9016-7CCCAE1C0EE7}.Ad-Hoc|Any CPU.Build.0 = Release|Any CPU
		{D0F6F770-7BF2-48C3-9016-7CCCAE1C0EE7}.Ad-Hoc|ARM.ActiveCfg = Release|Any CPU
		{D0F6F770-7BF2-48C3-9016-7CCCAE1C0EE7}.Ad-Hoc|iPhone.ActiveCfg = Release|Any CPU
		{D0F6F770-7BF2-48C3-9016-7CCCAE1C0EE7}.Ad-Hoc|iPhoneSimulator.ActiveCfg = Release|Any CPU
		{D0F6F770-7BF2-48C3-9016-7CCCAE1C0EE7}.Ad-Hoc|Mixed Platforms.ActiveCfg = Release|Any CPU
		{D0F6F770-7BF2-48C3-9016-7CCCAE1C0EE7}.Ad-Hoc|Mixed Platforms.Build.0 = Release|Any CPU
		{D0F6F770-7BF2-48C3-9016-7CCCAE1C0EE7}.Ad-Hoc|x86.ActiveCfg = Release|Any CPU
		{D0F6F770-7BF2-48C3-9016-7CCCAE1C0EE7}.AppStore|Any CPU.ActiveCfg = Release|Any CPU
		{D0F6F770-7BF2-48C3-9016-7CCCAE1C0EE7}.AppStore|Any CPU.Build.0 = Release|Any CPU
		{D0F6F770-7BF2-48C3-9016-7CCCAE1C0EE7}.AppStore|ARM.ActiveCfg = Release|Any CPU
		{D0F6F770-7BF2-48C3-9016-7CCCAE1C0EE7}.AppStore|iPhone.ActiveCfg = Release|Any CPU
		{D0F6F770-7BF2-48C3-9016-7CCCAE1C0EE7}.AppStore|iPhoneSimulator.ActiveCfg = Release|Any CPU
		{D0F6F770-7BF2-48C3-9016-7CCCAE1C0EE7}.AppStore|Mixed Platforms.ActiveCfg = Release|Any CPU
		{D0F6F770-7BF2-48C3-9016-7CCCAE1C0EE7}.AppStore|Mixed Platforms.Build.0 = Release|Any CPU
		{D0F6F770-7BF2-48C3-9016-7CCCAE1C0EE7}.AppStore|x86.ActiveCfg = Release|Any CPU
		{D0F6F770-7BF2-48C3-9016-7CCCAE1C0EE7}.Debug|Any CPU.ActiveCfg = Debug|Any CPU
		{D0F6F770-7BF2-48C3-9016-7CCCAE1C0EE7}.Debug|Any CPU.Build.0 = Debug|Any CPU
		{D0F6F770-7BF2-48C3-9016-7CCCAE1C0EE7}.Debug|ARM.ActiveCfg = Debug|Any CPU
		{D0F6F770-7BF2-48C3-9016-7CCCAE1C0EE7}.Debug|iPhone.ActiveCfg = Debug|Any CPU
		{D0F6F770-7BF2-48C3-9016-7CCCAE1C0EE7}.Debug|iPhone.Build.0 = Debug|Any CPU
		{D0F6F770-7BF2-48C3-9016-7CCCAE1C0EE7}.Debug|iPhoneSimulator.ActiveCfg = Debug|Any CPU
		{D0F6F770-7BF2-48C3-9016-7CCCAE1C0EE7}.Debug|iPhoneSimulator.Build.0 = Debug|Any CPU
		{D0F6F770-7BF2-48C3-9016-7CCCAE1C0EE7}.Debug|Mixed Platforms.ActiveCfg = Debug|Any CPU
		{D0F6F770-7BF2-48C3-9016-7CCCAE1C0EE7}.Debug|Mixed Platforms.Build.0 = Debug|Any CPU
		{D0F6F770-7BF2-48C3-9016-7CCCAE1C0EE7}.Debug|x86.ActiveCfg = Debug|Any CPU
		{D0F6F770-7BF2-48C3-9016-7CCCAE1C0EE7}.Release|Any CPU.ActiveCfg = Release|Any CPU
		{D0F6F770-7BF2-48C3-9016-7CCCAE1C0EE7}.Release|Any CPU.Build.0 = Release|Any CPU
		{D0F6F770-7BF2-48C3-9016-7CCCAE1C0EE7}.Release|ARM.ActiveCfg = Release|Any CPU
		{D0F6F770-7BF2-48C3-9016-7CCCAE1C0EE7}.Release|iPhone.ActiveCfg = Release|Any CPU
		{D0F6F770-7BF2-48C3-9016-7CCCAE1C0EE7}.Release|iPhone.Build.0 = Release|Any CPU
		{D0F6F770-7BF2-48C3-9016-7CCCAE1C0EE7}.Release|iPhoneSimulator.ActiveCfg = Release|Any CPU
		{D0F6F770-7BF2-48C3-9016-7CCCAE1C0EE7}.Release|iPhoneSimulator.Build.0 = Release|Any CPU
		{D0F6F770-7BF2-48C3-9016-7CCCAE1C0EE7}.Release|Mixed Platforms.ActiveCfg = Release|Any CPU
		{D0F6F770-7BF2-48C3-9016-7CCCAE1C0EE7}.Release|Mixed Platforms.Build.0 = Release|Any CPU
		{D0F6F770-7BF2-48C3-9016-7CCCAE1C0EE7}.Release|x86.ActiveCfg = Release|Any CPU
		{9B20BBC4-EA8D-42A4-9533-62A6986C1A18}.Ad-Hoc|Any CPU.ActiveCfg = Ad-Hoc|iPhone
		{9B20BBC4-EA8D-42A4-9533-62A6986C1A18}.Ad-Hoc|ARM.ActiveCfg = Ad-Hoc|iPhone
		{9B20BBC4-EA8D-42A4-9533-62A6986C1A18}.Ad-Hoc|iPhone.ActiveCfg = Ad-Hoc|iPhone
		{9B20BBC4-EA8D-42A4-9533-62A6986C1A18}.Ad-Hoc|iPhone.Build.0 = Ad-Hoc|iPhone
		{9B20BBC4-EA8D-42A4-9533-62A6986C1A18}.Ad-Hoc|iPhoneSimulator.ActiveCfg = Ad-Hoc|iPhoneSimulator
		{9B20BBC4-EA8D-42A4-9533-62A6986C1A18}.Ad-Hoc|iPhoneSimulator.Build.0 = Ad-Hoc|iPhoneSimulator
		{9B20BBC4-EA8D-42A4-9533-62A6986C1A18}.Ad-Hoc|Mixed Platforms.ActiveCfg = Ad-Hoc|iPhone
		{9B20BBC4-EA8D-42A4-9533-62A6986C1A18}.Ad-Hoc|Mixed Platforms.Build.0 = Ad-Hoc|iPhone
		{9B20BBC4-EA8D-42A4-9533-62A6986C1A18}.Ad-Hoc|x86.ActiveCfg = Ad-Hoc|iPhone
		{9B20BBC4-EA8D-42A4-9533-62A6986C1A18}.AppStore|Any CPU.ActiveCfg = AppStore|iPhone
		{9B20BBC4-EA8D-42A4-9533-62A6986C1A18}.AppStore|ARM.ActiveCfg = AppStore|iPhone
		{9B20BBC4-EA8D-42A4-9533-62A6986C1A18}.AppStore|iPhone.ActiveCfg = AppStore|iPhone
		{9B20BBC4-EA8D-42A4-9533-62A6986C1A18}.AppStore|iPhone.Build.0 = AppStore|iPhone
		{9B20BBC4-EA8D-42A4-9533-62A6986C1A18}.AppStore|iPhoneSimulator.ActiveCfg = AppStore|iPhoneSimulator
		{9B20BBC4-EA8D-42A4-9533-62A6986C1A18}.AppStore|iPhoneSimulator.Build.0 = AppStore|iPhoneSimulator
		{9B20BBC4-EA8D-42A4-9533-62A6986C1A18}.AppStore|Mixed Platforms.ActiveCfg = AppStore|iPhone
		{9B20BBC4-EA8D-42A4-9533-62A6986C1A18}.AppStore|Mixed Platforms.Build.0 = AppStore|iPhone
		{9B20BBC4-EA8D-42A4-9533-62A6986C1A18}.AppStore|x86.ActiveCfg = AppStore|iPhone
		{9B20BBC4-EA8D-42A4-9533-62A6986C1A18}.Debug|Any CPU.ActiveCfg = Debug|iPhoneSimulator
		{9B20BBC4-EA8D-42A4-9533-62A6986C1A18}.Debug|Any CPU.Build.0 = Debug|iPhoneSimulator
		{9B20BBC4-EA8D-42A4-9533-62A6986C1A18}.Debug|ARM.ActiveCfg = Debug|iPhone
		{9B20BBC4-EA8D-42A4-9533-62A6986C1A18}.Debug|iPhone.ActiveCfg = Debug|iPhone
		{9B20BBC4-EA8D-42A4-9533-62A6986C1A18}.Debug|iPhone.Build.0 = Debug|iPhone
		{9B20BBC4-EA8D-42A4-9533-62A6986C1A18}.Debug|iPhoneSimulator.ActiveCfg = Debug|iPhoneSimulator
		{9B20BBC4-EA8D-42A4-9533-62A6986C1A18}.Debug|iPhoneSimulator.Build.0 = Debug|iPhoneSimulator
		{9B20BBC4-EA8D-42A4-9533-62A6986C1A18}.Debug|Mixed Platforms.ActiveCfg = Debug|iPhone
		{9B20BBC4-EA8D-42A4-9533-62A6986C1A18}.Debug|Mixed Platforms.Build.0 = Debug|iPhone
		{9B20BBC4-EA8D-42A4-9533-62A6986C1A18}.Debug|x86.ActiveCfg = Debug|iPhone
		{9B20BBC4-EA8D-42A4-9533-62A6986C1A18}.Release|Any CPU.ActiveCfg = Release|iPhoneSimulator
		{9B20BBC4-EA8D-42A4-9533-62A6986C1A18}.Release|Any CPU.Build.0 = Release|iPhoneSimulator
		{9B20BBC4-EA8D-42A4-9533-62A6986C1A18}.Release|ARM.ActiveCfg = Release|iPhone
		{9B20BBC4-EA8D-42A4-9533-62A6986C1A18}.Release|iPhone.ActiveCfg = Release|iPhone
		{9B20BBC4-EA8D-42A4-9533-62A6986C1A18}.Release|iPhone.Build.0 = Release|iPhone
		{9B20BBC4-EA8D-42A4-9533-62A6986C1A18}.Release|iPhoneSimulator.ActiveCfg = Release|iPhoneSimulator
		{9B20BBC4-EA8D-42A4-9533-62A6986C1A18}.Release|iPhoneSimulator.Build.0 = Release|iPhoneSimulator
		{9B20BBC4-EA8D-42A4-9533-62A6986C1A18}.Release|Mixed Platforms.ActiveCfg = Release|iPhone
		{9B20BBC4-EA8D-42A4-9533-62A6986C1A18}.Release|Mixed Platforms.Build.0 = Release|iPhone
		{9B20BBC4-EA8D-42A4-9533-62A6986C1A18}.Release|x86.ActiveCfg = Release|iPhone
		{2764E6DA-52AF-43FF-8B79-63D80433DE3F}.Ad-Hoc|Any CPU.ActiveCfg = Release|Any CPU
		{2764E6DA-52AF-43FF-8B79-63D80433DE3F}.Ad-Hoc|Any CPU.Build.0 = Release|Any CPU
		{2764E6DA-52AF-43FF-8B79-63D80433DE3F}.Ad-Hoc|Any CPU.Deploy.0 = Release|Any CPU
		{2764E6DA-52AF-43FF-8B79-63D80433DE3F}.Ad-Hoc|ARM.ActiveCfg = Release|Any CPU
		{2764E6DA-52AF-43FF-8B79-63D80433DE3F}.Ad-Hoc|iPhone.ActiveCfg = Release|Any CPU
		{2764E6DA-52AF-43FF-8B79-63D80433DE3F}.Ad-Hoc|iPhoneSimulator.ActiveCfg = Release|Any CPU
		{2764E6DA-52AF-43FF-8B79-63D80433DE3F}.Ad-Hoc|Mixed Platforms.ActiveCfg = Release|Any CPU
		{2764E6DA-52AF-43FF-8B79-63D80433DE3F}.Ad-Hoc|Mixed Platforms.Build.0 = Release|Any CPU
		{2764E6DA-52AF-43FF-8B79-63D80433DE3F}.Ad-Hoc|Mixed Platforms.Deploy.0 = Release|Any CPU
		{2764E6DA-52AF-43FF-8B79-63D80433DE3F}.Ad-Hoc|x86.ActiveCfg = Release|Any CPU
		{2764E6DA-52AF-43FF-8B79-63D80433DE3F}.AppStore|Any CPU.ActiveCfg = Release|Any CPU
		{2764E6DA-52AF-43FF-8B79-63D80433DE3F}.AppStore|Any CPU.Build.0 = Release|Any CPU
		{2764E6DA-52AF-43FF-8B79-63D80433DE3F}.AppStore|Any CPU.Deploy.0 = Release|Any CPU
		{2764E6DA-52AF-43FF-8B79-63D80433DE3F}.AppStore|ARM.ActiveCfg = Release|Any CPU
		{2764E6DA-52AF-43FF-8B79-63D80433DE3F}.AppStore|iPhone.ActiveCfg = Release|Any CPU
		{2764E6DA-52AF-43FF-8B79-63D80433DE3F}.AppStore|iPhoneSimulator.ActiveCfg = Release|Any CPU
		{2764E6DA-52AF-43FF-8B79-63D80433DE3F}.AppStore|Mixed Platforms.ActiveCfg = Release|Any CPU
		{2764E6DA-52AF-43FF-8B79-63D80433DE3F}.AppStore|Mixed Platforms.Build.0 = Release|Any CPU
		{2764E6DA-52AF-43FF-8B79-63D80433DE3F}.AppStore|Mixed Platforms.Deploy.0 = Release|Any CPU
		{2764E6DA-52AF-43FF-8B79-63D80433DE3F}.AppStore|x86.ActiveCfg = Release|Any CPU
		{2764E6DA-52AF-43FF-8B79-63D80433DE3F}.Debug|Any CPU.ActiveCfg = Debug|Any CPU
		{2764E6DA-52AF-43FF-8B79-63D80433DE3F}.Debug|Any CPU.Build.0 = Debug|Any CPU
		{2764E6DA-52AF-43FF-8B79-63D80433DE3F}.Debug|Any CPU.Deploy.0 = Debug|Any CPU
		{2764E6DA-52AF-43FF-8B79-63D80433DE3F}.Debug|ARM.ActiveCfg = Debug|Any CPU
		{2764E6DA-52AF-43FF-8B79-63D80433DE3F}.Debug|iPhone.ActiveCfg = Debug|Any CPU
		{2764E6DA-52AF-43FF-8B79-63D80433DE3F}.Debug|iPhone.Build.0 = Debug|Any CPU
		{2764E6DA-52AF-43FF-8B79-63D80433DE3F}.Debug|iPhone.Deploy.0 = Debug|Any CPU
		{2764E6DA-52AF-43FF-8B79-63D80433DE3F}.Debug|iPhoneSimulator.ActiveCfg = Debug|Any CPU
		{2764E6DA-52AF-43FF-8B79-63D80433DE3F}.Debug|iPhoneSimulator.Build.0 = Debug|Any CPU
		{2764E6DA-52AF-43FF-8B79-63D80433DE3F}.Debug|iPhoneSimulator.Deploy.0 = Debug|Any CPU
		{2764E6DA-52AF-43FF-8B79-63D80433DE3F}.Debug|Mixed Platforms.ActiveCfg = Debug|Any CPU
		{2764E6DA-52AF-43FF-8B79-63D80433DE3F}.Debug|Mixed Platforms.Build.0 = Debug|Any CPU
		{2764E6DA-52AF-43FF-8B79-63D80433DE3F}.Debug|Mixed Platforms.Deploy.0 = Debug|Any CPU
		{2764E6DA-52AF-43FF-8B79-63D80433DE3F}.Debug|x86.ActiveCfg = Debug|Any CPU
		{2764E6DA-52AF-43FF-8B79-63D80433DE3F}.Release|Any CPU.ActiveCfg = Release|Any CPU
		{2764E6DA-52AF-43FF-8B79-63D80433DE3F}.Release|Any CPU.Build.0 = Release|Any CPU
		{2764E6DA-52AF-43FF-8B79-63D80433DE3F}.Release|Any CPU.Deploy.0 = Release|Any CPU
		{2764E6DA-52AF-43FF-8B79-63D80433DE3F}.Release|ARM.ActiveCfg = Release|Any CPU
		{2764E6DA-52AF-43FF-8B79-63D80433DE3F}.Release|iPhone.ActiveCfg = Release|Any CPU
		{2764E6DA-52AF-43FF-8B79-63D80433DE3F}.Release|iPhone.Build.0 = Release|Any CPU
		{2764E6DA-52AF-43FF-8B79-63D80433DE3F}.Release|iPhone.Deploy.0 = Release|Any CPU
		{2764E6DA-52AF-43FF-8B79-63D80433DE3F}.Release|iPhoneSimulator.ActiveCfg = Release|Any CPU
		{2764E6DA-52AF-43FF-8B79-63D80433DE3F}.Release|iPhoneSimulator.Build.0 = Release|Any CPU
		{2764E6DA-52AF-43FF-8B79-63D80433DE3F}.Release|iPhoneSimulator.Deploy.0 = Release|Any CPU
		{2764E6DA-52AF-43FF-8B79-63D80433DE3F}.Release|Mixed Platforms.ActiveCfg = Release|Any CPU
		{2764E6DA-52AF-43FF-8B79-63D80433DE3F}.Release|Mixed Platforms.Build.0 = Release|Any CPU
		{2764E6DA-52AF-43FF-8B79-63D80433DE3F}.Release|Mixed Platforms.Deploy.0 = Release|Any CPU
		{2764E6DA-52AF-43FF-8B79-63D80433DE3F}.Release|x86.ActiveCfg = Release|Any CPU
		{24E67869-332E-4C4F-89B1-5D578F678536}.Ad-Hoc|Any CPU.ActiveCfg = Release|Any CPU
		{24E67869-332E-4C4F-89B1-5D578F678536}.Ad-Hoc|Any CPU.Build.0 = Release|Any CPU
		{24E67869-332E-4C4F-89B1-5D578F678536}.Ad-Hoc|Any CPU.Deploy.0 = Release|Any CPU
		{24E67869-332E-4C4F-89B1-5D578F678536}.Ad-Hoc|ARM.ActiveCfg = Release|ARM
		{24E67869-332E-4C4F-89B1-5D578F678536}.Ad-Hoc|ARM.Build.0 = Release|ARM
		{24E67869-332E-4C4F-89B1-5D578F678536}.Ad-Hoc|ARM.Deploy.0 = Release|ARM
		{24E67869-332E-4C4F-89B1-5D578F678536}.Ad-Hoc|iPhone.ActiveCfg = Release|Any CPU
		{24E67869-332E-4C4F-89B1-5D578F678536}.Ad-Hoc|iPhoneSimulator.ActiveCfg = Release|Any CPU
		{24E67869-332E-4C4F-89B1-5D578F678536}.Ad-Hoc|Mixed Platforms.ActiveCfg = Release|x86
		{24E67869-332E-4C4F-89B1-5D578F678536}.Ad-Hoc|Mixed Platforms.Build.0 = Release|x86
		{24E67869-332E-4C4F-89B1-5D578F678536}.Ad-Hoc|Mixed Platforms.Deploy.0 = Release|x86
		{24E67869-332E-4C4F-89B1-5D578F678536}.Ad-Hoc|x86.ActiveCfg = Release|x86
		{24E67869-332E-4C4F-89B1-5D578F678536}.Ad-Hoc|x86.Build.0 = Release|x86
		{24E67869-332E-4C4F-89B1-5D578F678536}.Ad-Hoc|x86.Deploy.0 = Release|x86
		{24E67869-332E-4C4F-89B1-5D578F678536}.AppStore|Any CPU.ActiveCfg = Release|Any CPU
		{24E67869-332E-4C4F-89B1-5D578F678536}.AppStore|Any CPU.Build.0 = Release|Any CPU
		{24E67869-332E-4C4F-89B1-5D578F678536}.AppStore|Any CPU.Deploy.0 = Release|Any CPU
		{24E67869-332E-4C4F-89B1-5D578F678536}.AppStore|ARM.ActiveCfg = Release|ARM
		{24E67869-332E-4C4F-89B1-5D578F678536}.AppStore|ARM.Build.0 = Release|ARM
		{24E67869-332E-4C4F-89B1-5D578F678536}.AppStore|ARM.Deploy.0 = Release|ARM
		{24E67869-332E-4C4F-89B1-5D578F678536}.AppStore|iPhone.ActiveCfg = Release|Any CPU
		{24E67869-332E-4C4F-89B1-5D578F678536}.AppStore|iPhoneSimulator.ActiveCfg = Release|Any CPU
		{24E67869-332E-4C4F-89B1-5D578F678536}.AppStore|Mixed Platforms.ActiveCfg = Release|x86
		{24E67869-332E-4C4F-89B1-5D578F678536}.AppStore|Mixed Platforms.Build.0 = Release|x86
		{24E67869-332E-4C4F-89B1-5D578F678536}.AppStore|Mixed Platforms.Deploy.0 = Release|x86
		{24E67869-332E-4C4F-89B1-5D578F678536}.AppStore|x86.ActiveCfg = Release|x86
		{24E67869-332E-4C4F-89B1-5D578F678536}.AppStore|x86.Build.0 = Release|x86
		{24E67869-332E-4C4F-89B1-5D578F678536}.AppStore|x86.Deploy.0 = Release|x86
		{24E67869-332E-4C4F-89B1-5D578F678536}.Debug|Any CPU.ActiveCfg = Debug|Any CPU
		{24E67869-332E-4C4F-89B1-5D578F678536}.Debug|Any CPU.Build.0 = Debug|Any CPU
		{24E67869-332E-4C4F-89B1-5D578F678536}.Debug|Any CPU.Deploy.0 = Debug|Any CPU
		{24E67869-332E-4C4F-89B1-5D578F678536}.Debug|ARM.ActiveCfg = Debug|ARM
		{24E67869-332E-4C4F-89B1-5D578F678536}.Debug|ARM.Build.0 = Debug|ARM
		{24E67869-332E-4C4F-89B1-5D578F678536}.Debug|ARM.Deploy.0 = Debug|ARM
		{24E67869-332E-4C4F-89B1-5D578F678536}.Debug|iPhone.ActiveCfg = Debug|Any CPU
		{24E67869-332E-4C4F-89B1-5D578F678536}.Debug|iPhone.Build.0 = Debug|Any CPU
		{24E67869-332E-4C4F-89B1-5D578F678536}.Debug|iPhone.Deploy.0 = Debug|Any CPU
		{24E67869-332E-4C4F-89B1-5D578F678536}.Debug|iPhoneSimulator.ActiveCfg = Debug|Any CPU
		{24E67869-332E-4C4F-89B1-5D578F678536}.Debug|iPhoneSimulator.Build.0 = Debug|Any CPU
		{24E67869-332E-4C4F-89B1-5D578F678536}.Debug|iPhoneSimulator.Deploy.0 = Debug|Any CPU
		{24E67869-332E-4C4F-89B1-5D578F678536}.Debug|Mixed Platforms.ActiveCfg = Debug|x86
		{24E67869-332E-4C4F-89B1-5D578F678536}.Debug|Mixed Platforms.Build.0 = Debug|x86
		{24E67869-332E-4C4F-89B1-5D578F678536}.Debug|Mixed Platforms.Deploy.0 = Debug|x86
		{24E67869-332E-4C4F-89B1-5D578F678536}.Debug|x86.ActiveCfg = Debug|x86
		{24E67869-332E-4C4F-89B1-5D578F678536}.Debug|x86.Build.0 = Debug|x86
		{24E67869-332E-4C4F-89B1-5D578F678536}.Debug|x86.Deploy.0 = Debug|x86
		{24E67869-332E-4C4F-89B1-5D578F678536}.Release|Any CPU.ActiveCfg = Release|Any CPU
		{24E67869-332E-4C4F-89B1-5D578F678536}.Release|Any CPU.Build.0 = Release|Any CPU
		{24E67869-332E-4C4F-89B1-5D578F678536}.Release|Any CPU.Deploy.0 = Release|Any CPU
		{24E67869-332E-4C4F-89B1-5D578F678536}.Release|ARM.ActiveCfg = Release|ARM
		{24E67869-332E-4C4F-89B1-5D578F678536}.Release|ARM.Build.0 = Release|ARM
		{24E67869-332E-4C4F-89B1-5D578F678536}.Release|ARM.Deploy.0 = Release|ARM
		{24E67869-332E-4C4F-89B1-5D578F678536}.Release|iPhone.ActiveCfg = Release|Any CPU
		{24E67869-332E-4C4F-89B1-5D578F678536}.Release|iPhone.Build.0 = Release|Any CPU
		{24E67869-332E-4C4F-89B1-5D578F678536}.Release|iPhone.Deploy.0 = Release|Any CPU
		{24E67869-332E-4C4F-89B1-5D578F678536}.Release|iPhoneSimulator.ActiveCfg = Release|Any CPU
		{24E67869-332E-4C4F-89B1-5D578F678536}.Release|iPhoneSimulator.Build.0 = Release|Any CPU
		{24E67869-332E-4C4F-89B1-5D578F678536}.Release|iPhoneSimulator.Deploy.0 = Release|Any CPU
		{24E67869-332E-4C4F-89B1-5D578F678536}.Release|Mixed Platforms.ActiveCfg = Release|x86
		{24E67869-332E-4C4F-89B1-5D578F678536}.Release|Mixed Platforms.Build.0 = Release|x86
		{24E67869-332E-4C4F-89B1-5D578F678536}.Release|Mixed Platforms.Deploy.0 = Release|x86
		{24E67869-332E-4C4F-89B1-5D578F678536}.Release|x86.ActiveCfg = Release|x86
		{24E67869-332E-4C4F-89B1-5D578F678536}.Release|x86.Build.0 = Release|x86
		{24E67869-332E-4C4F-89B1-5D578F678536}.Release|x86.Deploy.0 = Release|x86
	EndGlobalSection
	GlobalSection(SolutionProperties) = preSolution
		HideSolutionNode = FALSE
	EndGlobalSection
EndGlobal
