
Microsoft Visual Studio Solution File, Format Version 12.00
# Visual Studio 2013
VisualStudioVersion = 12.0.30723.0
MinimumVisualStudioVersion = 10.0.40219.1
Project("{FAE04EC0-301F-11D3-BF4B-00C04F79EFBC}") = "DotMatrixClock", "DotMatrixClock\DotMatrixClock\DotMatrixClock.csproj", "{785B4667-EE25-4EAE-A0E9-E7EB3BE3B4D7}"
EndProject
Project("{FAE04EC0-301F-11D3-BF4B-00C04F79EFBC}") = "DotMatrixClock.iOS", "DotMatrixClock\DotMatrixClock.iOS\DotMatrixClock.iOS.csproj", "{E4C75E5D-086C-46EC-9101-DBAFE0DB7AEB}"
EndProject
Project("{FAE04EC0-301F-11D3-BF4B-00C04F79EFBC}") = "DotMatrixClock.Droid", "DotMatrixClock\DotMatrixClock.Droid\DotMatrixClock.Droid.csproj", "{E6DD6E5F-4FE6-406D-B605-79123B732C3A}"
EndProject
Project("{FAE04EC0-301F-11D3-BF4B-00C04F79EFBC}") = "DotMatrixClock.WinPhone", "DotMatrixClock\DotMatrixClock.WinPhone\DotMatrixClock.WinPhone.csproj", "{6B96CAD1-8931-4FC7-A8E3-F4421B050912}"
EndProject
Global
	GlobalSection(SolutionConfigurationPlatforms) = preSolution
		Ad-Hoc|Any CPU = Ad-Hoc|Any CPU
		Ad-Hoc|ARM = Ad-Hoc|ARM
		Ad-Hoc|iPhone = Ad-Hoc|iPhone
		Ad-Hoc|iPhoneSimulator = Ad-Hoc|iPhoneSimulator
		Ad-Hoc|Mixed Platforms = Ad-Hoc|Mixed Platforms
		Ad-Hoc|x86 = Ad-Hoc|x86
		AppStore|Any CPU = AppStore|Any CPU
		AppStore|ARM = AppStore|ARM
		AppStore|iPhone = AppStore|iPhone
		AppStore|iPhoneSimulator = AppStore|iPhoneSimulator
		AppStore|Mixed Platforms = AppStore|Mixed Platforms
		AppStore|x86 = AppStore|x86
		Debug|Any CPU = Debug|Any CPU
		Debug|ARM = Debug|ARM
		Debug|iPhone = Debug|iPhone
		Debug|iPhoneSimulator = Debug|iPhoneSimulator
		Debug|Mixed Platforms = Debug|Mixed Platforms
		Debug|x86 = Debug|x86
		Release|Any CPU = Release|Any CPU
		Release|ARM = Release|ARM
		Release|iPhone = Release|iPhone
		Release|iPhoneSimulator = Release|iPhoneSimulator
		Release|Mixed Platforms = Release|Mixed Platforms
		Release|x86 = Release|x86
	EndGlobalSection
	GlobalSection(ProjectConfigurationPlatforms) = postSolution
		{785B4667-EE25-4EAE-A0E9-E7EB3BE3B4D7}.Ad-Hoc|Any CPU.ActiveCfg = Release|Any CPU
		{785B4667-EE25-4EAE-A0E9-E7EB3BE3B4D7}.Ad-Hoc|Any CPU.Build.0 = Release|Any CPU
		{785B4667-EE25-4EAE-A0E9-E7EB3BE3B4D7}.Ad-Hoc|ARM.ActiveCfg = Release|Any CPU
		{785B4667-EE25-4EAE-A0E9-E7EB3BE3B4D7}.Ad-Hoc|iPhone.ActiveCfg = Release|Any CPU
		{785B4667-EE25-4EAE-A0E9-E7EB3BE3B4D7}.Ad-Hoc|iPhoneSimulator.ActiveCfg = Release|Any CPU
		{785B4667-EE25-4EAE-A0E9-E7EB3BE3B4D7}.Ad-Hoc|Mixed Platforms.ActiveCfg = Release|Any CPU
		{785B4667-EE25-4EAE-A0E9-E7EB3BE3B4D7}.Ad-Hoc|Mixed Platforms.Build.0 = Release|Any CPU
		{785B4667-EE25-4EAE-A0E9-E7EB3BE3B4D7}.Ad-Hoc|x86.ActiveCfg = Release|Any CPU
		{785B4667-EE25-4EAE-A0E9-E7EB3BE3B4D7}.AppStore|Any CPU.ActiveCfg = Release|Any CPU
		{785B4667-EE25-4EAE-A0E9-E7EB3BE3B4D7}.AppStore|Any CPU.Build.0 = Release|Any CPU
		{785B4667-EE25-4EAE-A0E9-E7EB3BE3B4D7}.AppStore|ARM.ActiveCfg = Release|Any CPU
		{785B4667-EE25-4EAE-A0E9-E7EB3BE3B4D7}.AppStore|iPhone.ActiveCfg = Release|Any CPU
		{785B4667-EE25-4EAE-A0E9-E7EB3BE3B4D7}.AppStore|iPhoneSimulator.ActiveCfg = Release|Any CPU
		{785B4667-EE25-4EAE-A0E9-E7EB3BE3B4D7}.AppStore|Mixed Platforms.ActiveCfg = Release|Any CPU
		{785B4667-EE25-4EAE-A0E9-E7EB3BE3B4D7}.AppStore|Mixed Platforms.Build.0 = Release|Any CPU
		{785B4667-EE25-4EAE-A0E9-E7EB3BE3B4D7}.AppStore|x86.ActiveCfg = Release|Any CPU
		{785B4667-EE25-4EAE-A0E9-E7EB3BE3B4D7}.Debug|Any CPU.ActiveCfg = Debug|Any CPU
		{785B4667-EE25-4EAE-A0E9-E7EB3BE3B4D7}.Debug|Any CPU.Build.0 = Debug|Any CPU
		{785B4667-EE25-4EAE-A0E9-E7EB3BE3B4D7}.Debug|ARM.ActiveCfg = Debug|Any CPU
		{785B4667-EE25-4EAE-A0E9-E7EB3BE3B4D7}.Debug|iPhone.ActiveCfg = Debug|Any CPU
		{785B4667-EE25-4EAE-A0E9-E7EB3BE3B4D7}.Debug|iPhone.Build.0 = Debug|Any CPU
		{785B4667-EE25-4EAE-A0E9-E7EB3BE3B4D7}.Debug|iPhoneSimulator.ActiveCfg = Debug|Any CPU
		{785B4667-EE25-4EAE-A0E9-E7EB3BE3B4D7}.Debug|iPhoneSimulator.Build.0 = Debug|Any CPU
		{785B4667-EE25-4EAE-A0E9-E7EB3BE3B4D7}.Debug|Mixed Platforms.ActiveCfg = Debug|Any CPU
		{785B4667-EE25-4EAE-A0E9-E7EB3BE3B4D7}.Debug|Mixed Platforms.Build.0 = Debug|Any CPU
		{785B4667-EE25-4EAE-A0E9-E7EB3BE3B4D7}.Debug|x86.ActiveCfg = Debug|Any CPU
		{785B4667-EE25-4EAE-A0E9-E7EB3BE3B4D7}.Release|Any CPU.ActiveCfg = Release|Any CPU
		{785B4667-EE25-4EAE-A0E9-E7EB3BE3B4D7}.Release|Any CPU.Build.0 = Release|Any CPU
		{785B4667-EE25-4EAE-A0E9-E7EB3BE3B4D7}.Release|ARM.ActiveCfg = Release|Any CPU
		{785B4667-EE25-4EAE-A0E9-E7EB3BE3B4D7}.Release|iPhone.ActiveCfg = Release|Any CPU
		{785B4667-EE25-4EAE-A0E9-E7EB3BE3B4D7}.Release|iPhone.Build.0 = Release|Any CPU
		{785B4667-EE25-4EAE-A0E9-E7EB3BE3B4D7}.Release|iPhoneSimulator.ActiveCfg = Release|Any CPU
		{785B4667-EE25-4EAE-A0E9-E7EB3BE3B4D7}.Release|iPhoneSimulator.Build.0 = Release|Any CPU
		{785B4667-EE25-4EAE-A0E9-E7EB3BE3B4D7}.Release|Mixed Platforms.ActiveCfg = Release|Any CPU
		{785B4667-EE25-4EAE-A0E9-E7EB3BE3B4D7}.Release|Mixed Platforms.Build.0 = Release|Any CPU
		{785B4667-EE25-4EAE-A0E9-E7EB3BE3B4D7}.Release|x86.ActiveCfg = Release|Any CPU
		{E4C75E5D-086C-46EC-9101-DBAFE0DB7AEB}.Ad-Hoc|Any CPU.ActiveCfg = Ad-Hoc|iPhone
		{E4C75E5D-086C-46EC-9101-DBAFE0DB7AEB}.Ad-Hoc|ARM.ActiveCfg = Ad-Hoc|iPhone
		{E4C75E5D-086C-46EC-9101-DBAFE0DB7AEB}.Ad-Hoc|iPhone.ActiveCfg = Ad-Hoc|iPhone
		{E4C75E5D-086C-46EC-9101-DBAFE0DB7AEB}.Ad-Hoc|iPhone.Build.0 = Ad-Hoc|iPhone
		{E4C75E5D-086C-46EC-9101-DBAFE0DB7AEB}.Ad-Hoc|iPhoneSimulator.ActiveCfg = Ad-Hoc|iPhoneSimulator
		{E4C75E5D-086C-46EC-9101-DBAFE0DB7AEB}.Ad-Hoc|iPhoneSimulator.Build.0 = Ad-Hoc|iPhoneSimulator
		{E4C75E5D-086C-46EC-9101-DBAFE0DB7AEB}.Ad-Hoc|Mixed Platforms.ActiveCfg = Ad-Hoc|iPhone
		{E4C75E5D-086C-46EC-9101-DBAFE0DB7AEB}.Ad-Hoc|Mixed Platforms.Build.0 = Ad-Hoc|iPhone
		{E4C75E5D-086C-46EC-9101-DBAFE0DB7AEB}.Ad-Hoc|x86.ActiveCfg = Ad-Hoc|iPhone
		{E4C75E5D-086C-46EC-9101-DBAFE0DB7AEB}.AppStore|Any CPU.ActiveCfg = AppStore|iPhone
		{E4C75E5D-086C-46EC-9101-DBAFE0DB7AEB}.AppStore|ARM.ActiveCfg = AppStore|iPhone
		{E4C75E5D-086C-46EC-9101-DBAFE0DB7AEB}.AppStore|iPhone.ActiveCfg = AppStore|iPhone
		{E4C75E5D-086C-46EC-9101-DBAFE0DB7AEB}.AppStore|iPhone.Build.0 = AppStore|iPhone
		{E4C75E5D-086C-46EC-9101-DBAFE0DB7AEB}.AppStore|iPhoneSimulator.ActiveCfg = AppStore|iPhoneSimulator
		{E4C75E5D-086C-46EC-9101-DBAFE0DB7AEB}.AppStore|iPhoneSimulator.Build.0 = AppStore|iPhoneSimulator
		{E4C75E5D-086C-46EC-9101-DBAFE0DB7AEB}.AppStore|Mixed Platforms.ActiveCfg = AppStore|iPhone
		{E4C75E5D-086C-46EC-9101-DBAFE0DB7AEB}.AppStore|Mixed Platforms.Build.0 = AppStore|iPhone
		{E4C75E5D-086C-46EC-9101-DBAFE0DB7AEB}.AppStore|x86.ActiveCfg = AppStore|iPhone
		{E4C75E5D-086C-46EC-9101-DBAFE0DB7AEB}.Debug|Any CPU.ActiveCfg = Debug|iPhoneSimulator
		{E4C75E5D-086C-46EC-9101-DBAFE0DB7AEB}.Debug|Any CPU.Build.0 = Debug|iPhoneSimulator
		{E4C75E5D-086C-46EC-9101-DBAFE0DB7AEB}.Debug|ARM.ActiveCfg = Debug|iPhone
		{E4C75E5D-086C-46EC-9101-DBAFE0DB7AEB}.Debug|iPhone.ActiveCfg = Debug|iPhone
		{E4C75E5D-086C-46EC-9101-DBAFE0DB7AEB}.Debug|iPhone.Build.0 = Debug|iPhone
		{E4C75E5D-086C-46EC-9101-DBAFE0DB7AEB}.Debug|iPhoneSimulator.ActiveCfg = Debug|iPhoneSimulator
		{E4C75E5D-086C-46EC-9101-DBAFE0DB7AEB}.Debug|iPhoneSimulator.Build.0 = Debug|iPhoneSimulator
		{E4C75E5D-086C-46EC-9101-DBAFE0DB7AEB}.Debug|Mixed Platforms.ActiveCfg = Debug|iPhone
		{E4C75E5D-086C-46EC-9101-DBAFE0DB7AEB}.Debug|Mixed Platforms.Build.0 = Debug|iPhone
		{E4C75E5D-086C-46EC-9101-DBAFE0DB7AEB}.Debug|x86.ActiveCfg = Debug|iPhone
		{E4C75E5D-086C-46EC-9101-DBAFE0DB7AEB}.Release|Any CPU.ActiveCfg = Release|iPhoneSimulator
		{E4C75E5D-086C-46EC-9101-DBAFE0DB7AEB}.Release|Any CPU.Build.0 = Release|iPhoneSimulator
		{E4C75E5D-086C-46EC-9101-DBAFE0DB7AEB}.Release|ARM.ActiveCfg = Release|iPhone
		{E4C75E5D-086C-46EC-9101-DBAFE0DB7AEB}.Release|iPhone.ActiveCfg = Release|iPhone
		{E4C75E5D-086C-46EC-9101-DBAFE0DB7AEB}.Release|iPhone.Build.0 = Release|iPhone
		{E4C75E5D-086C-46EC-9101-DBAFE0DB7AEB}.Release|iPhoneSimulator.ActiveCfg = Release|iPhoneSimulator
		{E4C75E5D-086C-46EC-9101-DBAFE0DB7AEB}.Release|iPhoneSimulator.Build.0 = Release|iPhoneSimulator
		{E4C75E5D-086C-46EC-9101-DBAFE0DB7AEB}.Release|Mixed Platforms.ActiveCfg = Release|iPhone
		{E4C75E5D-086C-46EC-9101-DBAFE0DB7AEB}.Release|Mixed Platforms.Build.0 = Release|iPhone
		{E4C75E5D-086C-46EC-9101-DBAFE0DB7AEB}.Release|x86.ActiveCfg = Release|iPhone
		{E6DD6E5F-4FE6-406D-B605-79123B732C3A}.Ad-Hoc|Any CPU.ActiveCfg = Release|Any CPU
		{E6DD6E5F-4FE6-406D-B605-79123B732C3A}.Ad-Hoc|Any CPU.Build.0 = Release|Any CPU
		{E6DD6E5F-4FE6-406D-B605-79123B732C3A}.Ad-Hoc|Any CPU.Deploy.0 = Release|Any CPU
		{E6DD6E5F-4FE6-406D-B605-79123B732C3A}.Ad-Hoc|ARM.ActiveCfg = Release|Any CPU
		{E6DD6E5F-4FE6-406D-B605-79123B732C3A}.Ad-Hoc|iPhone.ActiveCfg = Release|Any CPU
		{E6DD6E5F-4FE6-406D-B605-79123B732C3A}.Ad-Hoc|iPhoneSimulator.ActiveCfg = Release|Any CPU
		{E6DD6E5F-4FE6-406D-B605-79123B732C3A}.Ad-Hoc|Mixed Platforms.ActiveCfg = Release|Any CPU
		{E6DD6E5F-4FE6-406D-B605-79123B732C3A}.Ad-Hoc|Mixed Platforms.Build.0 = Release|Any CPU
		{E6DD6E5F-4FE6-406D-B605-79123B732C3A}.Ad-Hoc|Mixed Platforms.Deploy.0 = Release|Any CPU
		{E6DD6E5F-4FE6-406D-B605-79123B732C3A}.Ad-Hoc|x86.ActiveCfg = Release|Any CPU
		{E6DD6E5F-4FE6-406D-B605-79123B732C3A}.AppStore|Any CPU.ActiveCfg = Release|Any CPU
		{E6DD6E5F-4FE6-406D-B605-79123B732C3A}.AppStore|Any CPU.Build.0 = Release|Any CPU
		{E6DD6E5F-4FE6-406D-B605-79123B732C3A}.AppStore|Any CPU.Deploy.0 = Release|Any CPU
		{E6DD6E5F-4FE6-406D-B605-79123B732C3A}.AppStore|ARM.ActiveCfg = Release|Any CPU
		{E6DD6E5F-4FE6-406D-B605-79123B732C3A}.AppStore|iPhone.ActiveCfg = Release|Any CPU
		{E6DD6E5F-4FE6-406D-B605-79123B732C3A}.AppStore|iPhoneSimulator.ActiveCfg = Release|Any CPU
		{E6DD6E5F-4FE6-406D-B605-79123B732C3A}.AppStore|Mixed Platforms.ActiveCfg = Release|Any CPU
		{E6DD6E5F-4FE6-406D-B605-79123B732C3A}.AppStore|Mixed Platforms.Build.0 = Release|Any CPU
		{E6DD6E5F-4FE6-406D-B605-79123B732C3A}.AppStore|Mixed Platforms.Deploy.0 = Release|Any CPU
		{E6DD6E5F-4FE6-406D-B605-79123B732C3A}.AppStore|x86.ActiveCfg = Release|Any CPU
		{E6DD6E5F-4FE6-406D-B605-79123B732C3A}.Debug|Any CPU.ActiveCfg = Debug|Any CPU
		{E6DD6E5F-4FE6-406D-B605-79123B732C3A}.Debug|Any CPU.Build.0 = Debug|Any CPU
		{E6DD6E5F-4FE6-406D-B605-79123B732C3A}.Debug|Any CPU.Deploy.0 = Debug|Any CPU
		{E6DD6E5F-4FE6-406D-B605-79123B732C3A}.Debug|ARM.ActiveCfg = Debug|Any CPU
		{E6DD6E5F-4FE6-406D-B605-79123B732C3A}.Debug|iPhone.ActiveCfg = Debug|Any CPU
		{E6DD6E5F-4FE6-406D-B605-79123B732C3A}.Debug|iPhone.Build.0 = Debug|Any CPU
		{E6DD6E5F-4FE6-406D-B605-79123B732C3A}.Debug|iPhone.Deploy.0 = Debug|Any CPU
		{E6DD6E5F-4FE6-406D-B605-79123B732C3A}.Debug|iPhoneSimulator.ActiveCfg = Debug|Any CPU
		{E6DD6E5F-4FE6-406D-B605-79123B732C3A}.Debug|iPhoneSimulator.Build.0 = Debug|Any CPU
		{E6DD6E5F-4FE6-406D-B605-79123B732C3A}.Debug|iPhoneSimulator.Deploy.0 = Debug|Any CPU
		{E6DD6E5F-4FE6-406D-B605-79123B732C3A}.Debug|Mixed Platforms.ActiveCfg = Debug|Any CPU
		{E6DD6E5F-4FE6-406D-B605-79123B732C3A}.Debug|Mixed Platforms.Build.0 = Debug|Any CPU
		{E6DD6E5F-4FE6-406D-B605-79123B732C3A}.Debug|Mixed Platforms.Deploy.0 = Debug|Any CPU
		{E6DD6E5F-4FE6-406D-B605-79123B732C3A}.Debug|x86.ActiveCfg = Debug|Any CPU
		{E6DD6E5F-4FE6-406D-B605-79123B732C3A}.Release|Any CPU.ActiveCfg = Release|Any CPU
		{E6DD6E5F-4FE6-406D-B605-79123B732C3A}.Release|Any CPU.Build.0 = Release|Any CPU
		{E6DD6E5F-4FE6-406D-B605-79123B732C3A}.Release|Any CPU.Deploy.0 = Release|Any CPU
		{E6DD6E5F-4FE6-406D-B605-79123B732C3A}.Release|ARM.ActiveCfg = Release|Any CPU
		{E6DD6E5F-4FE6-406D-B605-79123B732C3A}.Release|iPhone.ActiveCfg = Release|Any CPU
		{E6DD6E5F-4FE6-406D-B605-79123B732C3A}.Release|iPhone.Build.0 = Release|Any CPU
		{E6DD6E5F-4FE6-406D-B605-79123B732C3A}.Release|iPhone.Deploy.0 = Release|Any CPU
		{E6DD6E5F-4FE6-406D-B605-79123B732C3A}.Release|iPhoneSimulator.ActiveCfg = Release|Any CPU
		{E6DD6E5F-4FE6-406D-B605-79123B732C3A}.Release|iPhoneSimulator.Build.0 = Release|Any CPU
		{E6DD6E5F-4FE6-406D-B605-79123B732C3A}.Release|iPhoneSimulator.Deploy.0 = Release|Any CPU
		{E6DD6E5F-4FE6-406D-B605-79123B732C3A}.Release|Mixed Platforms.ActiveCfg = Release|Any CPU
		{E6DD6E5F-4FE6-406D-B605-79123B732C3A}.Release|Mixed Platforms.Build.0 = Release|Any CPU
		{E6DD6E5F-4FE6-406D-B605-79123B732C3A}.Release|Mixed Platforms.Deploy.0 = Release|Any CPU
		{E6DD6E5F-4FE6-406D-B605-79123B732C3A}.Release|x86.ActiveCfg = Release|Any CPU
		{6B96CAD1-8931-4FC7-A8E3-F4421B050912}.Ad-Hoc|Any CPU.ActiveCfg = Release|Any CPU
		{6B96CAD1-8931-4FC7-A8E3-F4421B050912}.Ad-Hoc|Any CPU.Build.0 = Release|Any CPU
		{6B96CAD1-8931-4FC7-A8E3-F4421B050912}.Ad-Hoc|Any CPU.Deploy.0 = Release|Any CPU
		{6B96CAD1-8931-4FC7-A8E3-F4421B050912}.Ad-Hoc|ARM.ActiveCfg = Release|ARM
		{6B96CAD1-8931-4FC7-A8E3-F4421B050912}.Ad-Hoc|ARM.Build.0 = Release|ARM
		{6B96CAD1-8931-4FC7-A8E3-F4421B050912}.Ad-Hoc|ARM.Deploy.0 = Release|ARM
		{6B96CAD1-8931-4FC7-A8E3-F4421B050912}.Ad-Hoc|iPhone.ActiveCfg = Release|Any CPU
		{6B96CAD1-8931-4FC7-A8E3-F4421B050912}.Ad-Hoc|iPhoneSimulator.ActiveCfg = Release|Any CPU
		{6B96CAD1-8931-4FC7-A8E3-F4421B050912}.Ad-Hoc|Mixed Platforms.ActiveCfg = Release|x86
		{6B96CAD1-8931-4FC7-A8E3-F4421B050912}.Ad-Hoc|Mixed Platforms.Build.0 = Release|x86
		{6B96CAD1-8931-4FC7-A8E3-F4421B050912}.Ad-Hoc|Mixed Platforms.Deploy.0 = Release|x86
		{6B96CAD1-8931-4FC7-A8E3-F4421B050912}.Ad-Hoc|x86.ActiveCfg = Release|x86
		{6B96CAD1-8931-4FC7-A8E3-F4421B050912}.Ad-Hoc|x86.Build.0 = Release|x86
		{6B96CAD1-8931-4FC7-A8E3-F4421B050912}.Ad-Hoc|x86.Deploy.0 = Release|x86
		{6B96CAD1-8931-4FC7-A8E3-F4421B050912}.AppStore|Any CPU.ActiveCfg = Release|Any CPU
		{6B96CAD1-8931-4FC7-A8E3-F4421B050912}.AppStore|Any CPU.Build.0 = Release|Any CPU
		{6B96CAD1-8931-4FC7-A8E3-F4421B050912}.AppStore|Any CPU.Deploy.0 = Release|Any CPU
		{6B96CAD1-8931-4FC7-A8E3-F4421B050912}.AppStore|ARM.ActiveCfg = Release|ARM
		{6B96CAD1-8931-4FC7-A8E3-F4421B050912}.AppStore|ARM.Build.0 = Release|ARM
		{6B96CAD1-8931-4FC7-A8E3-F4421B050912}.AppStore|ARM.Deploy.0 = Release|ARM
		{6B96CAD1-8931-4FC7-A8E3-F4421B050912}.AppStore|iPhone.ActiveCfg = Release|Any CPU
		{6B96CAD1-8931-4FC7-A8E3-F4421B050912}.AppStore|iPhoneSimulator.ActiveCfg = Release|Any CPU
		{6B96CAD1-8931-4FC7-A8E3-F4421B050912}.AppStore|Mixed Platforms.ActiveCfg = Release|x86
		{6B96CAD1-8931-4FC7-A8E3-F4421B050912}.AppStore|Mixed Platforms.Build.0 = Release|x86
		{6B96CAD1-8931-4FC7-A8E3-F4421B050912}.AppStore|Mixed Platforms.Deploy.0 = Release|x86
		{6B96CAD1-8931-4FC7-A8E3-F4421B050912}.AppStore|x86.ActiveCfg = Release|x86
		{6B96CAD1-8931-4FC7-A8E3-F4421B050912}.AppStore|x86.Build.0 = Release|x86
		{6B96CAD1-8931-4FC7-A8E3-F4421B050912}.AppStore|x86.Deploy.0 = Release|x86
		{6B96CAD1-8931-4FC7-A8E3-F4421B050912}.Debug|Any CPU.ActiveCfg = Debug|Any CPU
		{6B96CAD1-8931-4FC7-A8E3-F4421B050912}.Debug|Any CPU.Build.0 = Debug|Any CPU
		{6B96CAD1-8931-4FC7-A8E3-F4421B050912}.Debug|Any CPU.Deploy.0 = Debug|Any CPU
		{6B96CAD1-8931-4FC7-A8E3-F4421B050912}.Debug|ARM.ActiveCfg = Debug|ARM
		{6B96CAD1-8931-4FC7-A8E3-F4421B050912}.Debug|ARM.Build.0 = Debug|ARM
		{6B96CAD1-8931-4FC7-A8E3-F4421B050912}.Debug|ARM.Deploy.0 = Debug|ARM
		{6B96CAD1-8931-4FC7-A8E3-F4421B050912}.Debug|iPhone.ActiveCfg = Debug|Any CPU
		{6B96CAD1-8931-4FC7-A8E3-F4421B050912}.Debug|iPhone.Build.0 = Debug|Any CPU
		{6B96CAD1-8931-4FC7-A8E3-F4421B050912}.Debug|iPhone.Deploy.0 = Debug|Any CPU
		{6B96CAD1-8931-4FC7-A8E3-F4421B050912}.Debug|iPhoneSimulator.ActiveCfg = Debug|Any CPU
		{6B96CAD1-8931-4FC7-A8E3-F4421B050912}.Debug|iPhoneSimulator.Build.0 = Debug|Any CPU
		{6B96CAD1-8931-4FC7-A8E3-F4421B050912}.Debug|iPhoneSimulator.Deploy.0 = Debug|Any CPU
		{6B96CAD1-8931-4FC7-A8E3-F4421B050912}.Debug|Mixed Platforms.ActiveCfg = Debug|x86
		{6B96CAD1-8931-4FC7-A8E3-F4421B050912}.Debug|Mixed Platforms.Build.0 = Debug|x86
		{6B96CAD1-8931-4FC7-A8E3-F4421B050912}.Debug|Mixed Platforms.Deploy.0 = Debug|x86
		{6B96CAD1-8931-4FC7-A8E3-F4421B050912}.Debug|x86.ActiveCfg = Debug|x86
		{6B96CAD1-8931-4FC7-A8E3-F4421B050912}.Debug|x86.Build.0 = Debug|x86
		{6B96CAD1-8931-4FC7-A8E3-F4421B050912}.Debug|x86.Deploy.0 = Debug|x86
		{6B96CAD1-8931-4FC7-A8E3-F4421B050912}.Release|Any CPU.ActiveCfg = Release|Any CPU
		{6B96CAD1-8931-4FC7-A8E3-F4421B050912}.Release|Any CPU.Build.0 = Release|Any CPU
		{6B96CAD1-8931-4FC7-A8E3-F4421B050912}.Release|Any CPU.Deploy.0 = Release|Any CPU
		{6B96CAD1-8931-4FC7-A8E3-F4421B050912}.Release|ARM.ActiveCfg = Release|ARM
		{6B96CAD1-8931-4FC7-A8E3-F4421B050912}.Release|ARM.Build.0 = Release|ARM
		{6B96CAD1-8931-4FC7-A8E3-F4421B050912}.Release|ARM.Deploy.0 = Release|ARM
		{6B96CAD1-8931-4FC7-A8E3-F4421B050912}.Release|iPhone.ActiveCfg = Release|Any CPU
		{6B96CAD1-8931-4FC7-A8E3-F4421B050912}.Release|iPhone.Build.0 = Release|Any CPU
		{6B96CAD1-8931-4FC7-A8E3-F4421B050912}.Release|iPhone.Deploy.0 = Release|Any CPU
		{6B96CAD1-8931-4FC7-A8E3-F4421B050912}.Release|iPhoneSimulator.ActiveCfg = Release|Any CPU
		{6B96CAD1-8931-4FC7-A8E3-F4421B050912}.Release|iPhoneSimulator.Build.0 = Release|Any CPU
		{6B96CAD1-8931-4FC7-A8E3-F4421B050912}.Release|iPhoneSimulator.Deploy.0 = Release|Any CPU
		{6B96CAD1-8931-4FC7-A8E3-F4421B050912}.Release|Mixed Platforms.ActiveCfg = Release|x86
		{6B96CAD1-8931-4FC7-A8E3-F4421B050912}.Release|Mixed Platforms.Build.0 = Release|x86
		{6B96CAD1-8931-4FC7-A8E3-F4421B050912}.Release|Mixed Platforms.Deploy.0 = Release|x86
		{6B96CAD1-8931-4FC7-A8E3-F4421B050912}.Release|x86.ActiveCfg = Release|x86
		{6B96CAD1-8931-4FC7-A8E3-F4421B050912}.Release|x86.Build.0 = Release|x86
		{6B96CAD1-8931-4FC7-A8E3-F4421B050912}.Release|x86.Deploy.0 = Release|x86
	EndGlobalSection
	GlobalSection(SolutionProperties) = preSolution
		HideSolutionNode = FALSE
	EndGlobalSection
EndGlobal
