
Microsoft Visual Studio Solution File, Format Version 12.00
# Visual Studio 2013
VisualStudioVersion = 12.0.30723.0
MinimumVisualStudioVersion = 10.0.40219.1
Project("{FAE04EC0-301F-11D3-BF4B-00C04F79EFBC}") = "FakeFlag", "FakeFlag\FakeFlag\FakeFlag.csproj", "{F3528480-E388-4964-9321-1A36DB8E41ED}"
EndProject
Project("{FAE04EC0-301F-11D3-BF4B-00C04F79EFBC}") = "FakeFlag.iOS", "FakeFlag\FakeFlag.iOS\FakeFlag.iOS.csproj", "{62B1B021-C4CC-4E99-97D1-452DF34A1D35}"
EndProject
Project("{FAE04EC0-301F-11D3-BF4B-00C04F79EFBC}") = "FakeFlag.Droid", "FakeFlag\FakeFlag.Droid\FakeFlag.Droid.csproj", "{DE593808-9EC3-421A-A50A-8B0D94DF9D9C}"
EndProject
Project("{FAE04EC0-301F-11D3-BF4B-00C04F79EFBC}") = "FakeFlag.WinPhone", "FakeFlag\FakeFlag.WinPhone\FakeFlag.WinPhone.csproj", "{7A0637D2-A571-4B72-B927-888E234CED16}"
EndProject
Global
	GlobalSection(SolutionConfigurationPlatforms) = preSolution
		Ad-Hoc|Any CPU = Ad-Hoc|Any CPU
		Ad-Hoc|ARM = Ad-Hoc|ARM
		Ad-Hoc|iPhone = Ad-Hoc|iPhone
		Ad-Hoc|iPhoneSimulator = Ad-Hoc|iPhoneSimulator
		Ad-Hoc|Mixed Platforms = Ad-Hoc|Mixed Platforms
		Ad-Hoc|x86 = Ad-Hoc|x86
		AppStore|Any CPU = AppStore|Any CPU
		AppStore|ARM = AppStore|ARM
		AppStore|iPhone = AppStore|iPhone
		AppStore|iPhoneSimulator = AppStore|iPhoneSimulator
		AppStore|Mixed Platforms = AppStore|Mixed Platforms
		AppStore|x86 = AppStore|x86
		Debug|Any CPU = Debug|Any CPU
		Debug|ARM = Debug|ARM
		Debug|iPhone = Debug|iPhone
		Debug|iPhoneSimulator = Debug|iPhoneSimulator
		Debug|Mixed Platforms = Debug|Mixed Platforms
		Debug|x86 = Debug|x86
		Release|Any CPU = Release|Any CPU
		Release|ARM = Release|ARM
		Release|iPhone = Release|iPhone
		Release|iPhoneSimulator = Release|iPhoneSimulator
		Release|Mixed Platforms = Release|Mixed Platforms
		Release|x86 = Release|x86
	EndGlobalSection
	GlobalSection(ProjectConfigurationPlatforms) = postSolution
		{F3528480-E388-4964-9321-1A36DB8E41ED}.Ad-Hoc|Any CPU.ActiveCfg = Release|Any CPU
		{F3528480-E388-4964-9321-1A36DB8E41ED}.Ad-Hoc|Any CPU.Build.0 = Release|Any CPU
		{F3528480-E388-4964-9321-1A36DB8E41ED}.Ad-Hoc|ARM.ActiveCfg = Release|Any CPU
		{F3528480-E388-4964-9321-1A36DB8E41ED}.Ad-Hoc|iPhone.ActiveCfg = Release|Any CPU
		{F3528480-E388-4964-9321-1A36DB8E41ED}.Ad-Hoc|iPhoneSimulator.ActiveCfg = Release|Any CPU
		{F3528480-E388-4964-9321-1A36DB8E41ED}.Ad-Hoc|Mixed Platforms.ActiveCfg = Release|Any CPU
		{F3528480-E388-4964-9321-1A36DB8E41ED}.Ad-Hoc|Mixed Platforms.Build.0 = Release|Any CPU
		{F3528480-E388-4964-9321-1A36DB8E41ED}.Ad-Hoc|x86.ActiveCfg = Release|Any CPU
		{F3528480-E388-4964-9321-1A36DB8E41ED}.AppStore|Any CPU.ActiveCfg = Release|Any CPU
		{F3528480-E388-4964-9321-1A36DB8E41ED}.AppStore|Any CPU.Build.0 = Release|Any CPU
		{F3528480-E388-4964-9321-1A36DB8E41ED}.AppStore|ARM.ActiveCfg = Release|Any CPU
		{F3528480-E388-4964-9321-1A36DB8E41ED}.AppStore|iPhone.ActiveCfg = Release|Any CPU
		{F3528480-E388-4964-9321-1A36DB8E41ED}.AppStore|iPhoneSimulator.ActiveCfg = Release|Any CPU
		{F3528480-E388-4964-9321-1A36DB8E41ED}.AppStore|Mixed Platforms.ActiveCfg = Release|Any CPU
		{F3528480-E388-4964-9321-1A36DB8E41ED}.AppStore|Mixed Platforms.Build.0 = Release|Any CPU
		{F3528480-E388-4964-9321-1A36DB8E41ED}.AppStore|x86.ActiveCfg = Release|Any CPU
		{F3528480-E388-4964-9321-1A36DB8E41ED}.Debug|Any CPU.ActiveCfg = Debug|Any CPU
		{F3528480-E388-4964-9321-1A36DB8E41ED}.Debug|Any CPU.Build.0 = Debug|Any CPU
		{F3528480-E388-4964-9321-1A36DB8E41ED}.Debug|ARM.ActiveCfg = Debug|Any CPU
		{F3528480-E388-4964-9321-1A36DB8E41ED}.Debug|iPhone.ActiveCfg = Debug|Any CPU
		{F3528480-E388-4964-9321-1A36DB8E41ED}.Debug|iPhone.Build.0 = Debug|Any CPU
		{F3528480-E388-4964-9321-1A36DB8E41ED}.Debug|iPhoneSimulator.ActiveCfg = Debug|Any CPU
		{F3528480-E388-4964-9321-1A36DB8E41ED}.Debug|iPhoneSimulator.Build.0 = Debug|Any CPU
		{F3528480-E388-4964-9321-1A36DB8E41ED}.Debug|Mixed Platforms.ActiveCfg = Debug|Any CPU
		{F3528480-E388-4964-9321-1A36DB8E41ED}.Debug|Mixed Platforms.Build.0 = Debug|Any CPU
		{F3528480-E388-4964-9321-1A36DB8E41ED}.Debug|x86.ActiveCfg = Debug|Any CPU
		{F3528480-E388-4964-9321-1A36DB8E41ED}.Release|Any CPU.ActiveCfg = Release|Any CPU
		{F3528480-E388-4964-9321-1A36DB8E41ED}.Release|Any CPU.Build.0 = Release|Any CPU
		{F3528480-E388-4964-9321-1A36DB8E41ED}.Release|ARM.ActiveCfg = Release|Any CPU
		{F3528480-E388-4964-9321-1A36DB8E41ED}.Release|iPhone.ActiveCfg = Release|Any CPU
		{F3528480-E388-4964-9321-1A36DB8E41ED}.Release|iPhone.Build.0 = Release|Any CPU
		{F3528480-E388-4964-9321-1A36DB8E41ED}.Release|iPhoneSimulator.ActiveCfg = Release|Any CPU
		{F3528480-E388-4964-9321-1A36DB8E41ED}.Release|iPhoneSimulator.Build.0 = Release|Any CPU
		{F3528480-E388-4964-9321-1A36DB8E41ED}.Release|Mixed Platforms.ActiveCfg = Release|Any CPU
		{F3528480-E388-4964-9321-1A36DB8E41ED}.Release|Mixed Platforms.Build.0 = Release|Any CPU
		{F3528480-E388-4964-9321-1A36DB8E41ED}.Release|x86.ActiveCfg = Release|Any CPU
		{62B1B021-C4CC-4E99-97D1-452DF34A1D35}.Ad-Hoc|Any CPU.ActiveCfg = Ad-Hoc|iPhone
		{62B1B021-C4CC-4E99-97D1-452DF34A1D35}.Ad-Hoc|ARM.ActiveCfg = Ad-Hoc|iPhone
		{62B1B021-C4CC-4E99-97D1-452DF34A1D35}.Ad-Hoc|iPhone.ActiveCfg = Ad-Hoc|iPhone
		{62B1B021-C4CC-4E99-97D1-452DF34A1D35}.Ad-Hoc|iPhone.Build.0 = Ad-Hoc|iPhone
		{62B1B021-C4CC-4E99-97D1-452DF34A1D35}.Ad-Hoc|iPhoneSimulator.ActiveCfg = Ad-Hoc|iPhoneSimulator
		{62B1B021-C4CC-4E99-97D1-452DF34A1D35}.Ad-Hoc|iPhoneSimulator.Build.0 = Ad-Hoc|iPhoneSimulator
		{62B1B021-C4CC-4E99-97D1-452DF34A1D35}.Ad-Hoc|Mixed Platforms.ActiveCfg = Ad-Hoc|iPhone
		{62B1B021-C4CC-4E99-97D1-452DF34A1D35}.Ad-Hoc|Mixed Platforms.Build.0 = Ad-Hoc|iPhone
		{62B1B021-C4CC-4E99-97D1-452DF34A1D35}.Ad-Hoc|x86.ActiveCfg = Ad-Hoc|iPhone
		{62B1B021-C4CC-4E99-97D1-452DF34A1D35}.AppStore|Any CPU.ActiveCfg = AppStore|iPhone
		{62B1B021-C4CC-4E99-97D1-452DF34A1D35}.AppStore|ARM.ActiveCfg = AppStore|iPhone
		{62B1B021-C4CC-4E99-97D1-452DF34A1D35}.AppStore|iPhone.ActiveCfg = AppStore|iPhone
		{62B1B021-C4CC-4E99-97D1-452DF34A1D35}.AppStore|iPhone.Build.0 = AppStore|iPhone
		{62B1B021-C4CC-4E99-97D1-452DF34A1D35}.AppStore|iPhoneSimulator.ActiveCfg = AppStore|iPhoneSimulator
		{62B1B021-C4CC-4E99-97D1-452DF34A1D35}.AppStore|iPhoneSimulator.Build.0 = AppStore|iPhoneSimulator
		{62B1B021-C4CC-4E99-97D1-452DF34A1D35}.AppStore|Mixed Platforms.ActiveCfg = AppStore|iPhone
		{62B1B021-C4CC-4E99-97D1-452DF34A1D35}.AppStore|Mixed Platforms.Build.0 = AppStore|iPhone
		{62B1B021-C4CC-4E99-97D1-452DF34A1D35}.AppStore|x86.ActiveCfg = AppStore|iPhone
		{62B1B021-C4CC-4E99-97D1-452DF34A1D35}.Debug|Any CPU.ActiveCfg = Debug|iPhone
		{62B1B021-C4CC-4E99-97D1-452DF34A1D35}.Debug|ARM.ActiveCfg = Debug|iPhone
		{62B1B021-C4CC-4E99-97D1-452DF34A1D35}.Debug|iPhone.ActiveCfg = Debug|iPhone
		{62B1B021-C4CC-4E99-97D1-452DF34A1D35}.Debug|iPhone.Build.0 = Debug|iPhone
		{62B1B021-C4CC-4E99-97D1-452DF34A1D35}.Debug|iPhoneSimulator.ActiveCfg = Debug|iPhoneSimulator
		{62B1B021-C4CC-4E99-97D1-452DF34A1D35}.Debug|iPhoneSimulator.Build.0 = Debug|iPhoneSimulator
		{62B1B021-C4CC-4E99-97D1-452DF34A1D35}.Debug|Mixed Platforms.ActiveCfg = Debug|iPhone
		{62B1B021-C4CC-4E99-97D1-452DF34A1D35}.Debug|Mixed Platforms.Build.0 = Debug|iPhone
		{62B1B021-C4CC-4E99-97D1-452DF34A1D35}.Debug|x86.ActiveCfg = Debug|iPhone
		{62B1B021-C4CC-4E99-97D1-452DF34A1D35}.Release|Any CPU.ActiveCfg = Release|iPhone
		{62B1B021-C4CC-4E99-97D1-452DF34A1D35}.Release|ARM.ActiveCfg = Release|iPhone
		{62B1B021-C4CC-4E99-97D1-452DF34A1D35}.Release|iPhone.ActiveCfg = Release|iPhone
		{62B1B021-C4CC-4E99-97D1-452DF34A1D35}.Release|iPhone.Build.0 = Release|iPhone
		{62B1B021-C4CC-4E99-97D1-452DF34A1D35}.Release|iPhoneSimulator.ActiveCfg = Release|iPhoneSimulator
		{62B1B021-C4CC-4E99-97D1-452DF34A1D35}.Release|iPhoneSimulator.Build.0 = Release|iPhoneSimulator
		{62B1B021-C4CC-4E99-97D1-452DF34A1D35}.Release|Mixed Platforms.ActiveCfg = Release|iPhone
		{62B1B021-C4CC-4E99-97D1-452DF34A1D35}.Release|Mixed Platforms.Build.0 = Release|iPhone
		{62B1B021-C4CC-4E99-97D1-452DF34A1D35}.Release|x86.ActiveCfg = Release|iPhone
		{DE593808-9EC3-421A-A50A-8B0D94DF9D9C}.Ad-Hoc|Any CPU.ActiveCfg = Release|Any CPU
		{DE593808-9EC3-421A-A50A-8B0D94DF9D9C}.Ad-Hoc|Any CPU.Build.0 = Release|Any CPU
		{DE593808-9EC3-421A-A50A-8B0D94DF9D9C}.Ad-Hoc|Any CPU.Deploy.0 = Release|Any CPU
		{DE593808-9EC3-421A-A50A-8B0D94DF9D9C}.Ad-Hoc|ARM.ActiveCfg = Release|Any CPU
		{DE593808-9EC3-421A-A50A-8B0D94DF9D9C}.Ad-Hoc|iPhone.ActiveCfg = Release|Any CPU
		{DE593808-9EC3-421A-A50A-8B0D94DF9D9C}.Ad-Hoc|iPhoneSimulator.ActiveCfg = Release|Any CPU
		{DE593808-9EC3-421A-A50A-8B0D94DF9D9C}.Ad-Hoc|Mixed Platforms.ActiveCfg = Release|Any CPU
		{DE593808-9EC3-421A-A50A-8B0D94DF9D9C}.Ad-Hoc|Mixed Platforms.Build.0 = Release|Any CPU
		{DE593808-9EC3-421A-A50A-8B0D94DF9D9C}.Ad-Hoc|Mixed Platforms.Deploy.0 = Release|Any CPU
		{DE593808-9EC3-421A-A50A-8B0D94DF9D9C}.Ad-Hoc|x86.ActiveCfg = Release|Any CPU
		{DE593808-9EC3-421A-A50A-8B0D94DF9D9C}.AppStore|Any CPU.ActiveCfg = Release|Any CPU
		{DE593808-9EC3-421A-A50A-8B0D94DF9D9C}.AppStore|Any CPU.Build.0 = Release|Any CPU
		{DE593808-9EC3-421A-A50A-8B0D94DF9D9C}.AppStore|Any CPU.Deploy.0 = Release|Any CPU
		{DE593808-9EC3-421A-A50A-8B0D94DF9D9C}.AppStore|ARM.ActiveCfg = Release|Any CPU
		{DE593808-9EC3-421A-A50A-8B0D94DF9D9C}.AppStore|iPhone.ActiveCfg = Release|Any CPU
		{DE593808-9EC3-421A-A50A-8B0D94DF9D9C}.AppStore|iPhoneSimulator.ActiveCfg = Release|Any CPU
		{DE593808-9EC3-421A-A50A-8B0D94DF9D9C}.AppStore|Mixed Platforms.ActiveCfg = Release|Any CPU
		{DE593808-9EC3-421A-A50A-8B0D94DF9D9C}.AppStore|Mixed Platforms.Build.0 = Release|Any CPU
		{DE593808-9EC3-421A-A50A-8B0D94DF9D9C}.AppStore|Mixed Platforms.Deploy.0 = Release|Any CPU
		{DE593808-9EC3-421A-A50A-8B0D94DF9D9C}.AppStore|x86.ActiveCfg = Release|Any CPU
		{DE593808-9EC3-421A-A50A-8B0D94DF9D9C}.Debug|Any CPU.ActiveCfg = Debug|Any CPU
		{DE593808-9EC3-421A-A50A-8B0D94DF9D9C}.Debug|Any CPU.Build.0 = Debug|Any CPU
		{DE593808-9EC3-421A-A50A-8B0D94DF9D9C}.Debug|Any CPU.Deploy.0 = Debug|Any CPU
		{DE593808-9EC3-421A-A50A-8B0D94DF9D9C}.Debug|ARM.ActiveCfg = Debug|Any CPU
		{DE593808-9EC3-421A-A50A-8B0D94DF9D9C}.Debug|iPhone.ActiveCfg = Debug|Any CPU
		{DE593808-9EC3-421A-A50A-8B0D94DF9D9C}.Debug|iPhoneSimulator.ActiveCfg = Debug|Any CPU
		{DE593808-9EC3-421A-A50A-8B0D94DF9D9C}.Debug|Mixed Platforms.ActiveCfg = Debug|Any CPU
		{DE593808-9EC3-421A-A50A-8B0D94DF9D9C}.Debug|Mixed Platforms.Build.0 = Debug|Any CPU
		{DE593808-9EC3-421A-A50A-8B0D94DF9D9C}.Debug|Mixed Platforms.Deploy.0 = Debug|Any CPU
		{DE593808-9EC3-421A-A50A-8B0D94DF9D9C}.Debug|x86.ActiveCfg = Debug|Any CPU
		{DE593808-9EC3-421A-A50A-8B0D94DF9D9C}.Release|Any CPU.ActiveCfg = Release|Any CPU
		{DE593808-9EC3-421A-A50A-8B0D94DF9D9C}.Release|Any CPU.Build.0 = Release|Any CPU
		{DE593808-9EC3-421A-A50A-8B0D94DF9D9C}.Release|Any CPU.Deploy.0 = Release|Any CPU
		{DE593808-9EC3-421A-A50A-8B0D94DF9D9C}.Release|ARM.ActiveCfg = Release|Any CPU
		{DE593808-9EC3-421A-A50A-8B0D94DF9D9C}.Release|iPhone.ActiveCfg = Release|Any CPU
		{DE593808-9EC3-421A-A50A-8B0D94DF9D9C}.Release|iPhoneSimulator.ActiveCfg = Release|Any CPU
		{DE593808-9EC3-421A-A50A-8B0D94DF9D9C}.Release|Mixed Platforms.ActiveCfg = Release|Any CPU
		{DE593808-9EC3-421A-A50A-8B0D94DF9D9C}.Release|Mixed Platforms.Build.0 = Release|Any CPU
		{DE593808-9EC3-421A-A50A-8B0D94DF9D9C}.Release|Mixed Platforms.Deploy.0 = Release|Any CPU
		{DE593808-9EC3-421A-A50A-8B0D94DF9D9C}.Release|x86.ActiveCfg = Release|Any CPU
		{7A0637D2-A571-4B72-B927-888E234CED16}.Ad-Hoc|Any CPU.ActiveCfg = Release|Any CPU
		{7A0637D2-A571-4B72-B927-888E234CED16}.Ad-Hoc|Any CPU.Build.0 = Release|Any CPU
		{7A0637D2-A571-4B72-B927-888E234CED16}.Ad-Hoc|Any CPU.Deploy.0 = Release|Any CPU
		{7A0637D2-A571-4B72-B927-888E234CED16}.Ad-Hoc|ARM.ActiveCfg = Release|ARM
		{7A0637D2-A571-4B72-B927-888E234CED16}.Ad-Hoc|ARM.Build.0 = Release|ARM
		{7A0637D2-A571-4B72-B927-888E234CED16}.Ad-Hoc|ARM.Deploy.0 = Release|ARM
		{7A0637D2-A571-4B72-B927-888E234CED16}.Ad-Hoc|iPhone.ActiveCfg = Release|Any CPU
		{7A0637D2-A571-4B72-B927-888E234CED16}.Ad-Hoc|iPhoneSimulator.ActiveCfg = Release|Any CPU
		{7A0637D2-A571-4B72-B927-888E234CED16}.Ad-Hoc|Mixed Platforms.ActiveCfg = Release|x86
		{7A0637D2-A571-4B72-B927-888E234CED16}.Ad-Hoc|Mixed Platforms.Build.0 = Release|x86
		{7A0637D2-A571-4B72-B927-888E234CED16}.Ad-Hoc|Mixed Platforms.Deploy.0 = Release|x86
		{7A0637D2-A571-4B72-B927-888E234CED16}.Ad-Hoc|x86.ActiveCfg = Release|x86
		{7A0637D2-A571-4B72-B927-888E234CED16}.Ad-Hoc|x86.Build.0 = Release|x86
		{7A0637D2-A571-4B72-B927-888E234CED16}.Ad-Hoc|x86.Deploy.0 = Release|x86
		{7A0637D2-A571-4B72-B927-888E234CED16}.AppStore|Any CPU.ActiveCfg = Release|Any CPU
		{7A0637D2-A571-4B72-B927-888E234CED16}.AppStore|Any CPU.Build.0 = Release|Any CPU
		{7A0637D2-A571-4B72-B927-888E234CED16}.AppStore|Any CPU.Deploy.0 = Release|Any CPU
		{7A0637D2-A571-4B72-B927-888E234CED16}.AppStore|ARM.ActiveCfg = Release|ARM
		{7A0637D2-A571-4B72-B927-888E234CED16}.AppStore|ARM.Build.0 = Release|ARM
		{7A0637D2-A571-4B72-B927-888E234CED16}.AppStore|ARM.Deploy.0 = Release|ARM
		{7A0637D2-A571-4B72-B927-888E234CED16}.AppStore|iPhone.ActiveCfg = Release|Any CPU
		{7A0637D2-A571-4B72-B927-888E234CED16}.AppStore|iPhoneSimulator.ActiveCfg = Release|Any CPU
		{7A0637D2-A571-4B72-B927-888E234CED16}.AppStore|Mixed Platforms.ActiveCfg = Release|x86
		{7A0637D2-A571-4B72-B927-888E234CED16}.AppStore|Mixed Platforms.Build.0 = Release|x86
		{7A0637D2-A571-4B72-B927-888E234CED16}.AppStore|Mixed Platforms.Deploy.0 = Release|x86
		{7A0637D2-A571-4B72-B927-888E234CED16}.AppStore|x86.ActiveCfg = Release|x86
		{7A0637D2-A571-4B72-B927-888E234CED16}.AppStore|x86.Build.0 = Release|x86
		{7A0637D2-A571-4B72-B927-888E234CED16}.AppStore|x86.Deploy.0 = Release|x86
		{7A0637D2-A571-4B72-B927-888E234CED16}.Debug|Any CPU.ActiveCfg = Debug|Any CPU
		{7A0637D2-A571-4B72-B927-888E234CED16}.Debug|Any CPU.Build.0 = Debug|Any CPU
		{7A0637D2-A571-4B72-B927-888E234CED16}.Debug|Any CPU.Deploy.0 = Debug|Any CPU
		{7A0637D2-A571-4B72-B927-888E234CED16}.Debug|ARM.ActiveCfg = Debug|ARM
		{7A0637D2-A571-4B72-B927-888E234CED16}.Debug|ARM.Build.0 = Debug|ARM
		{7A0637D2-A571-4B72-B927-888E234CED16}.Debug|ARM.Deploy.0 = Debug|ARM
		{7A0637D2-A571-4B72-B927-888E234CED16}.Debug|iPhone.ActiveCfg = Debug|Any CPU
		{7A0637D2-A571-4B72-B927-888E234CED16}.Debug|iPhoneSimulator.ActiveCfg = Debug|Any CPU
		{7A0637D2-A571-4B72-B927-888E234CED16}.Debug|Mixed Platforms.ActiveCfg = Debug|x86
		{7A0637D2-A571-4B72-B927-888E234CED16}.Debug|Mixed Platforms.Build.0 = Debug|x86
		{7A0637D2-A571-4B72-B927-888E234CED16}.Debug|Mixed Platforms.Deploy.0 = Debug|x86
		{7A0637D2-A571-4B72-B927-888E234CED16}.Debug|x86.ActiveCfg = Debug|x86
		{7A0637D2-A571-4B72-B927-888E234CED16}.Debug|x86.Build.0 = Debug|x86
		{7A0637D2-A571-4B72-B927-888E234CED16}.Debug|x86.Deploy.0 = Debug|x86
		{7A0637D2-A571-4B72-B927-888E234CED16}.Release|Any CPU.ActiveCfg = Release|Any CPU
		{7A0637D2-A571-4B72-B927-888E234CED16}.Release|Any CPU.Build.0 = Release|Any CPU
		{7A0637D2-A571-4B72-B927-888E234CED16}.Release|Any CPU.Deploy.0 = Release|Any CPU
		{7A0637D2-A571-4B72-B927-888E234CED16}.Release|ARM.ActiveCfg = Release|ARM
		{7A0637D2-A571-4B72-B927-888E234CED16}.Release|ARM.Build.0 = Release|ARM
		{7A0637D2-A571-4B72-B927-888E234CED16}.Release|ARM.Deploy.0 = Release|ARM
		{7A0637D2-A571-4B72-B927-888E234CED16}.Release|iPhone.ActiveCfg = Release|Any CPU
		{7A0637D2-A571-4B72-B927-888E234CED16}.Release|iPhoneSimulator.ActiveCfg = Release|Any CPU
		{7A0637D2-A571-4B72-B927-888E234CED16}.Release|Mixed Platforms.ActiveCfg = Release|x86
		{7A0637D2-A571-4B72-B927-888E234CED16}.Release|Mixed Platforms.Build.0 = Release|x86
		{7A0637D2-A571-4B72-B927-888E234CED16}.Release|Mixed Platforms.Deploy.0 = Release|x86
		{7A0637D2-A571-4B72-B927-888E234CED16}.Release|x86.ActiveCfg = Release|x86
		{7A0637D2-A571-4B72-B927-888E234CED16}.Release|x86.Build.0 = Release|x86
		{7A0637D2-A571-4B72-B927-888E234CED16}.Release|x86.Deploy.0 = Release|x86
	EndGlobalSection
	GlobalSection(SolutionProperties) = preSolution
		HideSolutionNode = FALSE
	EndGlobalSection
EndGlobal
